
Microsoft Visual Studio Solution File, Format Version 12.00
# Visual Studio Version 17
VisualStudioVersion = 17.0.31903.59
MinimumVisualStudioVersion = 10.0.40219.1
Project("{9A19103F-16F7-4668-BE54-9A1E7A4F7556}") = "Senparc.Weixin.Sample.MP", "Senparc.Weixin.Sample.MP\Senparc.Weixin.Sample.MP.csproj", "{99EEB8CC-FE5E-4A1D-80C2-9A0C1FA757BD}"
EndProject
Global
	GlobalSection(SharedMSBuildProjectFiles) = preSolution
		..\Shared\Senparc.Weixin.Sample.Shared\Senparc.Weixin.Sample.Shared.projitems*{99eeb8cc-fe5e-4a1d-80c2-9a0c1fa757bd}*SharedItemsImports = 5
	EndGlobalSection
	GlobalSection(SolutionConfigurationPlatforms) = preSolution
		Debug|Any CPU = Debug|Any CPU
		Release|Any CPU = Release|Any CPU
	EndGlobalSection
	GlobalSection(ProjectConfigurationPlatforms) = postSolution
		{99EEB8CC-FE5E-4A1D-80C2-9A0C1FA757BD}.Debug|Any CPU.ActiveCfg = Debug|Any CPU
		{99EEB8CC-FE5E-4A1D-80C2-9A0C1FA757BD}.Debug|Any CPU.Build.0 = Debug|Any CPU
		{99EEB8CC-FE5E-4A1D-80C2-9A0C1FA757BD}.Release|Any CPU.ActiveCfg = Release|Any CPU
		{99EEB8CC-FE5E-4A1D-80C2-9A0C1FA757BD}.Release|Any CPU.Build.0 = Release|Any CPU
	EndGlobalSection
	GlobalSection(SolutionProperties) = preSolution
		HideSolutionNode = FALSE
	EndGlobalSection
	GlobalSection(ExtensibilityGlobals) = postSolution
		SolutionGuid = {34AD62B8-CE7D-43AB-82FD-C46CBB2A6E76}
	EndGlobalSection
EndGlobal
