
Microsoft Visual Studio Solution File, Format Version 12.00
# Visual Studio 2013
VisualStudioVersion = 12.0.21005.1
MinimumVisualStudioVersion = 10.0.40219.1
Project("{FAE04EC0-301F-11D3-BF4B-00C04F79EFBC}") = "Senparc.Weixin.Work", "Senparc.Weixin.Work\Senparc.Weixin.Work.csproj", "{CC0EBEC4-7120-4627-A596-C1F2958F3D5E}"
EndProject
Project("{FAE04EC0-301F-11D3-BF4B-00C04F79EFBC}") = "Senparc.Weixin.Work.Test", "Senparc.Weixin.Work.Test\Senparc.Weixin.Work.Test.csproj", "{D18608FC-F6A9-4D40-A5D4-BDDA3B1D300E}"
EndProject
Project("{FAE04EC0-301F-11D3-BF4B-00C04F79EFBC}") = "Senparc.Weixin", "..\Senparc.Weixin\Senparc.Weixin\Senparc.Weixin.csproj", "{814092CD-9CD0-4FB7-91E8-D147F476F1FB}"
EndProject
Project("{FAE04EC0-301F-11D3-BF4B-00C04F79EFBC}") = "Senparc.Weixin.Cache.Redis", "..\Senparc.Weixin.Cache\Senparc.Weixin.Cache.Redis\Senparc.Weixin.Cache.Redis.csproj", "{51AC27B4-11AE-4F59-B82A-0BB3AFA5F62B}"
EndProject
Global
	GlobalSection(SolutionConfigurationPlatforms) = preSolution
		Debug|Any CPU = Debug|Any CPU
		Debug|x86 = Debug|x86
		Release|Any CPU = Release|Any CPU
		Release|x86 = Release|x86
		Test|Any CPU = Test|Any CPU
		Test|x86 = Test|x86
	EndGlobalSection
	GlobalSection(ProjectConfigurationPlatforms) = postSolution
		{CC0EBEC4-7120-4627-A596-C1F2958F3D5E}.Debug|Any CPU.ActiveCfg = Debug|Any CPU
		{CC0EBEC4-7120-4627-A596-C1F2958F3D5E}.Debug|Any CPU.Build.0 = Debug|Any CPU
		{CC0EBEC4-7120-4627-A596-C1F2958F3D5E}.Debug|x86.ActiveCfg = Debug|x86
		{CC0EBEC4-7120-4627-A596-C1F2958F3D5E}.Debug|x86.Build.0 = Debug|x86
		{CC0EBEC4-7120-4627-A596-C1F2958F3D5E}.Release|Any CPU.ActiveCfg = Release|Any CPU
		{CC0EBEC4-7120-4627-A596-C1F2958F3D5E}.Release|Any CPU.Build.0 = Release|Any CPU
		{CC0EBEC4-7120-4627-A596-C1F2958F3D5E}.Release|x86.ActiveCfg = Release|x86
		{CC0EBEC4-7120-4627-A596-C1F2958F3D5E}.Release|x86.Build.0 = Release|x86
		{CC0EBEC4-7120-4627-A596-C1F2958F3D5E}.Test|Any CPU.ActiveCfg = Test|Any CPU
		{CC0EBEC4-7120-4627-A596-C1F2958F3D5E}.Test|Any CPU.Build.0 = Test|Any CPU
		{CC0EBEC4-7120-4627-A596-C1F2958F3D5E}.Test|x86.ActiveCfg = Test|x86
		{CC0EBEC4-7120-4627-A596-C1F2958F3D5E}.Test|x86.Build.0 = Test|x86
		{D18608FC-F6A9-4D40-A5D4-BDDA3B1D300E}.Debug|Any CPU.ActiveCfg = Debug|Any CPU
		{D18608FC-F6A9-4D40-A5D4-BDDA3B1D300E}.Debug|x86.ActiveCfg = Debug|Any CPU
		{D18608FC-F6A9-4D40-A5D4-BDDA3B1D300E}.Debug|x86.Build.0 = Debug|Any CPU
		{D18608FC-F6A9-4D40-A5D4-BDDA3B1D300E}.Release|Any CPU.ActiveCfg = Release|Any CPU
		{D18608FC-F6A9-4D40-A5D4-BDDA3B1D300E}.Release|Any CPU.Build.0 = Release|Any CPU
		{D18608FC-F6A9-4D40-A5D4-BDDA3B1D300E}.Release|x86.ActiveCfg = Release|Any CPU
		{D18608FC-F6A9-4D40-A5D4-BDDA3B1D300E}.Release|x86.Build.0 = Release|Any CPU
		{D18608FC-F6A9-4D40-A5D4-BDDA3B1D300E}.Test|Any CPU.ActiveCfg = Test|Any CPU
		{D18608FC-F6A9-4D40-A5D4-BDDA3B1D300E}.Test|Any CPU.Build.0 = Test|Any CPU
		{D18608FC-F6A9-4D40-A5D4-BDDA3B1D300E}.Test|x86.ActiveCfg = Test|Any CPU
		{D18608FC-F6A9-4D40-A5D4-BDDA3B1D300E}.Test|x86.Build.0 = Test|Any CPU
		{814092CD-9CD0-4FB7-91E8-D147F476F1FB}.Debug|Any CPU.ActiveCfg = Debug|Any CPU
		{814092CD-9CD0-4FB7-91E8-D147F476F1FB}.Debug|Any CPU.Build.0 = Debug|Any CPU
		{814092CD-9CD0-4FB7-91E8-D147F476F1FB}.Debug|x86.ActiveCfg = Debug|x86
		{814092CD-9CD0-4FB7-91E8-D147F476F1FB}.Debug|x86.Build.0 = Debug|x86
		{814092CD-9CD0-4FB7-91E8-D147F476F1FB}.Release|Any CPU.ActiveCfg = Release|Any CPU
		{814092CD-9CD0-4FB7-91E8-D147F476F1FB}.Release|Any CPU.Build.0 = Release|Any CPU
		{814092CD-9CD0-4FB7-91E8-D147F476F1FB}.Release|x86.ActiveCfg = Release|x86
		{814092CD-9CD0-4FB7-91E8-D147F476F1FB}.Release|x86.Build.0 = Release|x86
		{814092CD-9CD0-4FB7-91E8-D147F476F1FB}.Test|Any CPU.ActiveCfg = Test|Any CPU
		{814092CD-9CD0-4FB7-91E8-D147F476F1FB}.Test|Any CPU.Build.0 = Test|Any CPU
		{814092CD-9CD0-4FB7-91E8-D147F476F1FB}.Test|x86.ActiveCfg = Test|x86
		{814092CD-9CD0-4FB7-91E8-D147F476F1FB}.Test|x86.Build.0 = Test|x86
		{51AC27B4-11AE-4F59-B82A-0BB3AFA5F62B}.Debug|Any CPU.ActiveCfg = Debug|Any CPU
		{51AC27B4-11AE-4F59-B82A-0BB3AFA5F62B}.Debug|Any CPU.Build.0 = Debug|Any CPU
		{51AC27B4-11AE-4F59-B82A-0BB3AFA5F62B}.Debug|x86.ActiveCfg = Debug|x86
		{51AC27B4-11AE-4F59-B82A-0BB3AFA5F62B}.Debug|x86.Build.0 = Debug|x86
		{51AC27B4-11AE-4F59-B82A-0BB3AFA5F62B}.Release|Any CPU.ActiveCfg = Release|Any CPU
		{51AC27B4-11AE-4F59-B82A-0BB3AFA5F62B}.Release|Any CPU.Build.0 = Release|Any CPU
		{51AC27B4-11AE-4F59-B82A-0BB3AFA5F62B}.Release|x86.ActiveCfg = Release|x86
		{51AC27B4-11AE-4F59-B82A-0BB3AFA5F62B}.Release|x86.Build.0 = Release|x86
		{51AC27B4-11AE-4F59-B82A-0BB3AFA5F62B}.Test|Any CPU.ActiveCfg = Release|Any CPU
		{51AC27B4-11AE-4F59-B82A-0BB3AFA5F62B}.Test|Any CPU.Build.0 = Release|Any CPU
		{51AC27B4-11AE-4F59-B82A-0BB3AFA5F62B}.Test|x86.ActiveCfg = Release|x86
		{51AC27B4-11AE-4F59-B82A-0BB3AFA5F62B}.Test|x86.Build.0 = Release|x86
	EndGlobalSection
	GlobalSection(SolutionProperties) = preSolution
		HideSolutionNode = FALSE
	EndGlobalSection
EndGlobal
