
Microsoft Visual Studio Solution File, Format Version 12.00
# Visual Studio 2012
Project("{FAE04EC0-301F-11D3-BF4B-00C04F79EFBC}") = "Senparc.Weixin.QY", "Senparc.Weixin.QY\Senparc.Weixin.QY.csproj", "{2CA35598-F1A1-4DC9-AA20-A4346BFCB954}"
EndProject
Project("{FAE04EC0-301F-11D3-BF4B-00C04F79EFBC}") = "Senparc.Weixin.QY.Test", "Senparc.Weixin.QY.Test\Senparc.Weixin.QY.Test.csproj", "{9D9E0AE5-47E4-4B48-8FC4-8F251E0590EB}"
EndProject
Project("{FAE04EC0-301F-11D3-BF4B-00C04F79EFBC}") = "Senparc.Weixin", "..\Senparc.Weixin\Senparc.Weixin\Senparc.Weixin.csproj", "{814092CD-9CD0-4FB7-91E8-D147F476F1FB}"
EndProject
Global
	GlobalSection(SolutionConfigurationPlatforms) = preSolution
		Debug|Any CPU = Debug|Any CPU
		Release|Any CPU = Release|Any CPU
	EndGlobalSection
	GlobalSection(ProjectConfigurationPlatforms) = postSolution
		{2CA35598-F1A1-4DC9-AA20-A4346BFCB954}.Debug|Any CPU.ActiveCfg = Debug|Any CPU
		{2CA35598-F1A1-4DC9-AA20-A4346BFCB954}.Debug|Any CPU.Build.0 = Debug|Any CPU
		{2CA35598-F1A1-4DC9-AA20-A4346BFCB954}.Release|Any CPU.ActiveCfg = Release|Any CPU
		{2CA35598-F1A1-4DC9-AA20-A4346BFCB954}.Release|Any CPU.Build.0 = Release|Any CPU
		{9D9E0AE5-47E4-4B48-8FC4-8F251E0590EB}.Debug|Any CPU.ActiveCfg = Debug|Any CPU
		{9D9E0AE5-47E4-4B48-8FC4-8F251E0590EB}.Debug|Any CPU.Build.0 = Debug|Any CPU
		{9D9E0AE5-47E4-4B48-8FC4-8F251E0590EB}.Release|Any CPU.ActiveCfg = Release|Any CPU
		{9D9E0AE5-47E4-4B48-8FC4-8F251E0590EB}.Release|Any CPU.Build.0 = Release|Any CPU
		{814092CD-9CD0-4FB7-91E8-D147F476F1FB}.Debug|Any CPU.ActiveCfg = Debug|Any CPU
		{814092CD-9CD0-4FB7-91E8-D147F476F1FB}.Debug|Any CPU.Build.0 = Debug|Any CPU
		{814092CD-9CD0-4FB7-91E8-D147F476F1FB}.Release|Any CPU.ActiveCfg = Release|Any CPU
		{814092CD-9CD0-4FB7-91E8-D147F476F1FB}.Release|Any CPU.Build.0 = Release|Any CPU
	EndGlobalSection
	GlobalSection(SolutionProperties) = preSolution
		HideSolutionNode = FALSE
	EndGlobalSection
EndGlobal
