
Microsoft Visual Studio Solution File, Format Version 12.00
# Visual Studio 15
VisualStudioVersion = 15.0.26730.10
MinimumVisualStudioVersion = 10.0.40219.1
Project("{FAE04EC0-301F-11D3-BF4B-00C04F79EFBC}") = "Senparc.Weixin.MP.Sample.WebForms", "Senparc.Weixin.MP.Sample.WebForms\Senparc.Weixin.MP.Sample.WebForms.csproj", "{F4913863-687B-44EF-B1A4-655C49A5BCB7}"
EndProject
Project("{FAE04EC0-301F-11D3-BF4B-00C04F79EFBC}") = "Senparc.Weixin.MP.Sample.CommonService", "..\..\Samples\Senparc.Weixin.MP.Sample\Senparc.Weixin.MP.Sample.CommonService\Senparc.Weixin.MP.Sample.CommonService.csproj", "{CCD291E9-16FA-4B53-B032-EBD3F659567B}"
EndProject
Project("{FAE04EC0-301F-11D3-BF4B-00C04F79EFBC}") = "Senparc.Weixin", "..\..\src\Senparc.Weixin\Senparc.Weixin\Senparc.Weixin.csproj", "{814092CD-9CD0-4FB7-91E8-D147F476F1FB}"
EndProject
Project("{FAE04EC0-301F-11D3-BF4B-00C04F79EFBC}") = "Senparc.Weixin.MP", "..\..\src\Senparc.Weixin.MP\Senparc.Weixin.MP\Senparc.Weixin.MP.csproj", "{1D815FBF-451C-4E23-939C-CB80172F445C}"
EndProject
Project("{FAE04EC0-301F-11D3-BF4B-00C04F79EFBC}") = "Senparc.Weixin.Cache.Redis", "..\..\src\Senparc.Weixin.Cache\Senparc.Weixin.Cache.Redis\Senparc.Weixin.Cache.Redis.csproj", "{51AC27B4-11AE-4F59-B82A-0BB3AFA5F62B}"
EndProject
Project("{FAE04EC0-301F-11D3-BF4B-00C04F79EFBC}") = "Senparc.Weixin.Cache.Memcached", "..\..\src\Senparc.Weixin.Cache\Senparc.Weixin.Cache.Memcached\Senparc.Weixin.Cache.Memcached.csproj", "{5B729497-5323-41D7-A104-0632119BEDDE}"
EndProject
Project("{FAE04EC0-301F-11D3-BF4B-00C04F79EFBC}") = "Senparc.Weixin.Open", "..\..\src\Senparc.Weixin.Open\Senparc.Weixin.Open\Senparc.Weixin.Open.csproj", "{54732C3D-B673-4BBF-B0C3-6432E3D6F522}"
EndProject
Project("{2150E333-8FDC-42A3-9474-1A3956D46DE8}") = "Libraries", "Libraries", "{4C3781FC-ED99-404A-BE86-158618E3A8B1}"
EndProject
Project("{2150E333-8FDC-42A3-9474-1A3956D46DE8}") = "CacheExtension", "CacheExtension", "{6CB868C1-37DD-4453-BE1E-E1B778E9376E}"
EndProject
Project("{FAE04EC0-301F-11D3-BF4B-00C04F79EFBC}") = "Senparc.Weixin.Work", "..\..\src\Senparc.Weixin.Work\Senparc.Weixin.Work\Senparc.Weixin.Work.csproj", "{CC0EBEC4-7120-4627-A596-C1F2958F3D5E}"
EndProject
Project("{FAE04EC0-301F-11D3-BF4B-00C04F79EFBC}") = "Senparc.Weixin.WxOpen", "..\..\src\Senparc.Weixin.WxOpen\src\Senparc.Weixin.WxOpen\Senparc.Weixin.WxOpen\Senparc.Weixin.WxOpen.csproj", "{379D8C97-4F96-45AF-9F91-6BD160514495}"
EndProject
Project("{FAE04EC0-301F-11D3-BF4B-00C04F79EFBC}") = "Senparc.WebSocket", "..\..\src\Senparc.WebSocket\src\Senparc.WebSocket\Senparc.WebSocket\Senparc.WebSocket.csproj", "{B745F5F5-9120-4D56-A86D-ED34EADB703C}"
EndProject
Global
	GlobalSection(SolutionConfigurationPlatforms) = preSolution
		Debug|Any CPU = Debug|Any CPU
		Debug|x86 = Debug|x86
		Release|Any CPU = Release|Any CPU
		Release|x86 = Release|x86
		Test|Any CPU = Test|Any CPU
		Test|x86 = Test|x86
	EndGlobalSection
	GlobalSection(ProjectConfigurationPlatforms) = postSolution
		{F4913863-687B-44EF-B1A4-655C49A5BCB7}.Debug|Any CPU.ActiveCfg = Debug|Any CPU
		{F4913863-687B-44EF-B1A4-655C49A5BCB7}.Debug|Any CPU.Build.0 = Debug|Any CPU
		{F4913863-687B-44EF-B1A4-655C49A5BCB7}.Debug|x86.ActiveCfg = Debug|Any CPU
		{F4913863-687B-44EF-B1A4-655C49A5BCB7}.Debug|x86.Build.0 = Debug|Any CPU
		{F4913863-687B-44EF-B1A4-655C49A5BCB7}.Release|Any CPU.ActiveCfg = Release|Any CPU
		{F4913863-687B-44EF-B1A4-655C49A5BCB7}.Release|Any CPU.Build.0 = Release|Any CPU
		{F4913863-687B-44EF-B1A4-655C49A5BCB7}.Release|x86.ActiveCfg = Release|Any CPU
		{F4913863-687B-44EF-B1A4-655C49A5BCB7}.Release|x86.Build.0 = Release|Any CPU
		{F4913863-687B-44EF-B1A4-655C49A5BCB7}.Test|Any CPU.ActiveCfg = Release|Any CPU
		{F4913863-687B-44EF-B1A4-655C49A5BCB7}.Test|Any CPU.Build.0 = Release|Any CPU
		{F4913863-687B-44EF-B1A4-655C49A5BCB7}.Test|x86.ActiveCfg = Release|Any CPU
		{F4913863-687B-44EF-B1A4-655C49A5BCB7}.Test|x86.Build.0 = Release|Any CPU
		{CCD291E9-16FA-4B53-B032-EBD3F659567B}.Debug|Any CPU.ActiveCfg = Debug|Any CPU
		{CCD291E9-16FA-4B53-B032-EBD3F659567B}.Debug|Any CPU.Build.0 = Debug|Any CPU
		{CCD291E9-16FA-4B53-B032-EBD3F659567B}.Debug|x86.ActiveCfg = Debug|x86
		{CCD291E9-16FA-4B53-B032-EBD3F659567B}.Debug|x86.Build.0 = Debug|x86
		{CCD291E9-16FA-4B53-B032-EBD3F659567B}.Release|Any CPU.ActiveCfg = Release|Any CPU
		{CCD291E9-16FA-4B53-B032-EBD3F659567B}.Release|Any CPU.Build.0 = Release|Any CPU
		{CCD291E9-16FA-4B53-B032-EBD3F659567B}.Release|x86.ActiveCfg = Release|x86
		{CCD291E9-16FA-4B53-B032-EBD3F659567B}.Release|x86.Build.0 = Release|x86
		{CCD291E9-16FA-4B53-B032-EBD3F659567B}.Test|Any CPU.ActiveCfg = Release|Any CPU
		{CCD291E9-16FA-4B53-B032-EBD3F659567B}.Test|Any CPU.Build.0 = Release|Any CPU
		{CCD291E9-16FA-4B53-B032-EBD3F659567B}.Test|x86.ActiveCfg = Release|x86
		{CCD291E9-16FA-4B53-B032-EBD3F659567B}.Test|x86.Build.0 = Release|x86
		{814092CD-9CD0-4FB7-91E8-D147F476F1FB}.Debug|Any CPU.ActiveCfg = Debug|Any CPU
		{814092CD-9CD0-4FB7-91E8-D147F476F1FB}.Debug|Any CPU.Build.0 = Debug|Any CPU
		{814092CD-9CD0-4FB7-91E8-D147F476F1FB}.Debug|x86.ActiveCfg = Debug|x86
		{814092CD-9CD0-4FB7-91E8-D147F476F1FB}.Debug|x86.Build.0 = Debug|x86
		{814092CD-9CD0-4FB7-91E8-D147F476F1FB}.Release|Any CPU.ActiveCfg = Release|Any CPU
		{814092CD-9CD0-4FB7-91E8-D147F476F1FB}.Release|Any CPU.Build.0 = Release|Any CPU
		{814092CD-9CD0-4FB7-91E8-D147F476F1FB}.Release|x86.ActiveCfg = Release|x86
		{814092CD-9CD0-4FB7-91E8-D147F476F1FB}.Release|x86.Build.0 = Release|x86
		{814092CD-9CD0-4FB7-91E8-D147F476F1FB}.Test|Any CPU.ActiveCfg = Test|Any CPU
		{814092CD-9CD0-4FB7-91E8-D147F476F1FB}.Test|Any CPU.Build.0 = Test|Any CPU
		{814092CD-9CD0-4FB7-91E8-D147F476F1FB}.Test|x86.ActiveCfg = Test|x86
		{814092CD-9CD0-4FB7-91E8-D147F476F1FB}.Test|x86.Build.0 = Test|x86
		{1D815FBF-451C-4E23-939C-CB80172F445C}.Debug|Any CPU.ActiveCfg = Debug|Any CPU
		{1D815FBF-451C-4E23-939C-CB80172F445C}.Debug|Any CPU.Build.0 = Debug|Any CPU
		{1D815FBF-451C-4E23-939C-CB80172F445C}.Debug|x86.ActiveCfg = Debug|x86
		{1D815FBF-451C-4E23-939C-CB80172F445C}.Debug|x86.Build.0 = Debug|x86
		{1D815FBF-451C-4E23-939C-CB80172F445C}.Release|Any CPU.ActiveCfg = Release|Any CPU
		{1D815FBF-451C-4E23-939C-CB80172F445C}.Release|Any CPU.Build.0 = Release|Any CPU
		{1D815FBF-451C-4E23-939C-CB80172F445C}.Release|x86.ActiveCfg = Release|x86
		{1D815FBF-451C-4E23-939C-CB80172F445C}.Release|x86.Build.0 = Release|x86
		{1D815FBF-451C-4E23-939C-CB80172F445C}.Test|Any CPU.ActiveCfg = Release|Any CPU
		{1D815FBF-451C-4E23-939C-CB80172F445C}.Test|Any CPU.Build.0 = Release|Any CPU
		{1D815FBF-451C-4E23-939C-CB80172F445C}.Test|x86.ActiveCfg = Release|x86
		{1D815FBF-451C-4E23-939C-CB80172F445C}.Test|x86.Build.0 = Release|x86
		{51AC27B4-11AE-4F59-B82A-0BB3AFA5F62B}.Debug|Any CPU.ActiveCfg = Debug|Any CPU
		{51AC27B4-11AE-4F59-B82A-0BB3AFA5F62B}.Debug|Any CPU.Build.0 = Debug|Any CPU
		{51AC27B4-11AE-4F59-B82A-0BB3AFA5F62B}.Debug|x86.ActiveCfg = Debug|x86
		{51AC27B4-11AE-4F59-B82A-0BB3AFA5F62B}.Debug|x86.Build.0 = Debug|x86
		{51AC27B4-11AE-4F59-B82A-0BB3AFA5F62B}.Release|Any CPU.ActiveCfg = Release|Any CPU
		{51AC27B4-11AE-4F59-B82A-0BB3AFA5F62B}.Release|Any CPU.Build.0 = Release|Any CPU
		{51AC27B4-11AE-4F59-B82A-0BB3AFA5F62B}.Release|x86.ActiveCfg = Release|x86
		{51AC27B4-11AE-4F59-B82A-0BB3AFA5F62B}.Release|x86.Build.0 = Release|x86
		{51AC27B4-11AE-4F59-B82A-0BB3AFA5F62B}.Test|Any CPU.ActiveCfg = Release|Any CPU
		{51AC27B4-11AE-4F59-B82A-0BB3AFA5F62B}.Test|Any CPU.Build.0 = Release|Any CPU
		{51AC27B4-11AE-4F59-B82A-0BB3AFA5F62B}.Test|x86.ActiveCfg = Release|x86
		{51AC27B4-11AE-4F59-B82A-0BB3AFA5F62B}.Test|x86.Build.0 = Release|x86
		{5B729497-5323-41D7-A104-0632119BEDDE}.Debug|Any CPU.ActiveCfg = Debug|Any CPU
		{5B729497-5323-41D7-A104-0632119BEDDE}.Debug|Any CPU.Build.0 = Debug|Any CPU
		{5B729497-5323-41D7-A104-0632119BEDDE}.Debug|x86.ActiveCfg = Debug|x86
		{5B729497-5323-41D7-A104-0632119BEDDE}.Debug|x86.Build.0 = Debug|x86
		{5B729497-5323-41D7-A104-0632119BEDDE}.Release|Any CPU.ActiveCfg = Release|Any CPU
		{5B729497-5323-41D7-A104-0632119BEDDE}.Release|Any CPU.Build.0 = Release|Any CPU
		{5B729497-5323-41D7-A104-0632119BEDDE}.Release|x86.ActiveCfg = Release|x86
		{5B729497-5323-41D7-A104-0632119BEDDE}.Release|x86.Build.0 = Release|x86
		{5B729497-5323-41D7-A104-0632119BEDDE}.Test|Any CPU.ActiveCfg = Release|Any CPU
		{5B729497-5323-41D7-A104-0632119BEDDE}.Test|Any CPU.Build.0 = Release|Any CPU
		{5B729497-5323-41D7-A104-0632119BEDDE}.Test|x86.ActiveCfg = Release|x86
		{5B729497-5323-41D7-A104-0632119BEDDE}.Test|x86.Build.0 = Release|x86
		{54732C3D-B673-4BBF-B0C3-6432E3D6F522}.Debug|Any CPU.ActiveCfg = Debug|Any CPU
		{54732C3D-B673-4BBF-B0C3-6432E3D6F522}.Debug|Any CPU.Build.0 = Debug|Any CPU
		{54732C3D-B673-4BBF-B0C3-6432E3D6F522}.Debug|x86.ActiveCfg = Debug|x86
		{54732C3D-B673-4BBF-B0C3-6432E3D6F522}.Debug|x86.Build.0 = Debug|x86
		{54732C3D-B673-4BBF-B0C3-6432E3D6F522}.Release|Any CPU.ActiveCfg = Release|Any CPU
		{54732C3D-B673-4BBF-B0C3-6432E3D6F522}.Release|Any CPU.Build.0 = Release|Any CPU
		{54732C3D-B673-4BBF-B0C3-6432E3D6F522}.Release|x86.ActiveCfg = Release|x86
		{54732C3D-B673-4BBF-B0C3-6432E3D6F522}.Release|x86.Build.0 = Release|x86
		{54732C3D-B673-4BBF-B0C3-6432E3D6F522}.Test|Any CPU.ActiveCfg = Release|Any CPU
		{54732C3D-B673-4BBF-B0C3-6432E3D6F522}.Test|Any CPU.Build.0 = Release|Any CPU
		{54732C3D-B673-4BBF-B0C3-6432E3D6F522}.Test|x86.ActiveCfg = Release|x86
		{54732C3D-B673-4BBF-B0C3-6432E3D6F522}.Test|x86.Build.0 = Release|x86
		{CC0EBEC4-7120-4627-A596-C1F2958F3D5E}.Debug|Any CPU.ActiveCfg = Debug|Any CPU
		{CC0EBEC4-7120-4627-A596-C1F2958F3D5E}.Debug|Any CPU.Build.0 = Debug|Any CPU
		{CC0EBEC4-7120-4627-A596-C1F2958F3D5E}.Debug|x86.ActiveCfg = Debug|x86
		{CC0EBEC4-7120-4627-A596-C1F2958F3D5E}.Debug|x86.Build.0 = Debug|x86
		{CC0EBEC4-7120-4627-A596-C1F2958F3D5E}.Release|Any CPU.ActiveCfg = Release|Any CPU
		{CC0EBEC4-7120-4627-A596-C1F2958F3D5E}.Release|Any CPU.Build.0 = Release|Any CPU
		{CC0EBEC4-7120-4627-A596-C1F2958F3D5E}.Release|x86.ActiveCfg = Release|x86
		{CC0EBEC4-7120-4627-A596-C1F2958F3D5E}.Release|x86.Build.0 = Release|x86
		{CC0EBEC4-7120-4627-A596-C1F2958F3D5E}.Test|Any CPU.ActiveCfg = Release|Any CPU
		{CC0EBEC4-7120-4627-A596-C1F2958F3D5E}.Test|Any CPU.Build.0 = Release|Any CPU
		{CC0EBEC4-7120-4627-A596-C1F2958F3D5E}.Test|x86.ActiveCfg = Release|x86
		{CC0EBEC4-7120-4627-A596-C1F2958F3D5E}.Test|x86.Build.0 = Release|x86
		{379D8C97-4F96-45AF-9F91-6BD160514495}.Debug|Any CPU.ActiveCfg = Debug|Any CPU
		{379D8C97-4F96-45AF-9F91-6BD160514495}.Debug|Any CPU.Build.0 = Debug|Any CPU
		{379D8C97-4F96-45AF-9F91-6BD160514495}.Debug|x86.ActiveCfg = Debug|Any CPU
		{379D8C97-4F96-45AF-9F91-6BD160514495}.Debug|x86.Build.0 = Debug|Any CPU
		{379D8C97-4F96-45AF-9F91-6BD160514495}.Release|Any CPU.ActiveCfg = Release|Any CPU
		{379D8C97-4F96-45AF-9F91-6BD160514495}.Release|Any CPU.Build.0 = Release|Any CPU
		{379D8C97-4F96-45AF-9F91-6BD160514495}.Release|x86.ActiveCfg = Release|Any CPU
		{379D8C97-4F96-45AF-9F91-6BD160514495}.Release|x86.Build.0 = Release|Any CPU
		{379D8C97-4F96-45AF-9F91-6BD160514495}.Test|Any CPU.ActiveCfg = Release|Any CPU
		{379D8C97-4F96-45AF-9F91-6BD160514495}.Test|Any CPU.Build.0 = Release|Any CPU
		{379D8C97-4F96-45AF-9F91-6BD160514495}.Test|x86.ActiveCfg = Release|Any CPU
		{379D8C97-4F96-45AF-9F91-6BD160514495}.Test|x86.Build.0 = Release|Any CPU
		{B745F5F5-9120-4D56-A86D-ED34EADB703C}.Debug|Any CPU.ActiveCfg = Debug|Any CPU
		{B745F5F5-9120-4D56-A86D-ED34EADB703C}.Debug|Any CPU.Build.0 = Debug|Any CPU
		{B745F5F5-9120-4D56-A86D-ED34EADB703C}.Debug|x86.ActiveCfg = Debug|Any CPU
		{B745F5F5-9120-4D56-A86D-ED34EADB703C}.Debug|x86.Build.0 = Debug|Any CPU
		{B745F5F5-9120-4D56-A86D-ED34EADB703C}.Release|Any CPU.ActiveCfg = Release|Any CPU
		{B745F5F5-9120-4D56-A86D-ED34EADB703C}.Release|Any CPU.Build.0 = Release|Any CPU
		{B745F5F5-9120-4D56-A86D-ED34EADB703C}.Release|x86.ActiveCfg = Release|Any CPU
		{B745F5F5-9120-4D56-A86D-ED34EADB703C}.Release|x86.Build.0 = Release|Any CPU
		{B745F5F5-9120-4D56-A86D-ED34EADB703C}.Test|Any CPU.ActiveCfg = Release|Any CPU
		{B745F5F5-9120-4D56-A86D-ED34EADB703C}.Test|Any CPU.Build.0 = Release|Any CPU
		{B745F5F5-9120-4D56-A86D-ED34EADB703C}.Test|x86.ActiveCfg = Release|Any CPU
		{B745F5F5-9120-4D56-A86D-ED34EADB703C}.Test|x86.Build.0 = Release|Any CPU
	EndGlobalSection
	GlobalSection(SolutionProperties) = preSolution
		HideSolutionNode = FALSE
	EndGlobalSection
	GlobalSection(NestedProjects) = preSolution
		{814092CD-9CD0-4FB7-91E8-D147F476F1FB} = {4C3781FC-ED99-404A-BE86-158618E3A8B1}
		{1D815FBF-451C-4E23-939C-CB80172F445C} = {4C3781FC-ED99-404A-BE86-158618E3A8B1}
		{51AC27B4-11AE-4F59-B82A-0BB3AFA5F62B} = {6CB868C1-37DD-4453-BE1E-E1B778E9376E}
		{5B729497-5323-41D7-A104-0632119BEDDE} = {6CB868C1-37DD-4453-BE1E-E1B778E9376E}
		{54732C3D-B673-4BBF-B0C3-6432E3D6F522} = {4C3781FC-ED99-404A-BE86-158618E3A8B1}
		{6CB868C1-37DD-4453-BE1E-E1B778E9376E} = {4C3781FC-ED99-404A-BE86-158618E3A8B1}
		{CC0EBEC4-7120-4627-A596-C1F2958F3D5E} = {4C3781FC-ED99-404A-BE86-158618E3A8B1}
		{379D8C97-4F96-45AF-9F91-6BD160514495} = {4C3781FC-ED99-404A-BE86-158618E3A8B1}
		{B745F5F5-9120-4D56-A86D-ED34EADB703C} = {4C3781FC-ED99-404A-BE86-158618E3A8B1}
	EndGlobalSection
	GlobalSection(ExtensibilityGlobals) = postSolution
		SolutionGuid = {AB54033B-C93A-47CE-BA9C-3B3BDD31E0A0}
	EndGlobalSection
EndGlobal
