
Microsoft Visual Studio Solution File, Format Version 12.00
# Visual Studio 15
VisualStudioVersion = 15.0.26730.10
MinimumVisualStudioVersion = 10.0.40219.1
Project("{2150E333-8FDC-42A3-9474-1A3956D46DE8}") = "Libraires", "Libraires", "{E72ACEC5-2011-41C7-9A48-34F073D1AEE2}"
EndProject
Project("{2150E333-8FDC-42A3-9474-1A3956D46DE8}") = "Sample.netcore", "Sample.netcore", "{35139CB3-610E-4922-98AD-08A5D12BFC35}"
EndProject
Project("{2150E333-8FDC-42A3-9474-1A3956D46DE8}") = "Tests", "Tests", "{FC72CA5A-5DE9-4902-A5AA-00344FA68B37}"
EndProject
Project("{2150E333-8FDC-42A3-9474-1A3956D46DE8}") = "Docker", "Docker", "{DCF86D54-CF96-4C69-9385-7AA62B399104}"
EndProject
Project("{2150E333-8FDC-42A3-9474-1A3956D46DE8}") = "Cache", "Cache", "{FDC9A3F1-A2EC-4E44-9093-BE0EE1C17093}"
EndProject
Project("{9A19103F-16F7-4668-BE54-9A1E7A4F7556}") = "Senparc.Weixin.vs2017", "..\Senparc.Weixin\Senparc.Weixin\Senparc.Weixin.vs2017.csproj", "{EEC9EB50-1211-42FE-8597-BD237137755E}"
EndProject
Project("{9A19103F-16F7-4668-BE54-9A1E7A4F7556}") = "Senparc.Weixin.MP.vs2017", "..\Senparc.Weixin.MP\Senparc.Weixin.MP\Senparc.Weixin.MP.vs2017.csproj", "{CAF49811-B93B-4D61-9A85-2FB9A33E4544}"
EndProject
Project("{9A19103F-16F7-4668-BE54-9A1E7A4F7556}") = "Senparc.Weixin.MP.MvcExtension.vs2017", "..\Senparc.Weixin.MP.MvcExtension\Senparc.Weixin.MP.MvcExtension\Senparc.Weixin.MP.MvcExtension.vs2017.csproj", "{3D747AE4-9646-4D79-8731-2F59473EC5C7}"
EndProject
Project("{9A19103F-16F7-4668-BE54-9A1E7A4F7556}") = "Senparc.Weixin.Cache.Memcached.vs2017", "..\Senparc.Weixin.Cache\Senparc.Weixin.Cache.Memcached\Senparc.Weixin.Cache.Memcached.vs2017.csproj", "{BD32B7FA-0160-4FEA-A049-838256B2DB53}"
EndProject
Project("{9A19103F-16F7-4668-BE54-9A1E7A4F7556}") = "Senparc.Weixin.Cache.Redis.vs2017", "..\Senparc.Weixin.Cache\Senparc.Weixin.Cache.Redis\Senparc.Weixin.Cache.Redis.vs2017.csproj", "{BA711B04-CDF9-4BBD-B375-D43A01320541}"
EndProject
Project("{9A19103F-16F7-4668-BE54-9A1E7A4F7556}") = "Senparc.Weixin.Open.vs2017", "..\Senparc.Weixin.Open\Senparc.Weixin.Open\Senparc.Weixin.Open.vs2017.csproj", "{3646AC47-ABA9-4FB9-9421-1D3CF53BC4C8}"
EndProject
Project("{9A19103F-16F7-4668-BE54-9A1E7A4F7556}") = "Senparc.Weixin.WxOpen.vs2017", "..\Senparc.Weixin.WxOpen\src\Senparc.Weixin.WxOpen\Senparc.Weixin.WxOpen\Senparc.Weixin.WxOpen.vs2017.csproj", "{9FC5B77B-7A8B-4CEA-9EB9-4D421B02B1CE}"
EndProject
Project("{9A19103F-16F7-4668-BE54-9A1E7A4F7556}") = "Senparc.WebSocket.vs2017", "..\Senparc.WebSocket\src\Senparc.WebSocket\Senparc.WebSocket\Senparc.WebSocket.vs2017.csproj", "{8520EAD3-0005-4040-ADDD-032DD0DE6A0F}"
EndProject
Project("{9A19103F-16F7-4668-BE54-9A1E7A4F7556}") = "Senparc.Weixin.Cache.Redis.RedLock.vs2017", "..\Senparc.Weixin.Cache\Senparc.Weixin.Cache.Redis.RedLock\redlock-cs\src\Senparc.Weixin.Cache.Redis.RedLock.vs2017.csproj", "{9175209E-F088-4812-975C-5A1ADECF0B07}"
EndProject
Project("{2150E333-8FDC-42A3-9474-1A3956D46DE8}") = "Sample.net45", "Sample.net45", "{AA3BD43D-1CAB-472E-AAA7-90D7A68AAD09}"
EndProject
Project("{9A19103F-16F7-4668-BE54-9A1E7A4F7556}") = "Senparc.Weixin.MP.CoreSample.CommonService", "..\Senparc.Weixin.MP.Sample\Senparc.Weixin.MP.Sample.CommonService\Senparc.Weixin.MP.CoreSample.CommonService.csproj", "{3733238F-3DC3-4F48-ACD8-8F3F90A1F359}"
EndProject
Project("{9A19103F-16F7-4668-BE54-9A1E7A4F7556}") = "Senparc.Weixin.Work.vs2017", "..\Senparc.Weixin.Work\Senparc.Weixin.Work\Senparc.Weixin.Work.vs2017.csproj", "{0F0FC7C9-E9DF-4814-BFC3-9F781A6E12FE}"
EndProject
Project("{9A19103F-16F7-4668-BE54-9A1E7A4F7556}") = "Senparc.WeixinTests.vs2017", "..\Senparc.Weixin.MP\Senparc.WeixinTests\Senparc.WeixinTests.vs2017.csproj", "{2F7A938D-0D5A-44A2-B933-07F0D45F7050}"
EndProject
Project("{FAE04EC0-301F-11D3-BF4B-00C04F79EFBC}") = "Senparc.Weixin.MP.CoreSample", "Senparc.Weixin.MP.CoreSample\Senparc.Weixin.MP.CoreSample.csproj", "{7D4C643A-2297-4575-86D2-C8BB7B372B5B}"
EndProject
Project("{E53339B2-1760-4266-BCC7-CA923CBCF16C}") = "docker-compose", "docker-compose.dcproj", "{0C5D479E-E1EC-476C-929C-50BE90EB7BC0}"
EndProject
Global
	GlobalSection(SolutionConfigurationPlatforms) = preSolution
		Debug|Any CPU = Debug|Any CPU
		Debug|x64 = Debug|x64
		Debug|x86 = Debug|x86
		Release|Any CPU = Release|Any CPU
		Release|x64 = Release|x64
		Release|x86 = Release|x86
		Test|Any CPU = Test|Any CPU
		Test|x64 = Test|x64
		Test|x86 = Test|x86
	EndGlobalSection
	GlobalSection(ProjectConfigurationPlatforms) = postSolution
		{EEC9EB50-1211-42FE-8597-BD237137755E}.Debug|Any CPU.ActiveCfg = Debug|Any CPU
		{EEC9EB50-1211-42FE-8597-BD237137755E}.Debug|Any CPU.Build.0 = Debug|Any CPU
		{EEC9EB50-1211-42FE-8597-BD237137755E}.Debug|x64.ActiveCfg = Debug|Any CPU
		{EEC9EB50-1211-42FE-8597-BD237137755E}.Debug|x64.Build.0 = Debug|Any CPU
		{EEC9EB50-1211-42FE-8597-BD237137755E}.Debug|x86.ActiveCfg = Debug|Any CPU
		{EEC9EB50-1211-42FE-8597-BD237137755E}.Debug|x86.Build.0 = Debug|Any CPU
		{EEC9EB50-1211-42FE-8597-BD237137755E}.Release|Any CPU.ActiveCfg = Release|Any CPU
		{EEC9EB50-1211-42FE-8597-BD237137755E}.Release|Any CPU.Build.0 = Release|Any CPU
		{EEC9EB50-1211-42FE-8597-BD237137755E}.Release|x64.ActiveCfg = Release|Any CPU
		{EEC9EB50-1211-42FE-8597-BD237137755E}.Release|x64.Build.0 = Release|Any CPU
		{EEC9EB50-1211-42FE-8597-BD237137755E}.Release|x86.ActiveCfg = Release|Any CPU
		{EEC9EB50-1211-42FE-8597-BD237137755E}.Release|x86.Build.0 = Release|Any CPU
		{EEC9EB50-1211-42FE-8597-BD237137755E}.Test|Any CPU.ActiveCfg = Debug|Any CPU
		{EEC9EB50-1211-42FE-8597-BD237137755E}.Test|Any CPU.Build.0 = Debug|Any CPU
		{EEC9EB50-1211-42FE-8597-BD237137755E}.Test|x64.ActiveCfg = Release|Any CPU
		{EEC9EB50-1211-42FE-8597-BD237137755E}.Test|x64.Build.0 = Release|Any CPU
		{EEC9EB50-1211-42FE-8597-BD237137755E}.Test|x86.ActiveCfg = Release|Any CPU
		{EEC9EB50-1211-42FE-8597-BD237137755E}.Test|x86.Build.0 = Release|Any CPU
		{CAF49811-B93B-4D61-9A85-2FB9A33E4544}.Debug|Any CPU.ActiveCfg = Debug|Any CPU
		{CAF49811-B93B-4D61-9A85-2FB9A33E4544}.Debug|Any CPU.Build.0 = Debug|Any CPU
		{CAF49811-B93B-4D61-9A85-2FB9A33E4544}.Debug|x64.ActiveCfg = Debug|Any CPU
		{CAF49811-B93B-4D61-9A85-2FB9A33E4544}.Debug|x64.Build.0 = Debug|Any CPU
		{CAF49811-B93B-4D61-9A85-2FB9A33E4544}.Debug|x86.ActiveCfg = Debug|Any CPU
		{CAF49811-B93B-4D61-9A85-2FB9A33E4544}.Debug|x86.Build.0 = Debug|Any CPU
		{CAF49811-B93B-4D61-9A85-2FB9A33E4544}.Release|Any CPU.ActiveCfg = Release|Any CPU
		{CAF49811-B93B-4D61-9A85-2FB9A33E4544}.Release|Any CPU.Build.0 = Release|Any CPU
		{CAF49811-B93B-4D61-9A85-2FB9A33E4544}.Release|x64.ActiveCfg = Release|Any CPU
		{CAF49811-B93B-4D61-9A85-2FB9A33E4544}.Release|x64.Build.0 = Release|Any CPU
		{CAF49811-B93B-4D61-9A85-2FB9A33E4544}.Release|x86.ActiveCfg = Release|Any CPU
		{CAF49811-B93B-4D61-9A85-2FB9A33E4544}.Release|x86.Build.0 = Release|Any CPU
		{CAF49811-B93B-4D61-9A85-2FB9A33E4544}.Test|Any CPU.ActiveCfg = Debug|Any CPU
		{CAF49811-B93B-4D61-9A85-2FB9A33E4544}.Test|Any CPU.Build.0 = Debug|Any CPU
		{CAF49811-B93B-4D61-9A85-2FB9A33E4544}.Test|x64.ActiveCfg = Release|Any CPU
		{CAF49811-B93B-4D61-9A85-2FB9A33E4544}.Test|x64.Build.0 = Release|Any CPU
		{CAF49811-B93B-4D61-9A85-2FB9A33E4544}.Test|x86.ActiveCfg = Release|Any CPU
		{CAF49811-B93B-4D61-9A85-2FB9A33E4544}.Test|x86.Build.0 = Release|Any CPU
		{3D747AE4-9646-4D79-8731-2F59473EC5C7}.Debug|Any CPU.ActiveCfg = Debug|Any CPU
		{3D747AE4-9646-4D79-8731-2F59473EC5C7}.Debug|Any CPU.Build.0 = Debug|Any CPU
		{3D747AE4-9646-4D79-8731-2F59473EC5C7}.Debug|x64.ActiveCfg = Debug|Any CPU
		{3D747AE4-9646-4D79-8731-2F59473EC5C7}.Debug|x64.Build.0 = Debug|Any CPU
		{3D747AE4-9646-4D79-8731-2F59473EC5C7}.Debug|x86.ActiveCfg = Debug|Any CPU
		{3D747AE4-9646-4D79-8731-2F59473EC5C7}.Debug|x86.Build.0 = Debug|Any CPU
		{3D747AE4-9646-4D79-8731-2F59473EC5C7}.Release|Any CPU.ActiveCfg = Release|Any CPU
		{3D747AE4-9646-4D79-8731-2F59473EC5C7}.Release|Any CPU.Build.0 = Release|Any CPU
		{3D747AE4-9646-4D79-8731-2F59473EC5C7}.Release|x64.ActiveCfg = Release|Any CPU
		{3D747AE4-9646-4D79-8731-2F59473EC5C7}.Release|x64.Build.0 = Release|Any CPU
		{3D747AE4-9646-4D79-8731-2F59473EC5C7}.Release|x86.ActiveCfg = Release|Any CPU
		{3D747AE4-9646-4D79-8731-2F59473EC5C7}.Release|x86.Build.0 = Release|Any CPU
		{3D747AE4-9646-4D79-8731-2F59473EC5C7}.Test|Any CPU.ActiveCfg = Debug|Any CPU
		{3D747AE4-9646-4D79-8731-2F59473EC5C7}.Test|Any CPU.Build.0 = Debug|Any CPU
		{3D747AE4-9646-4D79-8731-2F59473EC5C7}.Test|x64.ActiveCfg = Release|Any CPU
		{3D747AE4-9646-4D79-8731-2F59473EC5C7}.Test|x64.Build.0 = Release|Any CPU
		{3D747AE4-9646-4D79-8731-2F59473EC5C7}.Test|x86.ActiveCfg = Release|Any CPU
		{3D747AE4-9646-4D79-8731-2F59473EC5C7}.Test|x86.Build.0 = Release|Any CPU
		{BD32B7FA-0160-4FEA-A049-838256B2DB53}.Debug|Any CPU.ActiveCfg = Debug|Any CPU
		{BD32B7FA-0160-4FEA-A049-838256B2DB53}.Debug|Any CPU.Build.0 = Debug|Any CPU
		{BD32B7FA-0160-4FEA-A049-838256B2DB53}.Debug|x64.ActiveCfg = Debug|Any CPU
		{BD32B7FA-0160-4FEA-A049-838256B2DB53}.Debug|x64.Build.0 = Debug|Any CPU
		{BD32B7FA-0160-4FEA-A049-838256B2DB53}.Debug|x86.ActiveCfg = Debug|Any CPU
		{BD32B7FA-0160-4FEA-A049-838256B2DB53}.Debug|x86.Build.0 = Debug|Any CPU
		{BD32B7FA-0160-4FEA-A049-838256B2DB53}.Release|Any CPU.ActiveCfg = Release|Any CPU
		{BD32B7FA-0160-4FEA-A049-838256B2DB53}.Release|Any CPU.Build.0 = Release|Any CPU
		{BD32B7FA-0160-4FEA-A049-838256B2DB53}.Release|x64.ActiveCfg = Release|Any CPU
		{BD32B7FA-0160-4FEA-A049-838256B2DB53}.Release|x64.Build.0 = Release|Any CPU
		{BD32B7FA-0160-4FEA-A049-838256B2DB53}.Release|x86.ActiveCfg = Release|Any CPU
		{BD32B7FA-0160-4FEA-A049-838256B2DB53}.Release|x86.Build.0 = Release|Any CPU
		{BD32B7FA-0160-4FEA-A049-838256B2DB53}.Test|Any CPU.ActiveCfg = Debug|Any CPU
		{BD32B7FA-0160-4FEA-A049-838256B2DB53}.Test|Any CPU.Build.0 = Debug|Any CPU
		{BD32B7FA-0160-4FEA-A049-838256B2DB53}.Test|x64.ActiveCfg = Release|Any CPU
		{BD32B7FA-0160-4FEA-A049-838256B2DB53}.Test|x64.Build.0 = Release|Any CPU
		{BD32B7FA-0160-4FEA-A049-838256B2DB53}.Test|x86.ActiveCfg = Release|Any CPU
		{BD32B7FA-0160-4FEA-A049-838256B2DB53}.Test|x86.Build.0 = Release|Any CPU
		{BA711B04-CDF9-4BBD-B375-D43A01320541}.Debug|Any CPU.ActiveCfg = Debug|Any CPU
		{BA711B04-CDF9-4BBD-B375-D43A01320541}.Debug|Any CPU.Build.0 = Debug|Any CPU
		{BA711B04-CDF9-4BBD-B375-D43A01320541}.Debug|x64.ActiveCfg = Debug|Any CPU
		{BA711B04-CDF9-4BBD-B375-D43A01320541}.Debug|x64.Build.0 = Debug|Any CPU
		{BA711B04-CDF9-4BBD-B375-D43A01320541}.Debug|x86.ActiveCfg = Debug|Any CPU
		{BA711B04-CDF9-4BBD-B375-D43A01320541}.Debug|x86.Build.0 = Debug|Any CPU
		{BA711B04-CDF9-4BBD-B375-D43A01320541}.Release|Any CPU.ActiveCfg = Release|Any CPU
		{BA711B04-CDF9-4BBD-B375-D43A01320541}.Release|Any CPU.Build.0 = Release|Any CPU
		{BA711B04-CDF9-4BBD-B375-D43A01320541}.Release|x64.ActiveCfg = Release|Any CPU
		{BA711B04-CDF9-4BBD-B375-D43A01320541}.Release|x64.Build.0 = Release|Any CPU
		{BA711B04-CDF9-4BBD-B375-D43A01320541}.Release|x86.ActiveCfg = Release|Any CPU
		{BA711B04-CDF9-4BBD-B375-D43A01320541}.Release|x86.Build.0 = Release|Any CPU
		{BA711B04-CDF9-4BBD-B375-D43A01320541}.Test|Any CPU.ActiveCfg = Debug|Any CPU
		{BA711B04-CDF9-4BBD-B375-D43A01320541}.Test|Any CPU.Build.0 = Debug|Any CPU
		{BA711B04-CDF9-4BBD-B375-D43A01320541}.Test|x64.ActiveCfg = Release|Any CPU
		{BA711B04-CDF9-4BBD-B375-D43A01320541}.Test|x64.Build.0 = Release|Any CPU
		{BA711B04-CDF9-4BBD-B375-D43A01320541}.Test|x86.ActiveCfg = Release|Any CPU
		{BA711B04-CDF9-4BBD-B375-D43A01320541}.Test|x86.Build.0 = Release|Any CPU
		{3646AC47-ABA9-4FB9-9421-1D3CF53BC4C8}.Debug|Any CPU.ActiveCfg = Debug|Any CPU
		{3646AC47-ABA9-4FB9-9421-1D3CF53BC4C8}.Debug|Any CPU.Build.0 = Debug|Any CPU
		{3646AC47-ABA9-4FB9-9421-1D3CF53BC4C8}.Debug|x64.ActiveCfg = Debug|Any CPU
		{3646AC47-ABA9-4FB9-9421-1D3CF53BC4C8}.Debug|x64.Build.0 = Debug|Any CPU
		{3646AC47-ABA9-4FB9-9421-1D3CF53BC4C8}.Debug|x86.ActiveCfg = Debug|Any CPU
		{3646AC47-ABA9-4FB9-9421-1D3CF53BC4C8}.Debug|x86.Build.0 = Debug|Any CPU
		{3646AC47-ABA9-4FB9-9421-1D3CF53BC4C8}.Release|Any CPU.ActiveCfg = Release|Any CPU
		{3646AC47-ABA9-4FB9-9421-1D3CF53BC4C8}.Release|Any CPU.Build.0 = Release|Any CPU
		{3646AC47-ABA9-4FB9-9421-1D3CF53BC4C8}.Release|x64.ActiveCfg = Release|Any CPU
		{3646AC47-ABA9-4FB9-9421-1D3CF53BC4C8}.Release|x64.Build.0 = Release|Any CPU
		{3646AC47-ABA9-4FB9-9421-1D3CF53BC4C8}.Release|x86.ActiveCfg = Release|Any CPU
		{3646AC47-ABA9-4FB9-9421-1D3CF53BC4C8}.Release|x86.Build.0 = Release|Any CPU
		{3646AC47-ABA9-4FB9-9421-1D3CF53BC4C8}.Test|Any CPU.ActiveCfg = Debug|Any CPU
		{3646AC47-ABA9-4FB9-9421-1D3CF53BC4C8}.Test|Any CPU.Build.0 = Debug|Any CPU
		{3646AC47-ABA9-4FB9-9421-1D3CF53BC4C8}.Test|x64.ActiveCfg = Release|Any CPU
		{3646AC47-ABA9-4FB9-9421-1D3CF53BC4C8}.Test|x64.Build.0 = Release|Any CPU
		{3646AC47-ABA9-4FB9-9421-1D3CF53BC4C8}.Test|x86.ActiveCfg = Release|Any CPU
		{3646AC47-ABA9-4FB9-9421-1D3CF53BC4C8}.Test|x86.Build.0 = Release|Any CPU
		{9FC5B77B-7A8B-4CEA-9EB9-4D421B02B1CE}.Debug|Any CPU.ActiveCfg = Debug|Any CPU
		{9FC5B77B-7A8B-4CEA-9EB9-4D421B02B1CE}.Debug|Any CPU.Build.0 = Debug|Any CPU
		{9FC5B77B-7A8B-4CEA-9EB9-4D421B02B1CE}.Debug|x64.ActiveCfg = Debug|Any CPU
		{9FC5B77B-7A8B-4CEA-9EB9-4D421B02B1CE}.Debug|x64.Build.0 = Debug|Any CPU
		{9FC5B77B-7A8B-4CEA-9EB9-4D421B02B1CE}.Debug|x86.ActiveCfg = Debug|Any CPU
		{9FC5B77B-7A8B-4CEA-9EB9-4D421B02B1CE}.Debug|x86.Build.0 = Debug|Any CPU
		{9FC5B77B-7A8B-4CEA-9EB9-4D421B02B1CE}.Release|Any CPU.ActiveCfg = Release|Any CPU
		{9FC5B77B-7A8B-4CEA-9EB9-4D421B02B1CE}.Release|Any CPU.Build.0 = Release|Any CPU
		{9FC5B77B-7A8B-4CEA-9EB9-4D421B02B1CE}.Release|x64.ActiveCfg = Release|Any CPU
		{9FC5B77B-7A8B-4CEA-9EB9-4D421B02B1CE}.Release|x64.Build.0 = Release|Any CPU
		{9FC5B77B-7A8B-4CEA-9EB9-4D421B02B1CE}.Release|x86.ActiveCfg = Release|Any CPU
		{9FC5B77B-7A8B-4CEA-9EB9-4D421B02B1CE}.Release|x86.Build.0 = Release|Any CPU
		{9FC5B77B-7A8B-4CEA-9EB9-4D421B02B1CE}.Test|Any CPU.ActiveCfg = Debug|Any CPU
		{9FC5B77B-7A8B-4CEA-9EB9-4D421B02B1CE}.Test|Any CPU.Build.0 = Debug|Any CPU
		{9FC5B77B-7A8B-4CEA-9EB9-4D421B02B1CE}.Test|x64.ActiveCfg = Release|Any CPU
		{9FC5B77B-7A8B-4CEA-9EB9-4D421B02B1CE}.Test|x64.Build.0 = Release|Any CPU
		{9FC5B77B-7A8B-4CEA-9EB9-4D421B02B1CE}.Test|x86.ActiveCfg = Release|Any CPU
		{9FC5B77B-7A8B-4CEA-9EB9-4D421B02B1CE}.Test|x86.Build.0 = Release|Any CPU
		{8520EAD3-0005-4040-ADDD-032DD0DE6A0F}.Debug|Any CPU.ActiveCfg = Debug|Any CPU
		{8520EAD3-0005-4040-ADDD-032DD0DE6A0F}.Debug|Any CPU.Build.0 = Debug|Any CPU
		{8520EAD3-0005-4040-ADDD-032DD0DE6A0F}.Debug|x64.ActiveCfg = Debug|Any CPU
		{8520EAD3-0005-4040-ADDD-032DD0DE6A0F}.Debug|x64.Build.0 = Debug|Any CPU
		{8520EAD3-0005-4040-ADDD-032DD0DE6A0F}.Debug|x86.ActiveCfg = Debug|Any CPU
		{8520EAD3-0005-4040-ADDD-032DD0DE6A0F}.Debug|x86.Build.0 = Debug|Any CPU
		{8520EAD3-0005-4040-ADDD-032DD0DE6A0F}.Release|Any CPU.ActiveCfg = Release|Any CPU
		{8520EAD3-0005-4040-ADDD-032DD0DE6A0F}.Release|Any CPU.Build.0 = Release|Any CPU
		{8520EAD3-0005-4040-ADDD-032DD0DE6A0F}.Release|x64.ActiveCfg = Release|Any CPU
		{8520EAD3-0005-4040-ADDD-032DD0DE6A0F}.Release|x64.Build.0 = Release|Any CPU
		{8520EAD3-0005-4040-ADDD-032DD0DE6A0F}.Release|x86.ActiveCfg = Release|Any CPU
		{8520EAD3-0005-4040-ADDD-032DD0DE6A0F}.Release|x86.Build.0 = Release|Any CPU
		{8520EAD3-0005-4040-ADDD-032DD0DE6A0F}.Test|Any CPU.ActiveCfg = Debug|Any CPU
		{8520EAD3-0005-4040-ADDD-032DD0DE6A0F}.Test|Any CPU.Build.0 = Debug|Any CPU
		{8520EAD3-0005-4040-ADDD-032DD0DE6A0F}.Test|x64.ActiveCfg = Release|Any CPU
		{8520EAD3-0005-4040-ADDD-032DD0DE6A0F}.Test|x64.Build.0 = Release|Any CPU
		{8520EAD3-0005-4040-ADDD-032DD0DE6A0F}.Test|x86.ActiveCfg = Release|Any CPU
		{8520EAD3-0005-4040-ADDD-032DD0DE6A0F}.Test|x86.Build.0 = Release|Any CPU
		{9175209E-F088-4812-975C-5A1ADECF0B07}.Debug|Any CPU.ActiveCfg = Debug|Any CPU
		{9175209E-F088-4812-975C-5A1ADECF0B07}.Debug|Any CPU.Build.0 = Debug|Any CPU
		{9175209E-F088-4812-975C-5A1ADECF0B07}.Debug|x64.ActiveCfg = Debug|Any CPU
		{9175209E-F088-4812-975C-5A1ADECF0B07}.Debug|x64.Build.0 = Debug|Any CPU
		{9175209E-F088-4812-975C-5A1ADECF0B07}.Debug|x86.ActiveCfg = Debug|Any CPU
		{9175209E-F088-4812-975C-5A1ADECF0B07}.Debug|x86.Build.0 = Debug|Any CPU
		{9175209E-F088-4812-975C-5A1ADECF0B07}.Release|Any CPU.ActiveCfg = Release|Any CPU
		{9175209E-F088-4812-975C-5A1ADECF0B07}.Release|Any CPU.Build.0 = Release|Any CPU
		{9175209E-F088-4812-975C-5A1ADECF0B07}.Release|x64.ActiveCfg = Release|Any CPU
		{9175209E-F088-4812-975C-5A1ADECF0B07}.Release|x64.Build.0 = Release|Any CPU
		{9175209E-F088-4812-975C-5A1ADECF0B07}.Release|x86.ActiveCfg = Release|Any CPU
		{9175209E-F088-4812-975C-5A1ADECF0B07}.Release|x86.Build.0 = Release|Any CPU
		{9175209E-F088-4812-975C-5A1ADECF0B07}.Test|Any CPU.ActiveCfg = Debug|Any CPU
		{9175209E-F088-4812-975C-5A1ADECF0B07}.Test|Any CPU.Build.0 = Debug|Any CPU
		{9175209E-F088-4812-975C-5A1ADECF0B07}.Test|x64.ActiveCfg = Release|Any CPU
		{9175209E-F088-4812-975C-5A1ADECF0B07}.Test|x64.Build.0 = Release|Any CPU
		{9175209E-F088-4812-975C-5A1ADECF0B07}.Test|x86.ActiveCfg = Release|Any CPU
		{9175209E-F088-4812-975C-5A1ADECF0B07}.Test|x86.Build.0 = Release|Any CPU
		{3733238F-3DC3-4F48-ACD8-8F3F90A1F359}.Debug|Any CPU.ActiveCfg = Debug|Any CPU
		{3733238F-3DC3-4F48-ACD8-8F3F90A1F359}.Debug|Any CPU.Build.0 = Debug|Any CPU
		{3733238F-3DC3-4F48-ACD8-8F3F90A1F359}.Debug|x64.ActiveCfg = Debug|Any CPU
		{3733238F-3DC3-4F48-ACD8-8F3F90A1F359}.Debug|x64.Build.0 = Debug|Any CPU
		{3733238F-3DC3-4F48-ACD8-8F3F90A1F359}.Debug|x86.ActiveCfg = Debug|Any CPU
		{3733238F-3DC3-4F48-ACD8-8F3F90A1F359}.Debug|x86.Build.0 = Debug|Any CPU
		{3733238F-3DC3-4F48-ACD8-8F3F90A1F359}.Release|Any CPU.ActiveCfg = Release|Any CPU
		{3733238F-3DC3-4F48-ACD8-8F3F90A1F359}.Release|Any CPU.Build.0 = Release|Any CPU
		{3733238F-3DC3-4F48-ACD8-8F3F90A1F359}.Release|x64.ActiveCfg = Release|Any CPU
		{3733238F-3DC3-4F48-ACD8-8F3F90A1F359}.Release|x64.Build.0 = Release|Any CPU
		{3733238F-3DC3-4F48-ACD8-8F3F90A1F359}.Release|x86.ActiveCfg = Release|Any CPU
		{3733238F-3DC3-4F48-ACD8-8F3F90A1F359}.Release|x86.Build.0 = Release|Any CPU
		{3733238F-3DC3-4F48-ACD8-8F3F90A1F359}.Test|Any CPU.ActiveCfg = Debug|Any CPU
		{3733238F-3DC3-4F48-ACD8-8F3F90A1F359}.Test|Any CPU.Build.0 = Debug|Any CPU
		{3733238F-3DC3-4F48-ACD8-8F3F90A1F359}.Test|x64.ActiveCfg = Release|Any CPU
		{3733238F-3DC3-4F48-ACD8-8F3F90A1F359}.Test|x64.Build.0 = Release|Any CPU
		{3733238F-3DC3-4F48-ACD8-8F3F90A1F359}.Test|x86.ActiveCfg = Release|Any CPU
		{3733238F-3DC3-4F48-ACD8-8F3F90A1F359}.Test|x86.Build.0 = Release|Any CPU
		{0F0FC7C9-E9DF-4814-BFC3-9F781A6E12FE}.Debug|Any CPU.ActiveCfg = Debug|Any CPU
		{0F0FC7C9-E9DF-4814-BFC3-9F781A6E12FE}.Debug|Any CPU.Build.0 = Debug|Any CPU
		{0F0FC7C9-E9DF-4814-BFC3-9F781A6E12FE}.Debug|x64.ActiveCfg = Debug|Any CPU
		{0F0FC7C9-E9DF-4814-BFC3-9F781A6E12FE}.Debug|x64.Build.0 = Debug|Any CPU
		{0F0FC7C9-E9DF-4814-BFC3-9F781A6E12FE}.Debug|x86.ActiveCfg = Debug|Any CPU
		{0F0FC7C9-E9DF-4814-BFC3-9F781A6E12FE}.Debug|x86.Build.0 = Debug|Any CPU
		{0F0FC7C9-E9DF-4814-BFC3-9F781A6E12FE}.Release|Any CPU.ActiveCfg = Release|Any CPU
		{0F0FC7C9-E9DF-4814-BFC3-9F781A6E12FE}.Release|Any CPU.Build.0 = Release|Any CPU
		{0F0FC7C9-E9DF-4814-BFC3-9F781A6E12FE}.Release|x64.ActiveCfg = Release|Any CPU
		{0F0FC7C9-E9DF-4814-BFC3-9F781A6E12FE}.Release|x64.Build.0 = Release|Any CPU
		{0F0FC7C9-E9DF-4814-BFC3-9F781A6E12FE}.Release|x86.ActiveCfg = Release|Any CPU
		{0F0FC7C9-E9DF-4814-BFC3-9F781A6E12FE}.Release|x86.Build.0 = Release|Any CPU
		{0F0FC7C9-E9DF-4814-BFC3-9F781A6E12FE}.Test|Any CPU.ActiveCfg = Debug|Any CPU
		{0F0FC7C9-E9DF-4814-BFC3-9F781A6E12FE}.Test|Any CPU.Build.0 = Debug|Any CPU
		{0F0FC7C9-E9DF-4814-BFC3-9F781A6E12FE}.Test|x64.ActiveCfg = Release|Any CPU
		{0F0FC7C9-E9DF-4814-BFC3-9F781A6E12FE}.Test|x64.Build.0 = Release|Any CPU
		{0F0FC7C9-E9DF-4814-BFC3-9F781A6E12FE}.Test|x86.ActiveCfg = Release|Any CPU
		{0F0FC7C9-E9DF-4814-BFC3-9F781A6E12FE}.Test|x86.Build.0 = Release|Any CPU
		{2F7A938D-0D5A-44A2-B933-07F0D45F7050}.Debug|Any CPU.ActiveCfg = Debug|Any CPU
		{2F7A938D-0D5A-44A2-B933-07F0D45F7050}.Debug|Any CPU.Build.0 = Debug|Any CPU
		{2F7A938D-0D5A-44A2-B933-07F0D45F7050}.Debug|x64.ActiveCfg = Debug|Any CPU
		{2F7A938D-0D5A-44A2-B933-07F0D45F7050}.Debug|x64.Build.0 = Debug|Any CPU
		{2F7A938D-0D5A-44A2-B933-07F0D45F7050}.Debug|x86.ActiveCfg = Debug|Any CPU
		{2F7A938D-0D5A-44A2-B933-07F0D45F7050}.Debug|x86.Build.0 = Debug|Any CPU
		{2F7A938D-0D5A-44A2-B933-07F0D45F7050}.Release|Any CPU.ActiveCfg = Release|Any CPU
		{2F7A938D-0D5A-44A2-B933-07F0D45F7050}.Release|Any CPU.Build.0 = Release|Any CPU
		{2F7A938D-0D5A-44A2-B933-07F0D45F7050}.Release|x64.ActiveCfg = Release|Any CPU
		{2F7A938D-0D5A-44A2-B933-07F0D45F7050}.Release|x64.Build.0 = Release|Any CPU
		{2F7A938D-0D5A-44A2-B933-07F0D45F7050}.Release|x86.ActiveCfg = Release|Any CPU
		{2F7A938D-0D5A-44A2-B933-07F0D45F7050}.Release|x86.Build.0 = Release|Any CPU
		{2F7A938D-0D5A-44A2-B933-07F0D45F7050}.Test|Any CPU.ActiveCfg = Debug|Any CPU
		{2F7A938D-0D5A-44A2-B933-07F0D45F7050}.Test|Any CPU.Build.0 = Debug|Any CPU
		{2F7A938D-0D5A-44A2-B933-07F0D45F7050}.Test|x64.ActiveCfg = Debug|Any CPU
		{2F7A938D-0D5A-44A2-B933-07F0D45F7050}.Test|x64.Build.0 = Debug|Any CPU
		{2F7A938D-0D5A-44A2-B933-07F0D45F7050}.Test|x86.ActiveCfg = Debug|Any CPU
		{2F7A938D-0D5A-44A2-B933-07F0D45F7050}.Test|x86.Build.0 = Debug|Any CPU
		{7D4C643A-2297-4575-86D2-C8BB7B372B5B}.Debug|Any CPU.ActiveCfg = Debug|Any CPU
		{7D4C643A-2297-4575-86D2-C8BB7B372B5B}.Debug|Any CPU.Build.0 = Debug|Any CPU
		{7D4C643A-2297-4575-86D2-C8BB7B372B5B}.Debug|x64.ActiveCfg = Debug|Any CPU
		{7D4C643A-2297-4575-86D2-C8BB7B372B5B}.Debug|x64.Build.0 = Debug|Any CPU
		{7D4C643A-2297-4575-86D2-C8BB7B372B5B}.Debug|x86.ActiveCfg = Debug|Any CPU
		{7D4C643A-2297-4575-86D2-C8BB7B372B5B}.Debug|x86.Build.0 = Debug|Any CPU
		{7D4C643A-2297-4575-86D2-C8BB7B372B5B}.Release|Any CPU.ActiveCfg = Release|Any CPU
		{7D4C643A-2297-4575-86D2-C8BB7B372B5B}.Release|Any CPU.Build.0 = Release|Any CPU
		{7D4C643A-2297-4575-86D2-C8BB7B372B5B}.Release|x64.ActiveCfg = Release|Any CPU
		{7D4C643A-2297-4575-86D2-C8BB7B372B5B}.Release|x64.Build.0 = Release|Any CPU
		{7D4C643A-2297-4575-86D2-C8BB7B372B5B}.Release|x86.ActiveCfg = Release|Any CPU
		{7D4C643A-2297-4575-86D2-C8BB7B372B5B}.Release|x86.Build.0 = Release|Any CPU
		{7D4C643A-2297-4575-86D2-C8BB7B372B5B}.Test|Any CPU.ActiveCfg = Debug|Any CPU
		{7D4C643A-2297-4575-86D2-C8BB7B372B5B}.Test|Any CPU.Build.0 = Debug|Any CPU
		{7D4C643A-2297-4575-86D2-C8BB7B372B5B}.Test|x64.ActiveCfg = Debug|Any CPU
		{7D4C643A-2297-4575-86D2-C8BB7B372B5B}.Test|x64.Build.0 = Debug|Any CPU
		{7D4C643A-2297-4575-86D2-C8BB7B372B5B}.Test|x86.ActiveCfg = Debug|Any CPU
		{7D4C643A-2297-4575-86D2-C8BB7B372B5B}.Test|x86.Build.0 = Debug|Any CPU
		{0C5D479E-E1EC-476C-929C-50BE90EB7BC0}.Debug|Any CPU.ActiveCfg = Debug|Any CPU
		{0C5D479E-E1EC-476C-929C-50BE90EB7BC0}.Debug|Any CPU.Build.0 = Debug|Any CPU
		{0C5D479E-E1EC-476C-929C-50BE90EB7BC0}.Debug|x64.ActiveCfg = Debug|Any CPU
		{0C5D479E-E1EC-476C-929C-50BE90EB7BC0}.Debug|x64.Build.0 = Debug|Any CPU
		{0C5D479E-E1EC-476C-929C-50BE90EB7BC0}.Debug|x86.ActiveCfg = Debug|Any CPU
		{0C5D479E-E1EC-476C-929C-50BE90EB7BC0}.Debug|x86.Build.0 = Debug|Any CPU
		{0C5D479E-E1EC-476C-929C-50BE90EB7BC0}.Release|Any CPU.ActiveCfg = Release|Any CPU
		{0C5D479E-E1EC-476C-929C-50BE90EB7BC0}.Release|Any CPU.Build.0 = Release|Any CPU
		{0C5D479E-E1EC-476C-929C-50BE90EB7BC0}.Release|x64.ActiveCfg = Release|Any CPU
		{0C5D479E-E1EC-476C-929C-50BE90EB7BC0}.Release|x64.Build.0 = Release|Any CPU
		{0C5D479E-E1EC-476C-929C-50BE90EB7BC0}.Release|x86.ActiveCfg = Release|Any CPU
		{0C5D479E-E1EC-476C-929C-50BE90EB7BC0}.Release|x86.Build.0 = Release|Any CPU
		{0C5D479E-E1EC-476C-929C-50BE90EB7BC0}.Test|Any CPU.ActiveCfg = Debug|Any CPU
		{0C5D479E-E1EC-476C-929C-50BE90EB7BC0}.Test|Any CPU.Build.0 = Debug|Any CPU
		{0C5D479E-E1EC-476C-929C-50BE90EB7BC0}.Test|x64.ActiveCfg = Debug|Any CPU
		{0C5D479E-E1EC-476C-929C-50BE90EB7BC0}.Test|x64.Build.0 = Debug|Any CPU
		{0C5D479E-E1EC-476C-929C-50BE90EB7BC0}.Test|x86.ActiveCfg = Debug|Any CPU
		{0C5D479E-E1EC-476C-929C-50BE90EB7BC0}.Test|x86.Build.0 = Debug|Any CPU
	EndGlobalSection
	GlobalSection(SolutionProperties) = preSolution
		HideSolutionNode = FALSE
	EndGlobalSection
	GlobalSection(NestedProjects) = preSolution
		{FDC9A3F1-A2EC-4E44-9093-BE0EE1C17093} = {E72ACEC5-2011-41C7-9A48-34F073D1AEE2}
		{EEC9EB50-1211-42FE-8597-BD237137755E} = {E72ACEC5-2011-41C7-9A48-34F073D1AEE2}
		{CAF49811-B93B-4D61-9A85-2FB9A33E4544} = {E72ACEC5-2011-41C7-9A48-34F073D1AEE2}
		{3D747AE4-9646-4D79-8731-2F59473EC5C7} = {E72ACEC5-2011-41C7-9A48-34F073D1AEE2}
		{BD32B7FA-0160-4FEA-A049-838256B2DB53} = {FDC9A3F1-A2EC-4E44-9093-BE0EE1C17093}
		{BA711B04-CDF9-4BBD-B375-D43A01320541} = {FDC9A3F1-A2EC-4E44-9093-BE0EE1C17093}
		{3646AC47-ABA9-4FB9-9421-1D3CF53BC4C8} = {E72ACEC5-2011-41C7-9A48-34F073D1AEE2}
		{9FC5B77B-7A8B-4CEA-9EB9-4D421B02B1CE} = {E72ACEC5-2011-41C7-9A48-34F073D1AEE2}
		{8520EAD3-0005-4040-ADDD-032DD0DE6A0F} = {E72ACEC5-2011-41C7-9A48-34F073D1AEE2}
		{9175209E-F088-4812-975C-5A1ADECF0B07} = {FDC9A3F1-A2EC-4E44-9093-BE0EE1C17093}
		{3733238F-3DC3-4F48-ACD8-8F3F90A1F359} = {35139CB3-610E-4922-98AD-08A5D12BFC35}
		{0F0FC7C9-E9DF-4814-BFC3-9F781A6E12FE} = {E72ACEC5-2011-41C7-9A48-34F073D1AEE2}
		{2F7A938D-0D5A-44A2-B933-07F0D45F7050} = {FC72CA5A-5DE9-4902-A5AA-00344FA68B37}
		{7D4C643A-2297-4575-86D2-C8BB7B372B5B} = {35139CB3-610E-4922-98AD-08A5D12BFC35}
	EndGlobalSection
	GlobalSection(ExtensibilityGlobals) = postSolution
		SolutionGuid = {DC7AD3EC-AB37-497E-925B-DCD5129FE6D3}
	EndGlobalSection
EndGlobal
