
Microsoft Visual Studio Solution File, Format Version 12.00
# Visual Studio 15
VisualStudioVersion = 15.0.26730.10
MinimumVisualStudioVersion = 10.0.40219.1
Project("{FAE04EC0-301F-11D3-BF4B-00C04F79EFBC}") = "SupportNet35And40", "SupportNet35And40\SupportNet35And40.csproj", "{82FDB7CC-0807-4202-BD50-57C82B7510C6}"
EndProject
Global
	GlobalSection(SolutionConfigurationPlatforms) = preSolution
		Debug|Any CPU = Debug|Any CPU
		Release|Any CPU = Release|Any CPU
	EndGlobalSection
	GlobalSection(ProjectConfigurationPlatforms) = postSolution
		{82FDB7CC-0807-4202-BD50-57C82B7510C6}.Debug|Any CPU.ActiveCfg = Debug|Any CPU
		{82FDB7CC-0807-4202-BD50-57C82B7510C6}.Debug|Any CPU.Build.0 = Debug|Any CPU
		{82FDB7CC-0807-4202-BD50-57C82B7510C6}.Release|Any CPU.ActiveCfg = Release|Any CPU
		{82FDB7CC-0807-4202-BD50-57C82B7510C6}.Release|Any CPU.Build.0 = Release|Any CPU
	EndGlobalSection
	GlobalSection(SolutionProperties) = preSolution
		HideSolutionNode = FALSE
	EndGlobalSection
	GlobalSection(ExtensibilityGlobals) = postSolution
		SolutionGuid = {5D38DAEB-F03B-4516-9370-366F660C9EF4}
	EndGlobalSection
EndGlobal
