
Microsoft Visual Studio Solution File, Format Version 12.00
# Visual Studio Version 16
VisualStudioVersion = 16.0.31321.278
MinimumVisualStudioVersion = 10.0.40219.1
Project("{FAE04EC0-301F-11D3-BF4B-00C04F79EFBC}") = "Senparc.Weixin.CLI", "Senparc.Weixin.CLI.csproj", "{68F3E4A8-BB49-4BB8-8F92-C80D90E0712D}"
EndProject
Global
	GlobalSection(SolutionConfigurationPlatforms) = preSolution
		Debug|Any CPU = Debug|Any CPU
		Release|Any CPU = Release|Any CPU
	EndGlobalSection
	GlobalSection(ProjectConfigurationPlatforms) = postSolution
		{68F3E4A8-BB49-4BB8-8F92-C80D90E0712D}.Debug|Any CPU.ActiveCfg = Debug|Any CPU
		{68F3E4A8-BB49-4BB8-8F92-C80D90E0712D}.Debug|Any CPU.Build.0 = Debug|Any CPU
		{68F3E4A8-BB49-4BB8-8F92-C80D90E0712D}.Release|Any CPU.ActiveCfg = Release|Any CPU
		{68F3E4A8-BB49-4BB8-8F92-C80D90E0712D}.Release|Any CPU.Build.0 = Release|Any CPU
	EndGlobalSection
	GlobalSection(SolutionProperties) = preSolution
		HideSolutionNode = FALSE
	EndGlobalSection
	GlobalSection(ExtensibilityGlobals) = postSolution
		SolutionGuid = {A0C50EB8-5476-4790-B18F-FCCD0F540D3C}
	EndGlobalSection
EndGlobal
