
Microsoft Visual Studio Solution File, Format Version 12.00
# Visual Studio Version 17
VisualStudioVersion = 17.5.33530.505
MinimumVisualStudioVersion = 10.0.40219.1
Project("{9A19103F-16F7-4668-BE54-9A1E7A4F7556}") = "Senparc.Weixin.WxOpen.net8", "Senparc.Weixin.WxOpen.net8.csproj", "{CC49603C-0AD1-488D-B0D7-B21046BF566D}"
EndProject
Project("{9A19103F-16F7-4668-BE54-9A1E7A4F7556}") = "Senparc.Weixin.net8", "..\..\..\..\Senparc.Weixin\Senparc.Weixin\Senparc.Weixin.net8.csproj", "{C24FC6A0-0065-48A7-9A89-A6518FC5A08A}"
EndProject
Project("{9A19103F-16F7-4668-BE54-9A1E7A4F7556}") = "Senparc.Weixin.MP.net8", "..\..\..\..\Senparc.Weixin.MP\Senparc.Weixin.MP\Senparc.Weixin.MP.net8.csproj", "{991CF04B-0DA9-4639-9DD2-3DAF25D1639C}"
EndProject
Project("{9A19103F-16F7-4668-BE54-9A1E7A4F7556}") = "Senparc.Weixin.WxOpen.Tests.net8", "..\..\Senparc.Weixin.WxOpen.Tests\Senparc.Weixin.WxOpen.Tests.net8.csproj", "{105F9022-00DE-49B9-8732-F1EC4086251A}"
EndProject
Project("{9A19103F-16F7-4668-BE54-9A1E7A4F7556}") = "Senparc.Weixin.MP.Test.net8", "..\..\..\..\Senparc.Weixin.MP\Senparc.Weixin.MP.Test\Senparc.Weixin.MP.Test.net8.csproj", "{31408863-7570-43E1-A378-255D5C7797D5}"
EndProject
Global
	GlobalSection(SolutionConfigurationPlatforms) = preSolution
		Debug|Any CPU = Debug|Any CPU
		Release|Any CPU = Release|Any CPU
	EndGlobalSection
	GlobalSection(ProjectConfigurationPlatforms) = postSolution
		{CC49603C-0AD1-488D-B0D7-B21046BF566D}.Debug|Any CPU.ActiveCfg = Debug|Any CPU
		{CC49603C-0AD1-488D-B0D7-B21046BF566D}.Debug|Any CPU.Build.0 = Debug|Any CPU
		{CC49603C-0AD1-488D-B0D7-B21046BF566D}.Release|Any CPU.ActiveCfg = Release|Any CPU
		{CC49603C-0AD1-488D-B0D7-B21046BF566D}.Release|Any CPU.Build.0 = Release|Any CPU
		{C24FC6A0-0065-48A7-9A89-A6518FC5A08A}.Debug|Any CPU.ActiveCfg = Debug|Any CPU
		{C24FC6A0-0065-48A7-9A89-A6518FC5A08A}.Debug|Any CPU.Build.0 = Debug|Any CPU
		{C24FC6A0-0065-48A7-9A89-A6518FC5A08A}.Release|Any CPU.ActiveCfg = Release|Any CPU
		{C24FC6A0-0065-48A7-9A89-A6518FC5A08A}.Release|Any CPU.Build.0 = Release|Any CPU
		{991CF04B-0DA9-4639-9DD2-3DAF25D1639C}.Debug|Any CPU.ActiveCfg = Debug|Any CPU
		{991CF04B-0DA9-4639-9DD2-3DAF25D1639C}.Debug|Any CPU.Build.0 = Debug|Any CPU
		{991CF04B-0DA9-4639-9DD2-3DAF25D1639C}.Release|Any CPU.ActiveCfg = Release|Any CPU
		{991CF04B-0DA9-4639-9DD2-3DAF25D1639C}.Release|Any CPU.Build.0 = Release|Any CPU
		{105F9022-00DE-49B9-8732-F1EC4086251A}.Debug|Any CPU.ActiveCfg = Debug|Any CPU
		{105F9022-00DE-49B9-8732-F1EC4086251A}.Debug|Any CPU.Build.0 = Debug|Any CPU
		{105F9022-00DE-49B9-8732-F1EC4086251A}.Release|Any CPU.ActiveCfg = Release|Any CPU
		{105F9022-00DE-49B9-8732-F1EC4086251A}.Release|Any CPU.Build.0 = Release|Any CPU
		{31408863-7570-43E1-A378-255D5C7797D5}.Debug|Any CPU.ActiveCfg = Debug|Any CPU
		{31408863-7570-43E1-A378-255D5C7797D5}.Debug|Any CPU.Build.0 = Debug|Any CPU
		{31408863-7570-43E1-A378-255D5C7797D5}.Release|Any CPU.ActiveCfg = Release|Any CPU
		{31408863-7570-43E1-A378-255D5C7797D5}.Release|Any CPU.Build.0 = Release|Any CPU
	EndGlobalSection
	GlobalSection(SolutionProperties) = preSolution
		HideSolutionNode = FALSE
	EndGlobalSection
	GlobalSection(ExtensibilityGlobals) = postSolution
		SolutionGuid = {90999109-167D-4E00-84CC-07EBF02AD77E}
	EndGlobalSection
EndGlobal
