
Microsoft Visual Studio Solution File, Format Version 12.00
# Visual Studio 15
VisualStudioVersion = 15.0.26730.10
MinimumVisualStudioVersion = 10.0.40219.1
Project("{FAE04EC0-301F-11D3-BF4B-00C04F79EFBC}") = "Senparc.Weixin.MP.MvcExtension", "..\Senparc.Weixin.MP.MvcExtension\Senparc.Weixin.MP.MvcExtension\Senparc.Weixin.MP.MvcExtension.src.csproj", "{EE8630BC-6191-4C40-9061-12C76342562D}"
EndProject
Project("{2150E333-8FDC-42A3-9474-1A3956D46DE8}") = "Libraries", "Libraries", "{2E87002F-2664-4D69-9834-2C6E720556BE}"
EndProject
Project("{FAE04EC0-301F-11D3-BF4B-00C04F79EFBC}") = "Senparc.Weixin", "Senparc.Weixin\Senparc.Weixin.src.csproj", "{814092CD-9CD0-4FB7-91E8-D147F476F1FB}"
EndProject
Project("{FAE04EC0-301F-11D3-BF4B-00C04F79EFBC}") = "Senparc.Weixin.MP", "..\Senparc.Weixin.MP\Senparc.Weixin.MP\Senparc.Weixin.MP.src.csproj", "{1D815FBF-451C-4E23-939C-CB80172F445C}"
EndProject
Project("{FAE04EC0-301F-11D3-BF4B-00C04F79EFBC}") = "Senparc.Weixin.Open", "..\Senparc.Weixin.Open\Senparc.Weixin.Open\Senparc.Weixin.Open.csproj", "{54732C3D-B673-4BBF-B0C3-6432E3D6F522}"
EndProject
Project("{2150E333-8FDC-42A3-9474-1A3956D46DE8}") = "CacheExtension", "CacheExtension", "{92B3A2C3-C3FD-4993-AB42-4FC55BBEC130}"
EndProject
Project("{FAE04EC0-301F-11D3-BF4B-00C04F79EFBC}") = "Senparc.Weixin.WxOpen", "..\Senparc.Weixin.WxOpen\src\Senparc.Weixin.WxOpen\Senparc.Weixin.WxOpen\Senparc.Weixin.WxOpen.csproj", "{379D8C97-4F96-45AF-9F91-6BD160514495}"
EndProject
Project("{FAE04EC0-301F-11D3-BF4B-00C04F79EFBC}") = "Senparc.Weixin.Work", "..\Senparc.Weixin.Work\Senparc.Weixin.Work\Senparc.Weixin.Work.csproj", "{CC0EBEC4-7120-4627-A596-C1F2958F3D5E}"
EndProject
Global
	GlobalSection(SolutionConfigurationPlatforms) = preSolution
		Debug|Any CPU = Debug|Any CPU
		Debug|x86 = Debug|x86
		Release|Any CPU = Release|Any CPU
		Release|x86 = Release|x86
		Test|Any CPU = Test|Any CPU
		Test|x86 = Test|x86
	EndGlobalSection
	GlobalSection(ProjectConfigurationPlatforms) = postSolution
		{EE8630BC-6191-4C40-9061-12C76342562D}.Debug|Any CPU.ActiveCfg = Debug|Any CPU
		{EE8630BC-6191-4C40-9061-12C76342562D}.Debug|Any CPU.Build.0 = Debug|Any CPU
		{EE8630BC-6191-4C40-9061-12C76342562D}.Debug|x86.ActiveCfg = Debug|x86
		{EE8630BC-6191-4C40-9061-12C76342562D}.Debug|x86.Build.0 = Debug|x86
		{EE8630BC-6191-4C40-9061-12C76342562D}.Release|Any CPU.ActiveCfg = Release|Any CPU
		{EE8630BC-6191-4C40-9061-12C76342562D}.Release|Any CPU.Build.0 = Release|Any CPU
		{EE8630BC-6191-4C40-9061-12C76342562D}.Release|x86.ActiveCfg = Release|x86
		{EE8630BC-6191-4C40-9061-12C76342562D}.Release|x86.Build.0 = Release|x86
		{EE8630BC-6191-4C40-9061-12C76342562D}.Test|Any CPU.ActiveCfg = Debug|Any CPU
		{EE8630BC-6191-4C40-9061-12C76342562D}.Test|Any CPU.Build.0 = Debug|Any CPU
		{EE8630BC-6191-4C40-9061-12C76342562D}.Test|x86.ActiveCfg = Release|x86
		{EE8630BC-6191-4C40-9061-12C76342562D}.Test|x86.Build.0 = Release|x86
		{814092CD-9CD0-4FB7-91E8-D147F476F1FB}.Debug|Any CPU.ActiveCfg = Debug|Any CPU
		{814092CD-9CD0-4FB7-91E8-D147F476F1FB}.Debug|Any CPU.Build.0 = Debug|Any CPU
		{814092CD-9CD0-4FB7-91E8-D147F476F1FB}.Debug|x86.ActiveCfg = Debug|x86
		{814092CD-9CD0-4FB7-91E8-D147F476F1FB}.Debug|x86.Build.0 = Debug|x86
		{814092CD-9CD0-4FB7-91E8-D147F476F1FB}.Release|Any CPU.ActiveCfg = Release|Any CPU
		{814092CD-9CD0-4FB7-91E8-D147F476F1FB}.Release|Any CPU.Build.0 = Release|Any CPU
		{814092CD-9CD0-4FB7-91E8-D147F476F1FB}.Release|x86.ActiveCfg = Release|x86
		{814092CD-9CD0-4FB7-91E8-D147F476F1FB}.Release|x86.Build.0 = Release|x86
		{814092CD-9CD0-4FB7-91E8-D147F476F1FB}.Test|Any CPU.ActiveCfg = Debug|Any CPU
		{814092CD-9CD0-4FB7-91E8-D147F476F1FB}.Test|Any CPU.Build.0 = Debug|Any CPU
		{814092CD-9CD0-4FB7-91E8-D147F476F1FB}.Test|x86.ActiveCfg = Release|x86
		{814092CD-9CD0-4FB7-91E8-D147F476F1FB}.Test|x86.Build.0 = Release|x86
		{1D815FBF-451C-4E23-939C-CB80172F445C}.Debug|Any CPU.ActiveCfg = Debug|Any CPU
		{1D815FBF-451C-4E23-939C-CB80172F445C}.Debug|Any CPU.Build.0 = Debug|Any CPU
		{1D815FBF-451C-4E23-939C-CB80172F445C}.Debug|x86.ActiveCfg = Debug|x86
		{1D815FBF-451C-4E23-939C-CB80172F445C}.Debug|x86.Build.0 = Debug|x86
		{1D815FBF-451C-4E23-939C-CB80172F445C}.Release|Any CPU.ActiveCfg = Release|Any CPU
		{1D815FBF-451C-4E23-939C-CB80172F445C}.Release|Any CPU.Build.0 = Release|Any CPU
		{1D815FBF-451C-4E23-939C-CB80172F445C}.Release|x86.ActiveCfg = Release|x86
		{1D815FBF-451C-4E23-939C-CB80172F445C}.Release|x86.Build.0 = Release|x86
		{1D815FBF-451C-4E23-939C-CB80172F445C}.Test|Any CPU.ActiveCfg = Debug|Any CPU
		{1D815FBF-451C-4E23-939C-CB80172F445C}.Test|Any CPU.Build.0 = Debug|Any CPU
		{1D815FBF-451C-4E23-939C-CB80172F445C}.Test|x86.ActiveCfg = Release|x86
		{1D815FBF-451C-4E23-939C-CB80172F445C}.Test|x86.Build.0 = Release|x86
		{54732C3D-B673-4BBF-B0C3-6432E3D6F522}.Debug|Any CPU.ActiveCfg = Debug|Any CPU
		{54732C3D-B673-4BBF-B0C3-6432E3D6F522}.Debug|Any CPU.Build.0 = Debug|Any CPU
		{54732C3D-B673-4BBF-B0C3-6432E3D6F522}.Debug|x86.ActiveCfg = Debug|x86
		{54732C3D-B673-4BBF-B0C3-6432E3D6F522}.Debug|x86.Build.0 = Debug|x86
		{54732C3D-B673-4BBF-B0C3-6432E3D6F522}.Release|Any CPU.ActiveCfg = Release|Any CPU
		{54732C3D-B673-4BBF-B0C3-6432E3D6F522}.Release|Any CPU.Build.0 = Release|Any CPU
		{54732C3D-B673-4BBF-B0C3-6432E3D6F522}.Release|x86.ActiveCfg = Release|x86
		{54732C3D-B673-4BBF-B0C3-6432E3D6F522}.Release|x86.Build.0 = Release|x86
		{54732C3D-B673-4BBF-B0C3-6432E3D6F522}.Test|Any CPU.ActiveCfg = Debug|Any CPU
		{54732C3D-B673-4BBF-B0C3-6432E3D6F522}.Test|Any CPU.Build.0 = Debug|Any CPU
		{54732C3D-B673-4BBF-B0C3-6432E3D6F522}.Test|x86.ActiveCfg = Release|x86
		{54732C3D-B673-4BBF-B0C3-6432E3D6F522}.Test|x86.Build.0 = Release|x86
		{379D8C97-4F96-45AF-9F91-6BD160514495}.Debug|Any CPU.ActiveCfg = Debug|Any CPU
		{379D8C97-4F96-45AF-9F91-6BD160514495}.Debug|Any CPU.Build.0 = Debug|Any CPU
		{379D8C97-4F96-45AF-9F91-6BD160514495}.Debug|x86.ActiveCfg = Debug|Any CPU
		{379D8C97-4F96-45AF-9F91-6BD160514495}.Debug|x86.Build.0 = Debug|Any CPU
		{379D8C97-4F96-45AF-9F91-6BD160514495}.Release|Any CPU.ActiveCfg = Release|Any CPU
		{379D8C97-4F96-45AF-9F91-6BD160514495}.Release|Any CPU.Build.0 = Release|Any CPU
		{379D8C97-4F96-45AF-9F91-6BD160514495}.Release|x86.ActiveCfg = Release|Any CPU
		{379D8C97-4F96-45AF-9F91-6BD160514495}.Release|x86.Build.0 = Release|Any CPU
		{379D8C97-4F96-45AF-9F91-6BD160514495}.Test|Any CPU.ActiveCfg = Release|Any CPU
		{379D8C97-4F96-45AF-9F91-6BD160514495}.Test|Any CPU.Build.0 = Release|Any CPU
		{379D8C97-4F96-45AF-9F91-6BD160514495}.Test|x86.ActiveCfg = Release|Any CPU
		{379D8C97-4F96-45AF-9F91-6BD160514495}.Test|x86.Build.0 = Release|Any CPU
		{CC0EBEC4-7120-4627-A596-C1F2958F3D5E}.Debug|Any CPU.ActiveCfg = Debug|Any CPU
		{CC0EBEC4-7120-4627-A596-C1F2958F3D5E}.Debug|Any CPU.Build.0 = Debug|Any CPU
		{CC0EBEC4-7120-4627-A596-C1F2958F3D5E}.Debug|x86.ActiveCfg = Debug|x86
		{CC0EBEC4-7120-4627-A596-C1F2958F3D5E}.Debug|x86.Build.0 = Debug|x86
		{CC0EBEC4-7120-4627-A596-C1F2958F3D5E}.Release|Any CPU.ActiveCfg = Release|Any CPU
		{CC0EBEC4-7120-4627-A596-C1F2958F3D5E}.Release|Any CPU.Build.0 = Release|Any CPU
		{CC0EBEC4-7120-4627-A596-C1F2958F3D5E}.Release|x86.ActiveCfg = Release|x86
		{CC0EBEC4-7120-4627-A596-C1F2958F3D5E}.Release|x86.Build.0 = Release|x86
		{CC0EBEC4-7120-4627-A596-C1F2958F3D5E}.Test|Any CPU.ActiveCfg = Release|Any CPU
		{CC0EBEC4-7120-4627-A596-C1F2958F3D5E}.Test|Any CPU.Build.0 = Release|Any CPU
		{CC0EBEC4-7120-4627-A596-C1F2958F3D5E}.Test|x86.ActiveCfg = Release|x86
		{CC0EBEC4-7120-4627-A596-C1F2958F3D5E}.Test|x86.Build.0 = Release|x86
	EndGlobalSection
	GlobalSection(SolutionProperties) = preSolution
		HideSolutionNode = FALSE
	EndGlobalSection
	GlobalSection(NestedProjects) = preSolution
		{EE8630BC-6191-4C40-9061-12C76342562D} = {2E87002F-2664-4D69-9834-2C6E720556BE}
		{814092CD-9CD0-4FB7-91E8-D147F476F1FB} = {2E87002F-2664-4D69-9834-2C6E720556BE}
		{1D815FBF-451C-4E23-939C-CB80172F445C} = {2E87002F-2664-4D69-9834-2C6E720556BE}
		{54732C3D-B673-4BBF-B0C3-6432E3D6F522} = {2E87002F-2664-4D69-9834-2C6E720556BE}
		{92B3A2C3-C3FD-4993-AB42-4FC55BBEC130} = {2E87002F-2664-4D69-9834-2C6E720556BE}
		{379D8C97-4F96-45AF-9F91-6BD160514495} = {2E87002F-2664-4D69-9834-2C6E720556BE}
		{CC0EBEC4-7120-4627-A596-C1F2958F3D5E} = {2E87002F-2664-4D69-9834-2C6E720556BE}
	EndGlobalSection
	GlobalSection(ExtensibilityGlobals) = postSolution
		SolutionGuid = {9FF94A40-A42C-450D-8A98-60F641A64CE5}
	EndGlobalSection
EndGlobal

