Microsoft Visual Studio Solution File, Format Version 12.00
# Visual Studio Version 17
VisualStudioVersion = 17.5.2.0
MinimumVisualStudioVersion = 10.0.40219.1
Project("{FAE04EC0-301F-11D3-BF4B-00C04F79EFBC}") = "Senparc.Weixin.Sample.net8", "Senparc.Weixin.Sample.net8.csproj", "{059443DD-4F89-454C-12FB-9341EBAFCB64}"
EndProject
Global
	GlobalSection(SolutionConfigurationPlatforms) = preSolution
		Debug|Any CPU = Debug|Any CPU
		Release|Any CPU = Release|Any CPU
	EndGlobalSection
	GlobalSection(ProjectConfigurationPlatforms) = postSolution
		{059443DD-4F89-454C-12FB-9341EBAFCB64}.Debug|Any CPU.ActiveCfg = Debug|Any CPU
		{059443DD-4F89-454C-12FB-9341EBAFCB64}.Debug|Any CPU.Build.0 = Debug|Any CPU
		{059443DD-4F89-454C-12FB-9341EBAFCB64}.Release|Any CPU.ActiveCfg = Release|Any CPU
		{059443DD-4F89-454C-12FB-9341EBAFCB64}.Release|Any CPU.Build.0 = Release|Any CPU
	EndGlobalSection
	GlobalSection(SolutionProperties) = preSolution
		HideSolutionNode = FALSE
	EndGlobalSection
	GlobalSection(ExtensibilityGlobals) = postSolution
		SolutionGuid = {7442711E-A151-47C0-B5F7-89FC2CDB18B6}
	EndGlobalSection
EndGlobal
