
Microsoft Visual Studio Solution File, Format Version 12.00
# Visual Studio 15
VisualStudioVersion = 15.0.27130.2027
MinimumVisualStudioVersion = 10.0.40219.1
Project("{2150E333-8FDC-42A3-9474-1A3956D46DE8}") = "Libraires", "Libraires", "{E72ACEC5-2011-41C7-9A48-34F073D1AEE2}"
EndProject
Project("{2150E333-8FDC-42A3-9474-1A3956D46DE8}") = "Sample.netcore", "Sample.netcore", "{35139CB3-610E-4922-98AD-08A5D12BFC35}"
EndProject
Project("{2150E333-8FDC-42A3-9474-1A3956D46DE8}") = "Tests", "Tests", "{FC72CA5A-5DE9-4902-A5AA-00344FA68B37}"
EndProject
Project("{2150E333-8FDC-42A3-9474-1A3956D46DE8}") = "Docker", "Docker", "{DCF86D54-CF96-4C69-9385-7AA62B399104}"
EndProject
Project("{2150E333-8FDC-42A3-9474-1A3956D46DE8}") = "Cache", "Cache", "{FDC9A3F1-A2EC-4E44-9093-BE0EE1C17093}"
EndProject
Project("{2150E333-8FDC-42A3-9474-1A3956D46DE8}") = "Sample.net45", "Sample.net45", "{AA3BD43D-1CAB-472E-AAA7-90D7A68AAD09}"
EndProject
Project("{9A19103F-16F7-4668-BE54-9A1E7A4F7556}") = "Senparc.Weixin.Work.vs2017", "..\..\src\Senparc.Weixin.Work\Senparc.Weixin.Work\Senparc.Weixin.Work.vs2017.csproj", "{0F0FC7C9-E9DF-4814-BFC3-9F781A6E12FE}"
EndProject
Project("{9A19103F-16F7-4668-BE54-9A1E7A4F7556}") = "Senparc.WeixinTests.vs2017", "..\..\src\Senparc.Weixin.MP\Senparc.WeixinTests\Senparc.WeixinTests.vs2017.csproj", "{2F7A938D-0D5A-44A2-B933-07F0D45F7050}"
EndProject
Project("{9A19103F-16F7-4668-BE54-9A1E7A4F7556}") = "Senparc.Weixin.MP.CoreSample", "Senparc.Weixin.MP.CoreSample\Senparc.Weixin.MP.CoreSample.csproj", "{7D4C643A-2297-4575-86D2-C8BB7B372B5B}"
EndProject
Project("{9A19103F-16F7-4668-BE54-9A1E7A4F7556}") = "Senparc.Weixin.MP.Test.vs2017", "..\..\src\Senparc.Weixin.MP\Senparc.Weixin.MP.Test\Senparc.Weixin.MP.Test.vs2017.csproj", "{D9A6E1F7-E7DB-4DF0-B0F5-6C921EE76F25}"
EndProject
Project("{9A19103F-16F7-4668-BE54-9A1E7A4F7556}") = "Senparc.Weixin.vs2017", "..\..\src\Senparc.Weixin\Senparc.Weixin\Senparc.Weixin.vs2017.csproj", "{85FEFE9E-1418-48D1-9D72-9F95C7D82EA2}"
EndProject
Project("{9A19103F-16F7-4668-BE54-9A1E7A4F7556}") = "Senparc.WebSocket.vs2017", "..\..\src\Senparc.WebSocket\src\Senparc.WebSocket\Senparc.WebSocket\Senparc.WebSocket.vs2017.csproj", "{18AACD60-9851-46DD-ACAA-98D44B543C08}"
EndProject
Project("{9A19103F-16F7-4668-BE54-9A1E7A4F7556}") = "Senparc.Weixin.MP.vs2017", "..\..\src\Senparc.Weixin.MP\Senparc.Weixin.MP\Senparc.Weixin.MP.vs2017.csproj", "{6FE907A7-B306-48C6-9239-D3AABEC39B0C}"
EndProject
Project("{9A19103F-16F7-4668-BE54-9A1E7A4F7556}") = "Senparc.Weixin.MP.MvcExtension.vs2017", "..\..\src\Senparc.Weixin.MP.MvcExtension\Senparc.Weixin.MP.MvcExtension\Senparc.Weixin.MP.MvcExtension.vs2017.csproj", "{BB8F6709-811B-44FB-B35B-2F3401367C3E}"
EndProject
Project("{9A19103F-16F7-4668-BE54-9A1E7A4F7556}") = "Senparc.Weixin.Open.vs2017", "..\..\src\Senparc.Weixin.Open\Senparc.Weixin.Open\Senparc.Weixin.Open.vs2017.csproj", "{7C2BBAAE-1005-43F4-A6E9-BAD81C692AB5}"
EndProject
Project("{9A19103F-16F7-4668-BE54-9A1E7A4F7556}") = "Senparc.Weixin.WxOpen.vs2017", "..\..\src\Senparc.Weixin.WxOpen\src\Senparc.Weixin.WxOpen\Senparc.Weixin.WxOpen\Senparc.Weixin.WxOpen.vs2017.csproj", "{949AB111-1EB7-4805-8A11-5A4D7D416B6C}"
EndProject
Project("{9A19103F-16F7-4668-BE54-9A1E7A4F7556}") = "Senparc.Weixin.Cache.Memcached.vs2017", "..\..\src\Senparc.Weixin.Cache\Senparc.Weixin.Cache.Memcached\Senparc.Weixin.Cache.Memcached.vs2017.csproj", "{7B0FBF2E-47DF-4B97-B3CF-80700AB7EE11}"
EndProject
Project("{9A19103F-16F7-4668-BE54-9A1E7A4F7556}") = "Senparc.Weixin.Cache.Redis.vs2017", "..\..\src\Senparc.Weixin.Cache\Senparc.Weixin.Cache.Redis\Senparc.Weixin.Cache.Redis.vs2017.csproj", "{A085F16B-9455-4CC5-9B6A-1DF054D174EB}"
EndProject
Project("{9A19103F-16F7-4668-BE54-9A1E7A4F7556}") = "Senparc.Weixin.Cache.Redis.RedLock.vs2017", "..\..\src\Senparc.Weixin.Cache\Senparc.Weixin.Cache.Redis.RedLock\redlock-cs\src\Senparc.Weixin.Cache.Redis.RedLock.vs2017.csproj", "{2F97B5FC-FC5C-46F3-B4E4-F3522124C2A4}"
EndProject
Project("{9A19103F-16F7-4668-BE54-9A1E7A4F7556}") = "Senparc.Weixin.MP.CoreSample.CommonService", "..\Senparc.Weixin.MP.Sample\Senparc.Weixin.MP.Sample.CommonService\Senparc.Weixin.MP.CoreSample.CommonService.csproj", "{2C90AE7E-B6DE-4C3A-AF9A-96859D529CF0}"
EndProject
Project("{9A19103F-16F7-4668-BE54-9A1E7A4F7556}") = "Senparc.Weixin.Work.Test.vs2017", "..\..\src\Senparc.Weixin.Work\Senparc.Weixin.Work.Test\Senparc.Weixin.Work.Test.vs2017.csproj", "{879883C2-2781-4151-B84A-3CBD6BB9A86A}"
EndProject
Project("{9A19103F-16F7-4668-BE54-9A1E7A4F7556}") = "Senparc.Weixin.Open.Test.vs2017", "..\..\src\Senparc.Weixin.Open\Senparc.Weixin.Open.Test\Senparc.Weixin.Open.Test.vs2017.csproj", "{A885B774-4ADE-4C1B-AC9C-7F863EFA2CE0}"
EndProject
Project("{9A19103F-16F7-4668-BE54-9A1E7A4F7556}") = "Senparc.Weixin.WxOpen.Tests.vs2017", "..\..\src\Senparc.Weixin.WxOpen\src\Senparc.Weixin.WxOpen.Tests\Senparc.Weixin.WxOpen.Tests.vs2017.csproj", "{7F104C20-FAB8-4EFD-A020-2BCF4C236D76}"
EndProject
Project("{9A19103F-16F7-4668-BE54-9A1E7A4F7556}") = "Senparc.Weixin.Cache.Redis.Tests.vs2017", "..\..\src\Senparc.Weixin.Cache\Senparc.Weixin.Cache.Redis.Tests\Senparc.Weixin.Cache.Redis.Tests.vs2017.csproj", "{6CF93018-06A8-46D3-B1A2-CC95CD9EE9F1}"
EndProject
Global
	GlobalSection(SolutionConfigurationPlatforms) = preSolution
		Debug|Any CPU = Debug|Any CPU
		Debug|x64 = Debug|x64
		Debug|x86 = Debug|x86
		Release|Any CPU = Release|Any CPU
		Release|x64 = Release|x64
		Release|x86 = Release|x86
		Test|Any CPU = Test|Any CPU
		Test|x64 = Test|x64
		Test|x86 = Test|x86
	EndGlobalSection
	GlobalSection(ProjectConfigurationPlatforms) = postSolution
		{0F0FC7C9-E9DF-4814-BFC3-9F781A6E12FE}.Debug|Any CPU.ActiveCfg = Debug|Any CPU
		{0F0FC7C9-E9DF-4814-BFC3-9F781A6E12FE}.Debug|Any CPU.Build.0 = Debug|Any CPU
		{0F0FC7C9-E9DF-4814-BFC3-9F781A6E12FE}.Debug|x64.ActiveCfg = Debug|Any CPU
		{0F0FC7C9-E9DF-4814-BFC3-9F781A6E12FE}.Debug|x64.Build.0 = Debug|Any CPU
		{0F0FC7C9-E9DF-4814-BFC3-9F781A6E12FE}.Debug|x86.ActiveCfg = Debug|Any CPU
		{0F0FC7C9-E9DF-4814-BFC3-9F781A6E12FE}.Debug|x86.Build.0 = Debug|Any CPU
		{0F0FC7C9-E9DF-4814-BFC3-9F781A6E12FE}.Release|Any CPU.ActiveCfg = Release|Any CPU
		{0F0FC7C9-E9DF-4814-BFC3-9F781A6E12FE}.Release|Any CPU.Build.0 = Release|Any CPU
		{0F0FC7C9-E9DF-4814-BFC3-9F781A6E12FE}.Release|x64.ActiveCfg = Release|Any CPU
		{0F0FC7C9-E9DF-4814-BFC3-9F781A6E12FE}.Release|x64.Build.0 = Release|Any CPU
		{0F0FC7C9-E9DF-4814-BFC3-9F781A6E12FE}.Release|x86.ActiveCfg = Release|Any CPU
		{0F0FC7C9-E9DF-4814-BFC3-9F781A6E12FE}.Release|x86.Build.0 = Release|Any CPU
		{0F0FC7C9-E9DF-4814-BFC3-9F781A6E12FE}.Test|Any CPU.ActiveCfg = Debug|Any CPU
		{0F0FC7C9-E9DF-4814-BFC3-9F781A6E12FE}.Test|Any CPU.Build.0 = Debug|Any CPU
		{0F0FC7C9-E9DF-4814-BFC3-9F781A6E12FE}.Test|x64.ActiveCfg = Release|Any CPU
		{0F0FC7C9-E9DF-4814-BFC3-9F781A6E12FE}.Test|x64.Build.0 = Release|Any CPU
		{0F0FC7C9-E9DF-4814-BFC3-9F781A6E12FE}.Test|x86.ActiveCfg = Release|Any CPU
		{0F0FC7C9-E9DF-4814-BFC3-9F781A6E12FE}.Test|x86.Build.0 = Release|Any CPU
		{2F7A938D-0D5A-44A2-B933-07F0D45F7050}.Debug|Any CPU.ActiveCfg = Debug|Any CPU
		{2F7A938D-0D5A-44A2-B933-07F0D45F7050}.Debug|Any CPU.Build.0 = Debug|Any CPU
		{2F7A938D-0D5A-44A2-B933-07F0D45F7050}.Debug|x64.ActiveCfg = Debug|Any CPU
		{2F7A938D-0D5A-44A2-B933-07F0D45F7050}.Debug|x64.Build.0 = Debug|Any CPU
		{2F7A938D-0D5A-44A2-B933-07F0D45F7050}.Debug|x86.ActiveCfg = Debug|Any CPU
		{2F7A938D-0D5A-44A2-B933-07F0D45F7050}.Debug|x86.Build.0 = Debug|Any CPU
		{2F7A938D-0D5A-44A2-B933-07F0D45F7050}.Release|Any CPU.ActiveCfg = Release|Any CPU
		{2F7A938D-0D5A-44A2-B933-07F0D45F7050}.Release|x64.ActiveCfg = Release|Any CPU
		{2F7A938D-0D5A-44A2-B933-07F0D45F7050}.Release|x64.Build.0 = Release|Any CPU
		{2F7A938D-0D5A-44A2-B933-07F0D45F7050}.Release|x86.ActiveCfg = Release|Any CPU
		{2F7A938D-0D5A-44A2-B933-07F0D45F7050}.Release|x86.Build.0 = Release|Any CPU
		{2F7A938D-0D5A-44A2-B933-07F0D45F7050}.Test|Any CPU.ActiveCfg = Debug|Any CPU
		{2F7A938D-0D5A-44A2-B933-07F0D45F7050}.Test|Any CPU.Build.0 = Debug|Any CPU
		{2F7A938D-0D5A-44A2-B933-07F0D45F7050}.Test|x64.ActiveCfg = Debug|Any CPU
		{2F7A938D-0D5A-44A2-B933-07F0D45F7050}.Test|x64.Build.0 = Debug|Any CPU
		{2F7A938D-0D5A-44A2-B933-07F0D45F7050}.Test|x86.ActiveCfg = Debug|Any CPU
		{2F7A938D-0D5A-44A2-B933-07F0D45F7050}.Test|x86.Build.0 = Debug|Any CPU
		{7D4C643A-2297-4575-86D2-C8BB7B372B5B}.Debug|Any CPU.ActiveCfg = Debug|Any CPU
		{7D4C643A-2297-4575-86D2-C8BB7B372B5B}.Debug|Any CPU.Build.0 = Debug|Any CPU
		{7D4C643A-2297-4575-86D2-C8BB7B372B5B}.Debug|x64.ActiveCfg = Debug|Any CPU
		{7D4C643A-2297-4575-86D2-C8BB7B372B5B}.Debug|x64.Build.0 = Debug|Any CPU
		{7D4C643A-2297-4575-86D2-C8BB7B372B5B}.Debug|x86.ActiveCfg = Debug|Any CPU
		{7D4C643A-2297-4575-86D2-C8BB7B372B5B}.Debug|x86.Build.0 = Debug|Any CPU
		{7D4C643A-2297-4575-86D2-C8BB7B372B5B}.Release|Any CPU.ActiveCfg = Release|Any CPU
		{7D4C643A-2297-4575-86D2-C8BB7B372B5B}.Release|Any CPU.Build.0 = Release|Any CPU
		{7D4C643A-2297-4575-86D2-C8BB7B372B5B}.Release|x64.ActiveCfg = Release|Any CPU
		{7D4C643A-2297-4575-86D2-C8BB7B372B5B}.Release|x64.Build.0 = Release|Any CPU
		{7D4C643A-2297-4575-86D2-C8BB7B372B5B}.Release|x86.ActiveCfg = Release|Any CPU
		{7D4C643A-2297-4575-86D2-C8BB7B372B5B}.Release|x86.Build.0 = Release|Any CPU
		{7D4C643A-2297-4575-86D2-C8BB7B372B5B}.Test|Any CPU.ActiveCfg = Debug|Any CPU
		{7D4C643A-2297-4575-86D2-C8BB7B372B5B}.Test|Any CPU.Build.0 = Debug|Any CPU
		{7D4C643A-2297-4575-86D2-C8BB7B372B5B}.Test|x64.ActiveCfg = Debug|Any CPU
		{7D4C643A-2297-4575-86D2-C8BB7B372B5B}.Test|x64.Build.0 = Debug|Any CPU
		{7D4C643A-2297-4575-86D2-C8BB7B372B5B}.Test|x86.ActiveCfg = Debug|Any CPU
		{7D4C643A-2297-4575-86D2-C8BB7B372B5B}.Test|x86.Build.0 = Debug|Any CPU
		{D9A6E1F7-E7DB-4DF0-B0F5-6C921EE76F25}.Debug|Any CPU.ActiveCfg = Debug|Any CPU
		{D9A6E1F7-E7DB-4DF0-B0F5-6C921EE76F25}.Debug|Any CPU.Build.0 = Debug|Any CPU
		{D9A6E1F7-E7DB-4DF0-B0F5-6C921EE76F25}.Debug|x64.ActiveCfg = Debug|Any CPU
		{D9A6E1F7-E7DB-4DF0-B0F5-6C921EE76F25}.Debug|x64.Build.0 = Debug|Any CPU
		{D9A6E1F7-E7DB-4DF0-B0F5-6C921EE76F25}.Debug|x86.ActiveCfg = Debug|Any CPU
		{D9A6E1F7-E7DB-4DF0-B0F5-6C921EE76F25}.Debug|x86.Build.0 = Debug|Any CPU
		{D9A6E1F7-E7DB-4DF0-B0F5-6C921EE76F25}.Release|Any CPU.ActiveCfg = Release|Any CPU
		{D9A6E1F7-E7DB-4DF0-B0F5-6C921EE76F25}.Release|x64.ActiveCfg = Release|Any CPU
		{D9A6E1F7-E7DB-4DF0-B0F5-6C921EE76F25}.Release|x64.Build.0 = Release|Any CPU
		{D9A6E1F7-E7DB-4DF0-B0F5-6C921EE76F25}.Release|x86.ActiveCfg = Release|Any CPU
		{D9A6E1F7-E7DB-4DF0-B0F5-6C921EE76F25}.Release|x86.Build.0 = Release|Any CPU
		{D9A6E1F7-E7DB-4DF0-B0F5-6C921EE76F25}.Test|Any CPU.ActiveCfg = Debug|Any CPU
		{D9A6E1F7-E7DB-4DF0-B0F5-6C921EE76F25}.Test|Any CPU.Build.0 = Debug|Any CPU
		{D9A6E1F7-E7DB-4DF0-B0F5-6C921EE76F25}.Test|x64.ActiveCfg = Debug|Any CPU
		{D9A6E1F7-E7DB-4DF0-B0F5-6C921EE76F25}.Test|x64.Build.0 = Debug|Any CPU
		{D9A6E1F7-E7DB-4DF0-B0F5-6C921EE76F25}.Test|x86.ActiveCfg = Debug|Any CPU
		{D9A6E1F7-E7DB-4DF0-B0F5-6C921EE76F25}.Test|x86.Build.0 = Debug|Any CPU
		{85FEFE9E-1418-48D1-9D72-9F95C7D82EA2}.Debug|Any CPU.ActiveCfg = Debug|Any CPU
		{85FEFE9E-1418-48D1-9D72-9F95C7D82EA2}.Debug|Any CPU.Build.0 = Debug|Any CPU
		{85FEFE9E-1418-48D1-9D72-9F95C7D82EA2}.Debug|x64.ActiveCfg = Debug|Any CPU
		{85FEFE9E-1418-48D1-9D72-9F95C7D82EA2}.Debug|x64.Build.0 = Debug|Any CPU
		{85FEFE9E-1418-48D1-9D72-9F95C7D82EA2}.Debug|x86.ActiveCfg = Debug|Any CPU
		{85FEFE9E-1418-48D1-9D72-9F95C7D82EA2}.Debug|x86.Build.0 = Debug|Any CPU
		{85FEFE9E-1418-48D1-9D72-9F95C7D82EA2}.Release|Any CPU.ActiveCfg = Release|Any CPU
		{85FEFE9E-1418-48D1-9D72-9F95C7D82EA2}.Release|Any CPU.Build.0 = Release|Any CPU
		{85FEFE9E-1418-48D1-9D72-9F95C7D82EA2}.Release|x64.ActiveCfg = Release|Any CPU
		{85FEFE9E-1418-48D1-9D72-9F95C7D82EA2}.Release|x64.Build.0 = Release|Any CPU
		{85FEFE9E-1418-48D1-9D72-9F95C7D82EA2}.Release|x86.ActiveCfg = Release|Any CPU
		{85FEFE9E-1418-48D1-9D72-9F95C7D82EA2}.Release|x86.Build.0 = Release|Any CPU
		{85FEFE9E-1418-48D1-9D72-9F95C7D82EA2}.Test|Any CPU.ActiveCfg = Debug|Any CPU
		{85FEFE9E-1418-48D1-9D72-9F95C7D82EA2}.Test|Any CPU.Build.0 = Debug|Any CPU
		{85FEFE9E-1418-48D1-9D72-9F95C7D82EA2}.Test|x64.ActiveCfg = Release|Any CPU
		{85FEFE9E-1418-48D1-9D72-9F95C7D82EA2}.Test|x64.Build.0 = Release|Any CPU
		{85FEFE9E-1418-48D1-9D72-9F95C7D82EA2}.Test|x86.ActiveCfg = Release|Any CPU
		{85FEFE9E-1418-48D1-9D72-9F95C7D82EA2}.Test|x86.Build.0 = Release|Any CPU
		{18AACD60-9851-46DD-ACAA-98D44B543C08}.Debug|Any CPU.ActiveCfg = Debug|Any CPU
		{18AACD60-9851-46DD-ACAA-98D44B543C08}.Debug|Any CPU.Build.0 = Debug|Any CPU
		{18AACD60-9851-46DD-ACAA-98D44B543C08}.Debug|x64.ActiveCfg = Debug|Any CPU
		{18AACD60-9851-46DD-ACAA-98D44B543C08}.Debug|x64.Build.0 = Debug|Any CPU
		{18AACD60-9851-46DD-ACAA-98D44B543C08}.Debug|x86.ActiveCfg = Debug|Any CPU
		{18AACD60-9851-46DD-ACAA-98D44B543C08}.Debug|x86.Build.0 = Debug|Any CPU
		{18AACD60-9851-46DD-ACAA-98D44B543C08}.Release|Any CPU.ActiveCfg = Release|Any CPU
		{18AACD60-9851-46DD-ACAA-98D44B543C08}.Release|Any CPU.Build.0 = Release|Any CPU
		{18AACD60-9851-46DD-ACAA-98D44B543C08}.Release|x64.ActiveCfg = Release|Any CPU
		{18AACD60-9851-46DD-ACAA-98D44B543C08}.Release|x64.Build.0 = Release|Any CPU
		{18AACD60-9851-46DD-ACAA-98D44B543C08}.Release|x86.ActiveCfg = Release|Any CPU
		{18AACD60-9851-46DD-ACAA-98D44B543C08}.Release|x86.Build.0 = Release|Any CPU
		{18AACD60-9851-46DD-ACAA-98D44B543C08}.Test|Any CPU.ActiveCfg = Debug|Any CPU
		{18AACD60-9851-46DD-ACAA-98D44B543C08}.Test|Any CPU.Build.0 = Debug|Any CPU
		{18AACD60-9851-46DD-ACAA-98D44B543C08}.Test|x64.ActiveCfg = Release|Any CPU
		{18AACD60-9851-46DD-ACAA-98D44B543C08}.Test|x64.Build.0 = Release|Any CPU
		{18AACD60-9851-46DD-ACAA-98D44B543C08}.Test|x86.ActiveCfg = Release|Any CPU
		{18AACD60-9851-46DD-ACAA-98D44B543C08}.Test|x86.Build.0 = Release|Any CPU
		{6FE907A7-B306-48C6-9239-D3AABEC39B0C}.Debug|Any CPU.ActiveCfg = Debug|Any CPU
		{6FE907A7-B306-48C6-9239-D3AABEC39B0C}.Debug|Any CPU.Build.0 = Debug|Any CPU
		{6FE907A7-B306-48C6-9239-D3AABEC39B0C}.Debug|x64.ActiveCfg = Debug|Any CPU
		{6FE907A7-B306-48C6-9239-D3AABEC39B0C}.Debug|x64.Build.0 = Debug|Any CPU
		{6FE907A7-B306-48C6-9239-D3AABEC39B0C}.Debug|x86.ActiveCfg = Debug|Any CPU
		{6FE907A7-B306-48C6-9239-D3AABEC39B0C}.Debug|x86.Build.0 = Debug|Any CPU
		{6FE907A7-B306-48C6-9239-D3AABEC39B0C}.Release|Any CPU.ActiveCfg = Release|Any CPU
		{6FE907A7-B306-48C6-9239-D3AABEC39B0C}.Release|Any CPU.Build.0 = Release|Any CPU
		{6FE907A7-B306-48C6-9239-D3AABEC39B0C}.Release|x64.ActiveCfg = Release|Any CPU
		{6FE907A7-B306-48C6-9239-D3AABEC39B0C}.Release|x64.Build.0 = Release|Any CPU
		{6FE907A7-B306-48C6-9239-D3AABEC39B0C}.Release|x86.ActiveCfg = Release|Any CPU
		{6FE907A7-B306-48C6-9239-D3AABEC39B0C}.Release|x86.Build.0 = Release|Any CPU
		{6FE907A7-B306-48C6-9239-D3AABEC39B0C}.Test|Any CPU.ActiveCfg = Debug|Any CPU
		{6FE907A7-B306-48C6-9239-D3AABEC39B0C}.Test|Any CPU.Build.0 = Debug|Any CPU
		{6FE907A7-B306-48C6-9239-D3AABEC39B0C}.Test|x64.ActiveCfg = Release|Any CPU
		{6FE907A7-B306-48C6-9239-D3AABEC39B0C}.Test|x64.Build.0 = Release|Any CPU
		{6FE907A7-B306-48C6-9239-D3AABEC39B0C}.Test|x86.ActiveCfg = Release|Any CPU
		{6FE907A7-B306-48C6-9239-D3AABEC39B0C}.Test|x86.Build.0 = Release|Any CPU
		{BB8F6709-811B-44FB-B35B-2F3401367C3E}.Debug|Any CPU.ActiveCfg = Debug|Any CPU
		{BB8F6709-811B-44FB-B35B-2F3401367C3E}.Debug|Any CPU.Build.0 = Debug|Any CPU
		{BB8F6709-811B-44FB-B35B-2F3401367C3E}.Debug|x64.ActiveCfg = Debug|Any CPU
		{BB8F6709-811B-44FB-B35B-2F3401367C3E}.Debug|x64.Build.0 = Debug|Any CPU
		{BB8F6709-811B-44FB-B35B-2F3401367C3E}.Debug|x86.ActiveCfg = Debug|Any CPU
		{BB8F6709-811B-44FB-B35B-2F3401367C3E}.Debug|x86.Build.0 = Debug|Any CPU
		{BB8F6709-811B-44FB-B35B-2F3401367C3E}.Release|Any CPU.ActiveCfg = Release|Any CPU
		{BB8F6709-811B-44FB-B35B-2F3401367C3E}.Release|Any CPU.Build.0 = Release|Any CPU
		{BB8F6709-811B-44FB-B35B-2F3401367C3E}.Release|x64.ActiveCfg = Release|Any CPU
		{BB8F6709-811B-44FB-B35B-2F3401367C3E}.Release|x64.Build.0 = Release|Any CPU
		{BB8F6709-811B-44FB-B35B-2F3401367C3E}.Release|x86.ActiveCfg = Release|Any CPU
		{BB8F6709-811B-44FB-B35B-2F3401367C3E}.Release|x86.Build.0 = Release|Any CPU
		{BB8F6709-811B-44FB-B35B-2F3401367C3E}.Test|Any CPU.ActiveCfg = Debug|Any CPU
		{BB8F6709-811B-44FB-B35B-2F3401367C3E}.Test|Any CPU.Build.0 = Debug|Any CPU
		{BB8F6709-811B-44FB-B35B-2F3401367C3E}.Test|x64.ActiveCfg = Release|Any CPU
		{BB8F6709-811B-44FB-B35B-2F3401367C3E}.Test|x64.Build.0 = Release|Any CPU
		{BB8F6709-811B-44FB-B35B-2F3401367C3E}.Test|x86.ActiveCfg = Release|Any CPU
		{BB8F6709-811B-44FB-B35B-2F3401367C3E}.Test|x86.Build.0 = Release|Any CPU
		{7C2BBAAE-1005-43F4-A6E9-BAD81C692AB5}.Debug|Any CPU.ActiveCfg = Debug|Any CPU
		{7C2BBAAE-1005-43F4-A6E9-BAD81C692AB5}.Debug|Any CPU.Build.0 = Debug|Any CPU
		{7C2BBAAE-1005-43F4-A6E9-BAD81C692AB5}.Debug|x64.ActiveCfg = Debug|Any CPU
		{7C2BBAAE-1005-43F4-A6E9-BAD81C692AB5}.Debug|x64.Build.0 = Debug|Any CPU
		{7C2BBAAE-1005-43F4-A6E9-BAD81C692AB5}.Debug|x86.ActiveCfg = Debug|Any CPU
		{7C2BBAAE-1005-43F4-A6E9-BAD81C692AB5}.Debug|x86.Build.0 = Debug|Any CPU
		{7C2BBAAE-1005-43F4-A6E9-BAD81C692AB5}.Release|Any CPU.ActiveCfg = Release|Any CPU
		{7C2BBAAE-1005-43F4-A6E9-BAD81C692AB5}.Release|Any CPU.Build.0 = Release|Any CPU
		{7C2BBAAE-1005-43F4-A6E9-BAD81C692AB5}.Release|x64.ActiveCfg = Release|Any CPU
		{7C2BBAAE-1005-43F4-A6E9-BAD81C692AB5}.Release|x64.Build.0 = Release|Any CPU
		{7C2BBAAE-1005-43F4-A6E9-BAD81C692AB5}.Release|x86.ActiveCfg = Release|Any CPU
		{7C2BBAAE-1005-43F4-A6E9-BAD81C692AB5}.Release|x86.Build.0 = Release|Any CPU
		{7C2BBAAE-1005-43F4-A6E9-BAD81C692AB5}.Test|Any CPU.ActiveCfg = Debug|Any CPU
		{7C2BBAAE-1005-43F4-A6E9-BAD81C692AB5}.Test|Any CPU.Build.0 = Debug|Any CPU
		{7C2BBAAE-1005-43F4-A6E9-BAD81C692AB5}.Test|x64.ActiveCfg = Release|Any CPU
		{7C2BBAAE-1005-43F4-A6E9-BAD81C692AB5}.Test|x64.Build.0 = Release|Any CPU
		{7C2BBAAE-1005-43F4-A6E9-BAD81C692AB5}.Test|x86.ActiveCfg = Release|Any CPU
		{7C2BBAAE-1005-43F4-A6E9-BAD81C692AB5}.Test|x86.Build.0 = Release|Any CPU
		{949AB111-1EB7-4805-8A11-5A4D7D416B6C}.Debug|Any CPU.ActiveCfg = Debug|Any CPU
		{949AB111-1EB7-4805-8A11-5A4D7D416B6C}.Debug|Any CPU.Build.0 = Debug|Any CPU
		{949AB111-1EB7-4805-8A11-5A4D7D416B6C}.Debug|x64.ActiveCfg = Debug|Any CPU
		{949AB111-1EB7-4805-8A11-5A4D7D416B6C}.Debug|x64.Build.0 = Debug|Any CPU
		{949AB111-1EB7-4805-8A11-5A4D7D416B6C}.Debug|x86.ActiveCfg = Debug|Any CPU
		{949AB111-1EB7-4805-8A11-5A4D7D416B6C}.Debug|x86.Build.0 = Debug|Any CPU
		{949AB111-1EB7-4805-8A11-5A4D7D416B6C}.Release|Any CPU.ActiveCfg = Release|Any CPU
		{949AB111-1EB7-4805-8A11-5A4D7D416B6C}.Release|Any CPU.Build.0 = Release|Any CPU
		{949AB111-1EB7-4805-8A11-5A4D7D416B6C}.Release|x64.ActiveCfg = Release|Any CPU
		{949AB111-1EB7-4805-8A11-5A4D7D416B6C}.Release|x64.Build.0 = Release|Any CPU
		{949AB111-1EB7-4805-8A11-5A4D7D416B6C}.Release|x86.ActiveCfg = Release|Any CPU
		{949AB111-1EB7-4805-8A11-5A4D7D416B6C}.Release|x86.Build.0 = Release|Any CPU
		{949AB111-1EB7-4805-8A11-5A4D7D416B6C}.Test|Any CPU.ActiveCfg = Debug|Any CPU
		{949AB111-1EB7-4805-8A11-5A4D7D416B6C}.Test|Any CPU.Build.0 = Debug|Any CPU
		{949AB111-1EB7-4805-8A11-5A4D7D416B6C}.Test|x64.ActiveCfg = Release|Any CPU
		{949AB111-1EB7-4805-8A11-5A4D7D416B6C}.Test|x64.Build.0 = Release|Any CPU
		{949AB111-1EB7-4805-8A11-5A4D7D416B6C}.Test|x86.ActiveCfg = Release|Any CPU
		{949AB111-1EB7-4805-8A11-5A4D7D416B6C}.Test|x86.Build.0 = Release|Any CPU
		{7B0FBF2E-47DF-4B97-B3CF-80700AB7EE11}.Debug|Any CPU.ActiveCfg = Debug|Any CPU
		{7B0FBF2E-47DF-4B97-B3CF-80700AB7EE11}.Debug|Any CPU.Build.0 = Debug|Any CPU
		{7B0FBF2E-47DF-4B97-B3CF-80700AB7EE11}.Debug|x64.ActiveCfg = Debug|Any CPU
		{7B0FBF2E-47DF-4B97-B3CF-80700AB7EE11}.Debug|x64.Build.0 = Debug|Any CPU
		{7B0FBF2E-47DF-4B97-B3CF-80700AB7EE11}.Debug|x86.ActiveCfg = Debug|Any CPU
		{7B0FBF2E-47DF-4B97-B3CF-80700AB7EE11}.Debug|x86.Build.0 = Debug|Any CPU
		{7B0FBF2E-47DF-4B97-B3CF-80700AB7EE11}.Release|Any CPU.ActiveCfg = Release|Any CPU
		{7B0FBF2E-47DF-4B97-B3CF-80700AB7EE11}.Release|Any CPU.Build.0 = Release|Any CPU
		{7B0FBF2E-47DF-4B97-B3CF-80700AB7EE11}.Release|x64.ActiveCfg = Release|Any CPU
		{7B0FBF2E-47DF-4B97-B3CF-80700AB7EE11}.Release|x64.Build.0 = Release|Any CPU
		{7B0FBF2E-47DF-4B97-B3CF-80700AB7EE11}.Release|x86.ActiveCfg = Release|Any CPU
		{7B0FBF2E-47DF-4B97-B3CF-80700AB7EE11}.Release|x86.Build.0 = Release|Any CPU
		{7B0FBF2E-47DF-4B97-B3CF-80700AB7EE11}.Test|Any CPU.ActiveCfg = Debug|Any CPU
		{7B0FBF2E-47DF-4B97-B3CF-80700AB7EE11}.Test|Any CPU.Build.0 = Debug|Any CPU
		{7B0FBF2E-47DF-4B97-B3CF-80700AB7EE11}.Test|x64.ActiveCfg = Release|Any CPU
		{7B0FBF2E-47DF-4B97-B3CF-80700AB7EE11}.Test|x64.Build.0 = Release|Any CPU
		{7B0FBF2E-47DF-4B97-B3CF-80700AB7EE11}.Test|x86.ActiveCfg = Release|Any CPU
		{7B0FBF2E-47DF-4B97-B3CF-80700AB7EE11}.Test|x86.Build.0 = Release|Any CPU
		{A085F16B-9455-4CC5-9B6A-1DF054D174EB}.Debug|Any CPU.ActiveCfg = Debug|Any CPU
		{A085F16B-9455-4CC5-9B6A-1DF054D174EB}.Debug|Any CPU.Build.0 = Debug|Any CPU
		{A085F16B-9455-4CC5-9B6A-1DF054D174EB}.Debug|x64.ActiveCfg = Debug|Any CPU
		{A085F16B-9455-4CC5-9B6A-1DF054D174EB}.Debug|x64.Build.0 = Debug|Any CPU
		{A085F16B-9455-4CC5-9B6A-1DF054D174EB}.Debug|x86.ActiveCfg = Debug|Any CPU
		{A085F16B-9455-4CC5-9B6A-1DF054D174EB}.Debug|x86.Build.0 = Debug|Any CPU
		{A085F16B-9455-4CC5-9B6A-1DF054D174EB}.Release|Any CPU.ActiveCfg = Release|Any CPU
		{A085F16B-9455-4CC5-9B6A-1DF054D174EB}.Release|Any CPU.Build.0 = Release|Any CPU
		{A085F16B-9455-4CC5-9B6A-1DF054D174EB}.Release|x64.ActiveCfg = Release|Any CPU
		{A085F16B-9455-4CC5-9B6A-1DF054D174EB}.Release|x64.Build.0 = Release|Any CPU
		{A085F16B-9455-4CC5-9B6A-1DF054D174EB}.Release|x86.ActiveCfg = Release|Any CPU
		{A085F16B-9455-4CC5-9B6A-1DF054D174EB}.Release|x86.Build.0 = Release|Any CPU
		{A085F16B-9455-4CC5-9B6A-1DF054D174EB}.Test|Any CPU.ActiveCfg = Debug|Any CPU
		{A085F16B-9455-4CC5-9B6A-1DF054D174EB}.Test|Any CPU.Build.0 = Debug|Any CPU
		{A085F16B-9455-4CC5-9B6A-1DF054D174EB}.Test|x64.ActiveCfg = Release|Any CPU
		{A085F16B-9455-4CC5-9B6A-1DF054D174EB}.Test|x64.Build.0 = Release|Any CPU
		{A085F16B-9455-4CC5-9B6A-1DF054D174EB}.Test|x86.ActiveCfg = Release|Any CPU
		{A085F16B-9455-4CC5-9B6A-1DF054D174EB}.Test|x86.Build.0 = Release|Any CPU
		{2F97B5FC-FC5C-46F3-B4E4-F3522124C2A4}.Debug|Any CPU.ActiveCfg = Debug|Any CPU
		{2F97B5FC-FC5C-46F3-B4E4-F3522124C2A4}.Debug|Any CPU.Build.0 = Debug|Any CPU
		{2F97B5FC-FC5C-46F3-B4E4-F3522124C2A4}.Debug|x64.ActiveCfg = Debug|Any CPU
		{2F97B5FC-FC5C-46F3-B4E4-F3522124C2A4}.Debug|x64.Build.0 = Debug|Any CPU
		{2F97B5FC-FC5C-46F3-B4E4-F3522124C2A4}.Debug|x86.ActiveCfg = Debug|Any CPU
		{2F97B5FC-FC5C-46F3-B4E4-F3522124C2A4}.Debug|x86.Build.0 = Debug|Any CPU
		{2F97B5FC-FC5C-46F3-B4E4-F3522124C2A4}.Release|Any CPU.ActiveCfg = Release|Any CPU
		{2F97B5FC-FC5C-46F3-B4E4-F3522124C2A4}.Release|Any CPU.Build.0 = Release|Any CPU
		{2F97B5FC-FC5C-46F3-B4E4-F3522124C2A4}.Release|x64.ActiveCfg = Release|Any CPU
		{2F97B5FC-FC5C-46F3-B4E4-F3522124C2A4}.Release|x64.Build.0 = Release|Any CPU
		{2F97B5FC-FC5C-46F3-B4E4-F3522124C2A4}.Release|x86.ActiveCfg = Release|Any CPU
		{2F97B5FC-FC5C-46F3-B4E4-F3522124C2A4}.Release|x86.Build.0 = Release|Any CPU
		{2F97B5FC-FC5C-46F3-B4E4-F3522124C2A4}.Test|Any CPU.ActiveCfg = Debug|Any CPU
		{2F97B5FC-FC5C-46F3-B4E4-F3522124C2A4}.Test|Any CPU.Build.0 = Debug|Any CPU
		{2F97B5FC-FC5C-46F3-B4E4-F3522124C2A4}.Test|x64.ActiveCfg = Release|Any CPU
		{2F97B5FC-FC5C-46F3-B4E4-F3522124C2A4}.Test|x64.Build.0 = Release|Any CPU
		{2F97B5FC-FC5C-46F3-B4E4-F3522124C2A4}.Test|x86.ActiveCfg = Release|Any CPU
		{2F97B5FC-FC5C-46F3-B4E4-F3522124C2A4}.Test|x86.Build.0 = Release|Any CPU
		{2C90AE7E-B6DE-4C3A-AF9A-96859D529CF0}.Debug|Any CPU.ActiveCfg = Debug|Any CPU
		{2C90AE7E-B6DE-4C3A-AF9A-96859D529CF0}.Debug|Any CPU.Build.0 = Debug|Any CPU
		{2C90AE7E-B6DE-4C3A-AF9A-96859D529CF0}.Debug|x64.ActiveCfg = Debug|Any CPU
		{2C90AE7E-B6DE-4C3A-AF9A-96859D529CF0}.Debug|x64.Build.0 = Debug|Any CPU
		{2C90AE7E-B6DE-4C3A-AF9A-96859D529CF0}.Debug|x86.ActiveCfg = Debug|Any CPU
		{2C90AE7E-B6DE-4C3A-AF9A-96859D529CF0}.Debug|x86.Build.0 = Debug|Any CPU
		{2C90AE7E-B6DE-4C3A-AF9A-96859D529CF0}.Release|Any CPU.ActiveCfg = Release|Any CPU
		{2C90AE7E-B6DE-4C3A-AF9A-96859D529CF0}.Release|Any CPU.Build.0 = Release|Any CPU
		{2C90AE7E-B6DE-4C3A-AF9A-96859D529CF0}.Release|x64.ActiveCfg = Release|Any CPU
		{2C90AE7E-B6DE-4C3A-AF9A-96859D529CF0}.Release|x64.Build.0 = Release|Any CPU
		{2C90AE7E-B6DE-4C3A-AF9A-96859D529CF0}.Release|x86.ActiveCfg = Release|Any CPU
		{2C90AE7E-B6DE-4C3A-AF9A-96859D529CF0}.Release|x86.Build.0 = Release|Any CPU
		{2C90AE7E-B6DE-4C3A-AF9A-96859D529CF0}.Test|Any CPU.ActiveCfg = Debug|Any CPU
		{2C90AE7E-B6DE-4C3A-AF9A-96859D529CF0}.Test|Any CPU.Build.0 = Debug|Any CPU
		{2C90AE7E-B6DE-4C3A-AF9A-96859D529CF0}.Test|x64.ActiveCfg = Debug|Any CPU
		{2C90AE7E-B6DE-4C3A-AF9A-96859D529CF0}.Test|x64.Build.0 = Debug|Any CPU
		{2C90AE7E-B6DE-4C3A-AF9A-96859D529CF0}.Test|x86.ActiveCfg = Debug|Any CPU
		{2C90AE7E-B6DE-4C3A-AF9A-96859D529CF0}.Test|x86.Build.0 = Debug|Any CPU
		{879883C2-2781-4151-B84A-3CBD6BB9A86A}.Debug|Any CPU.ActiveCfg = Debug|Any CPU
		{879883C2-2781-4151-B84A-3CBD6BB9A86A}.Debug|Any CPU.Build.0 = Debug|Any CPU
		{879883C2-2781-4151-B84A-3CBD6BB9A86A}.Debug|x64.ActiveCfg = Debug|Any CPU
		{879883C2-2781-4151-B84A-3CBD6BB9A86A}.Debug|x64.Build.0 = Debug|Any CPU
		{879883C2-2781-4151-B84A-3CBD6BB9A86A}.Debug|x86.ActiveCfg = Debug|Any CPU
		{879883C2-2781-4151-B84A-3CBD6BB9A86A}.Debug|x86.Build.0 = Debug|Any CPU
		{879883C2-2781-4151-B84A-3CBD6BB9A86A}.Release|Any CPU.ActiveCfg = Release|Any CPU
		{879883C2-2781-4151-B84A-3CBD6BB9A86A}.Release|x64.ActiveCfg = Release|Any CPU
		{879883C2-2781-4151-B84A-3CBD6BB9A86A}.Release|x64.Build.0 = Release|Any CPU
		{879883C2-2781-4151-B84A-3CBD6BB9A86A}.Release|x86.ActiveCfg = Release|Any CPU
		{879883C2-2781-4151-B84A-3CBD6BB9A86A}.Release|x86.Build.0 = Release|Any CPU
		{879883C2-2781-4151-B84A-3CBD6BB9A86A}.Test|Any CPU.ActiveCfg = Debug|Any CPU
		{879883C2-2781-4151-B84A-3CBD6BB9A86A}.Test|Any CPU.Build.0 = Debug|Any CPU
		{879883C2-2781-4151-B84A-3CBD6BB9A86A}.Test|x64.ActiveCfg = Debug|Any CPU
		{879883C2-2781-4151-B84A-3CBD6BB9A86A}.Test|x64.Build.0 = Debug|Any CPU
		{879883C2-2781-4151-B84A-3CBD6BB9A86A}.Test|x86.ActiveCfg = Debug|Any CPU
		{879883C2-2781-4151-B84A-3CBD6BB9A86A}.Test|x86.Build.0 = Debug|Any CPU
		{A885B774-4ADE-4C1B-AC9C-7F863EFA2CE0}.Debug|Any CPU.ActiveCfg = Debug|Any CPU
		{A885B774-4ADE-4C1B-AC9C-7F863EFA2CE0}.Debug|Any CPU.Build.0 = Debug|Any CPU
		{A885B774-4ADE-4C1B-AC9C-7F863EFA2CE0}.Debug|x64.ActiveCfg = Debug|Any CPU
		{A885B774-4ADE-4C1B-AC9C-7F863EFA2CE0}.Debug|x64.Build.0 = Debug|Any CPU
		{A885B774-4ADE-4C1B-AC9C-7F863EFA2CE0}.Debug|x86.ActiveCfg = Debug|Any CPU
		{A885B774-4ADE-4C1B-AC9C-7F863EFA2CE0}.Debug|x86.Build.0 = Debug|Any CPU
		{A885B774-4ADE-4C1B-AC9C-7F863EFA2CE0}.Release|Any CPU.ActiveCfg = Release|Any CPU
		{A885B774-4ADE-4C1B-AC9C-7F863EFA2CE0}.Release|Any CPU.Build.0 = Release|Any CPU
		{A885B774-4ADE-4C1B-AC9C-7F863EFA2CE0}.Release|x64.ActiveCfg = Release|Any CPU
		{A885B774-4ADE-4C1B-AC9C-7F863EFA2CE0}.Release|x64.Build.0 = Release|Any CPU
		{A885B774-4ADE-4C1B-AC9C-7F863EFA2CE0}.Release|x86.ActiveCfg = Release|Any CPU
		{A885B774-4ADE-4C1B-AC9C-7F863EFA2CE0}.Release|x86.Build.0 = Release|Any CPU
		{A885B774-4ADE-4C1B-AC9C-7F863EFA2CE0}.Test|Any CPU.ActiveCfg = Debug|Any CPU
		{A885B774-4ADE-4C1B-AC9C-7F863EFA2CE0}.Test|Any CPU.Build.0 = Debug|Any CPU
		{A885B774-4ADE-4C1B-AC9C-7F863EFA2CE0}.Test|x64.ActiveCfg = Debug|Any CPU
		{A885B774-4ADE-4C1B-AC9C-7F863EFA2CE0}.Test|x64.Build.0 = Debug|Any CPU
		{A885B774-4ADE-4C1B-AC9C-7F863EFA2CE0}.Test|x86.ActiveCfg = Debug|Any CPU
		{A885B774-4ADE-4C1B-AC9C-7F863EFA2CE0}.Test|x86.Build.0 = Debug|Any CPU
		{7F104C20-FAB8-4EFD-A020-2BCF4C236D76}.Debug|Any CPU.ActiveCfg = Debug|Any CPU
		{7F104C20-FAB8-4EFD-A020-2BCF4C236D76}.Debug|Any CPU.Build.0 = Debug|Any CPU
		{7F104C20-FAB8-4EFD-A020-2BCF4C236D76}.Debug|x64.ActiveCfg = Debug|Any CPU
		{7F104C20-FAB8-4EFD-A020-2BCF4C236D76}.Debug|x64.Build.0 = Debug|Any CPU
		{7F104C20-FAB8-4EFD-A020-2BCF4C236D76}.Debug|x86.ActiveCfg = Debug|Any CPU
		{7F104C20-FAB8-4EFD-A020-2BCF4C236D76}.Debug|x86.Build.0 = Debug|Any CPU
		{7F104C20-FAB8-4EFD-A020-2BCF4C236D76}.Release|Any CPU.ActiveCfg = Release|Any CPU
		{7F104C20-FAB8-4EFD-A020-2BCF4C236D76}.Release|Any CPU.Build.0 = Release|Any CPU
		{7F104C20-FAB8-4EFD-A020-2BCF4C236D76}.Release|x64.ActiveCfg = Release|Any CPU
		{7F104C20-FAB8-4EFD-A020-2BCF4C236D76}.Release|x64.Build.0 = Release|Any CPU
		{7F104C20-FAB8-4EFD-A020-2BCF4C236D76}.Release|x86.ActiveCfg = Release|Any CPU
		{7F104C20-FAB8-4EFD-A020-2BCF4C236D76}.Release|x86.Build.0 = Release|Any CPU
		{7F104C20-FAB8-4EFD-A020-2BCF4C236D76}.Test|Any CPU.ActiveCfg = Debug|Any CPU
		{7F104C20-FAB8-4EFD-A020-2BCF4C236D76}.Test|Any CPU.Build.0 = Debug|Any CPU
		{7F104C20-FAB8-4EFD-A020-2BCF4C236D76}.Test|x64.ActiveCfg = Debug|Any CPU
		{7F104C20-FAB8-4EFD-A020-2BCF4C236D76}.Test|x64.Build.0 = Debug|Any CPU
		{7F104C20-FAB8-4EFD-A020-2BCF4C236D76}.Test|x86.ActiveCfg = Debug|Any CPU
		{7F104C20-FAB8-4EFD-A020-2BCF4C236D76}.Test|x86.Build.0 = Debug|Any CPU
		{6CF93018-06A8-46D3-B1A2-CC95CD9EE9F1}.Debug|Any CPU.ActiveCfg = Debug|Any CPU
		{6CF93018-06A8-46D3-B1A2-CC95CD9EE9F1}.Debug|Any CPU.Build.0 = Debug|Any CPU
		{6CF93018-06A8-46D3-B1A2-CC95CD9EE9F1}.Debug|x64.ActiveCfg = Debug|Any CPU
		{6CF93018-06A8-46D3-B1A2-CC95CD9EE9F1}.Debug|x64.Build.0 = Debug|Any CPU
		{6CF93018-06A8-46D3-B1A2-CC95CD9EE9F1}.Debug|x86.ActiveCfg = Debug|Any CPU
		{6CF93018-06A8-46D3-B1A2-CC95CD9EE9F1}.Debug|x86.Build.0 = Debug|Any CPU
		{6CF93018-06A8-46D3-B1A2-CC95CD9EE9F1}.Release|Any CPU.ActiveCfg = Release|Any CPU
		{6CF93018-06A8-46D3-B1A2-CC95CD9EE9F1}.Release|Any CPU.Build.0 = Release|Any CPU
		{6CF93018-06A8-46D3-B1A2-CC95CD9EE9F1}.Release|x64.ActiveCfg = Release|Any CPU
		{6CF93018-06A8-46D3-B1A2-CC95CD9EE9F1}.Release|x64.Build.0 = Release|Any CPU
		{6CF93018-06A8-46D3-B1A2-CC95CD9EE9F1}.Release|x86.ActiveCfg = Release|Any CPU
		{6CF93018-06A8-46D3-B1A2-CC95CD9EE9F1}.Release|x86.Build.0 = Release|Any CPU
		{6CF93018-06A8-46D3-B1A2-CC95CD9EE9F1}.Test|Any CPU.ActiveCfg = Debug|Any CPU
		{6CF93018-06A8-46D3-B1A2-CC95CD9EE9F1}.Test|Any CPU.Build.0 = Debug|Any CPU
		{6CF93018-06A8-46D3-B1A2-CC95CD9EE9F1}.Test|x64.ActiveCfg = Debug|Any CPU
		{6CF93018-06A8-46D3-B1A2-CC95CD9EE9F1}.Test|x64.Build.0 = Debug|Any CPU
		{6CF93018-06A8-46D3-B1A2-CC95CD9EE9F1}.Test|x86.ActiveCfg = Debug|Any CPU
		{6CF93018-06A8-46D3-B1A2-CC95CD9EE9F1}.Test|x86.Build.0 = Debug|Any CPU
	EndGlobalSection
	GlobalSection(SolutionProperties) = preSolution
		HideSolutionNode = FALSE
	EndGlobalSection
	GlobalSection(NestedProjects) = preSolution
		{FDC9A3F1-A2EC-4E44-9093-BE0EE1C17093} = {E72ACEC5-2011-41C7-9A48-34F073D1AEE2}
		{0F0FC7C9-E9DF-4814-BFC3-9F781A6E12FE} = {E72ACEC5-2011-41C7-9A48-34F073D1AEE2}
		{2F7A938D-0D5A-44A2-B933-07F0D45F7050} = {FC72CA5A-5DE9-4902-A5AA-00344FA68B37}
		{7D4C643A-2297-4575-86D2-C8BB7B372B5B} = {35139CB3-610E-4922-98AD-08A5D12BFC35}
		{D9A6E1F7-E7DB-4DF0-B0F5-6C921EE76F25} = {FC72CA5A-5DE9-4902-A5AA-00344FA68B37}
		{85FEFE9E-1418-48D1-9D72-9F95C7D82EA2} = {E72ACEC5-2011-41C7-9A48-34F073D1AEE2}
		{18AACD60-9851-46DD-ACAA-98D44B543C08} = {E72ACEC5-2011-41C7-9A48-34F073D1AEE2}
		{6FE907A7-B306-48C6-9239-D3AABEC39B0C} = {E72ACEC5-2011-41C7-9A48-34F073D1AEE2}
		{BB8F6709-811B-44FB-B35B-2F3401367C3E} = {E72ACEC5-2011-41C7-9A48-34F073D1AEE2}
		{7C2BBAAE-1005-43F4-A6E9-BAD81C692AB5} = {E72ACEC5-2011-41C7-9A48-34F073D1AEE2}
		{949AB111-1EB7-4805-8A11-5A4D7D416B6C} = {E72ACEC5-2011-41C7-9A48-34F073D1AEE2}
		{7B0FBF2E-47DF-4B97-B3CF-80700AB7EE11} = {FDC9A3F1-A2EC-4E44-9093-BE0EE1C17093}
		{A085F16B-9455-4CC5-9B6A-1DF054D174EB} = {FDC9A3F1-A2EC-4E44-9093-BE0EE1C17093}
		{2F97B5FC-FC5C-46F3-B4E4-F3522124C2A4} = {FDC9A3F1-A2EC-4E44-9093-BE0EE1C17093}
		{2C90AE7E-B6DE-4C3A-AF9A-96859D529CF0} = {35139CB3-610E-4922-98AD-08A5D12BFC35}
		{879883C2-2781-4151-B84A-3CBD6BB9A86A} = {FC72CA5A-5DE9-4902-A5AA-00344FA68B37}
		{A885B774-4ADE-4C1B-AC9C-7F863EFA2CE0} = {FC72CA5A-5DE9-4902-A5AA-00344FA68B37}
		{7F104C20-FAB8-4EFD-A020-2BCF4C236D76} = {FC72CA5A-5DE9-4902-A5AA-00344FA68B37}
		{6CF93018-06A8-46D3-B1A2-CC95CD9EE9F1} = {FC72CA5A-5DE9-4902-A5AA-00344FA68B37}
	EndGlobalSection
	GlobalSection(ExtensibilityGlobals) = postSolution
		SolutionGuid = {DC7AD3EC-AB37-497E-925B-DCD5129FE6D3}
	EndGlobalSection
EndGlobal
