
Microsoft Visual Studio Solution File, Format Version 12.00
# Visual Studio 15
VisualStudioVersion = 15.0.26403.3
MinimumVisualStudioVersion = 10.0.40219.1
Project("{9A19103F-16F7-4668-BE54-9A1E7A4F7556}") = "Senparc.Weixin.MP.Sample", "Senparc.Weixin.MP.Sample\Senparc.Weixin.MP.Sample.csproj", "{780626AD-ABF2-488A-8183-FAD28A5F6383}"
EndProject
Project("{E53339B2-1760-4266-BCC7-CA923CBCF16C}") = "docker-compose", "docker-compose.dcproj", "{790BEE0B-6DBB-4CDD-8090-6C29E463886D}"
EndProject
Project("{2150E333-8FDC-42A3-9474-1A3956D46DE8}") = "Libraires", "Libraires", "{E72ACEC5-2011-41C7-9A48-34F073D1AEE2}"
EndProject
Project("{2150E333-8FDC-42A3-9474-1A3956D46DE8}") = "Sample", "Sample", "{35139CB3-610E-4922-98AD-08A5D12BFC35}"
EndProject
Project("{2150E333-8FDC-42A3-9474-1A3956D46DE8}") = "Tests", "Tests", "{FC72CA5A-5DE9-4902-A5AA-00344FA68B37}"
	ProjectSection(SolutionItems) = preProject
		Senparc.Weixin.MP.Sample.CommonService\TemplateMessage\WeixinTemplate_ExceptionAlert.cs = Senparc.Weixin.MP.Sample.CommonService\TemplateMessage\WeixinTemplate_ExceptionAlert.cs
	EndProjectSection
EndProject
Project("{2150E333-8FDC-42A3-9474-1A3956D46DE8}") = "Docker", "Docker", "{DCF86D54-CF96-4C69-9385-7AA62B399104}"
EndProject
Project("{9A19103F-16F7-4668-BE54-9A1E7A4F7556}") = "Senparc.Weixin", "..\Senparc.Weixin\Senparc.Weixin\Senparc.Weixin.csproj", "{FF847696-F8DF-4D2A-BFDF-D29529A36D21}"
EndProject
Project("{9A19103F-16F7-4668-BE54-9A1E7A4F7556}") = "Senparc.Weixin.MP.Sample.MySQL", "Senparc.Weixin.MP.Sample.MySQL\Senparc.Weixin.MP.Sample.MySQL.csproj", "{33011B49-D82E-4943-AB71-FB925B422105}"
EndProject
Project("{9A19103F-16F7-4668-BE54-9A1E7A4F7556}") = "Senparc.Weixin.MP.Sample.CommonService", "Senparc.Weixin.MP.Sample.CommonService\Senparc.Weixin.MP.Sample.CommonService.csproj", "{4FE3117E-F860-4603-A79B-7463531F9AE2}"
EndProject
Project("{9A19103F-16F7-4668-BE54-9A1E7A4F7556}") = "Senparc.Weixin.MP", "..\Senparc.Weixin.MP\Senparc.Weixin.MP\Senparc.Weixin.MP.csproj", "{DCB4B78A-E92F-4246-818F-53C98A23783C}"
EndProject
Project("{2150E333-8FDC-42A3-9474-1A3956D46DE8}") = "Cache", "Cache", "{FDC9A3F1-A2EC-4E44-9093-BE0EE1C17093}"
EndProject
Project("{9A19103F-16F7-4668-BE54-9A1E7A4F7556}") = "Senparc.Weixin.Cache.Redis", "..\Senparc.Weixin.Cache\Senparc.Weixin.Cache.Redis\Senparc.Weixin.Cache.Redis.csproj", "{11DDFA44-4964-4276-88D3-49977CCB2FB0}"
EndProject
Project("{9A19103F-16F7-4668-BE54-9A1E7A4F7556}") = "Senparc.Weixin.QY", "..\Senparc.Weixin.QY\Senparc.Weixin.QY\Senparc.Weixin.QY.csproj", "{86D40C28-971C-4510-AA09-19BB97F034E0}"
EndProject
Project("{9A19103F-16F7-4668-BE54-9A1E7A4F7556}") = "Senparc.Weixin.MP.MvcExtension", "..\Senparc.Weixin.MP.MvcExtension\Senparc.Weixin.MP.MvcExtension\Senparc.Weixin.MP.MvcExtension.csproj", "{6B3C8ED0-A3C5-4F46-92B8-90C5965D8B7A}"
EndProject
Global
	GlobalSection(SolutionConfigurationPlatforms) = preSolution
		Debug|Any CPU = Debug|Any CPU
		Debug|x64 = Debug|x64
		Debug|x86 = Debug|x86
		Release|Any CPU = Release|Any CPU
		Release|x64 = Release|x64
		Release|x86 = Release|x86
		Test|Any CPU = Test|Any CPU
		Test|x64 = Test|x64
		Test|x86 = Test|x86
	EndGlobalSection
	GlobalSection(ProjectConfigurationPlatforms) = postSolution
		{780626AD-ABF2-488A-8183-FAD28A5F6383}.Debug|Any CPU.ActiveCfg = Debug|Any CPU
		{780626AD-ABF2-488A-8183-FAD28A5F6383}.Debug|Any CPU.Build.0 = Debug|Any CPU
		{780626AD-ABF2-488A-8183-FAD28A5F6383}.Debug|x64.ActiveCfg = Debug|Any CPU
		{780626AD-ABF2-488A-8183-FAD28A5F6383}.Debug|x64.Build.0 = Debug|Any CPU
		{780626AD-ABF2-488A-8183-FAD28A5F6383}.Debug|x86.ActiveCfg = Debug|Any CPU
		{780626AD-ABF2-488A-8183-FAD28A5F6383}.Debug|x86.Build.0 = Debug|Any CPU
		{780626AD-ABF2-488A-8183-FAD28A5F6383}.Release|Any CPU.ActiveCfg = Release|Any CPU
		{780626AD-ABF2-488A-8183-FAD28A5F6383}.Release|Any CPU.Build.0 = Release|Any CPU
		{780626AD-ABF2-488A-8183-FAD28A5F6383}.Release|x64.ActiveCfg = Release|Any CPU
		{780626AD-ABF2-488A-8183-FAD28A5F6383}.Release|x64.Build.0 = Release|Any CPU
		{780626AD-ABF2-488A-8183-FAD28A5F6383}.Release|x86.ActiveCfg = Release|Any CPU
		{780626AD-ABF2-488A-8183-FAD28A5F6383}.Release|x86.Build.0 = Release|Any CPU
		{780626AD-ABF2-488A-8183-FAD28A5F6383}.Test|Any CPU.ActiveCfg = Release|Any CPU
		{780626AD-ABF2-488A-8183-FAD28A5F6383}.Test|Any CPU.Build.0 = Release|Any CPU
		{780626AD-ABF2-488A-8183-FAD28A5F6383}.Test|x64.ActiveCfg = Release|Any CPU
		{780626AD-ABF2-488A-8183-FAD28A5F6383}.Test|x64.Build.0 = Release|Any CPU
		{780626AD-ABF2-488A-8183-FAD28A5F6383}.Test|x86.ActiveCfg = Release|Any CPU
		{780626AD-ABF2-488A-8183-FAD28A5F6383}.Test|x86.Build.0 = Release|Any CPU
		{790BEE0B-6DBB-4CDD-8090-6C29E463886D}.Debug|Any CPU.ActiveCfg = Debug|Any CPU
		{790BEE0B-6DBB-4CDD-8090-6C29E463886D}.Debug|x64.ActiveCfg = Debug|Any CPU
		{790BEE0B-6DBB-4CDD-8090-6C29E463886D}.Debug|x64.Build.0 = Debug|Any CPU
		{790BEE0B-6DBB-4CDD-8090-6C29E463886D}.Debug|x86.ActiveCfg = Debug|Any CPU
		{790BEE0B-6DBB-4CDD-8090-6C29E463886D}.Debug|x86.Build.0 = Debug|Any CPU
		{790BEE0B-6DBB-4CDD-8090-6C29E463886D}.Release|Any CPU.ActiveCfg = Release|Any CPU
		{790BEE0B-6DBB-4CDD-8090-6C29E463886D}.Release|Any CPU.Build.0 = Release|Any CPU
		{790BEE0B-6DBB-4CDD-8090-6C29E463886D}.Release|x64.ActiveCfg = Release|Any CPU
		{790BEE0B-6DBB-4CDD-8090-6C29E463886D}.Release|x64.Build.0 = Release|Any CPU
		{790BEE0B-6DBB-4CDD-8090-6C29E463886D}.Release|x86.ActiveCfg = Release|Any CPU
		{790BEE0B-6DBB-4CDD-8090-6C29E463886D}.Release|x86.Build.0 = Release|Any CPU
		{790BEE0B-6DBB-4CDD-8090-6C29E463886D}.Test|Any CPU.ActiveCfg = Release|Any CPU
		{790BEE0B-6DBB-4CDD-8090-6C29E463886D}.Test|Any CPU.Build.0 = Release|Any CPU
		{790BEE0B-6DBB-4CDD-8090-6C29E463886D}.Test|x64.ActiveCfg = Release|Any CPU
		{790BEE0B-6DBB-4CDD-8090-6C29E463886D}.Test|x64.Build.0 = Release|Any CPU
		{790BEE0B-6DBB-4CDD-8090-6C29E463886D}.Test|x86.ActiveCfg = Release|Any CPU
		{790BEE0B-6DBB-4CDD-8090-6C29E463886D}.Test|x86.Build.0 = Release|Any CPU
		{FF847696-F8DF-4D2A-BFDF-D29529A36D21}.Debug|Any CPU.ActiveCfg = Debug|Any CPU
		{FF847696-F8DF-4D2A-BFDF-D29529A36D21}.Debug|Any CPU.Build.0 = Debug|Any CPU
		{FF847696-F8DF-4D2A-BFDF-D29529A36D21}.Debug|x64.ActiveCfg = Debug|Any CPU
		{FF847696-F8DF-4D2A-BFDF-D29529A36D21}.Debug|x64.Build.0 = Debug|Any CPU
		{FF847696-F8DF-4D2A-BFDF-D29529A36D21}.Debug|x86.ActiveCfg = Debug|Any CPU
		{FF847696-F8DF-4D2A-BFDF-D29529A36D21}.Debug|x86.Build.0 = Debug|Any CPU
		{FF847696-F8DF-4D2A-BFDF-D29529A36D21}.Release|Any CPU.ActiveCfg = Release|Any CPU
		{FF847696-F8DF-4D2A-BFDF-D29529A36D21}.Release|Any CPU.Build.0 = Release|Any CPU
		{FF847696-F8DF-4D2A-BFDF-D29529A36D21}.Release|x64.ActiveCfg = Release|Any CPU
		{FF847696-F8DF-4D2A-BFDF-D29529A36D21}.Release|x64.Build.0 = Release|Any CPU
		{FF847696-F8DF-4D2A-BFDF-D29529A36D21}.Release|x86.ActiveCfg = Release|Any CPU
		{FF847696-F8DF-4D2A-BFDF-D29529A36D21}.Release|x86.Build.0 = Release|Any CPU
		{FF847696-F8DF-4D2A-BFDF-D29529A36D21}.Test|Any CPU.ActiveCfg = Debug|Any CPU
		{FF847696-F8DF-4D2A-BFDF-D29529A36D21}.Test|Any CPU.Build.0 = Debug|Any CPU
		{FF847696-F8DF-4D2A-BFDF-D29529A36D21}.Test|x64.ActiveCfg = Release|Any CPU
		{FF847696-F8DF-4D2A-BFDF-D29529A36D21}.Test|x64.Build.0 = Release|Any CPU
		{FF847696-F8DF-4D2A-BFDF-D29529A36D21}.Test|x86.ActiveCfg = Release|Any CPU
		{FF847696-F8DF-4D2A-BFDF-D29529A36D21}.Test|x86.Build.0 = Release|Any CPU
		{33011B49-D82E-4943-AB71-FB925B422105}.Debug|Any CPU.ActiveCfg = Debug|Any CPU
		{33011B49-D82E-4943-AB71-FB925B422105}.Debug|Any CPU.Build.0 = Debug|Any CPU
		{33011B49-D82E-4943-AB71-FB925B422105}.Debug|x64.ActiveCfg = Debug|Any CPU
		{33011B49-D82E-4943-AB71-FB925B422105}.Debug|x64.Build.0 = Debug|Any CPU
		{33011B49-D82E-4943-AB71-FB925B422105}.Debug|x86.ActiveCfg = Debug|Any CPU
		{33011B49-D82E-4943-AB71-FB925B422105}.Debug|x86.Build.0 = Debug|Any CPU
		{33011B49-D82E-4943-AB71-FB925B422105}.Release|Any CPU.ActiveCfg = Release|Any CPU
		{33011B49-D82E-4943-AB71-FB925B422105}.Release|Any CPU.Build.0 = Release|Any CPU
		{33011B49-D82E-4943-AB71-FB925B422105}.Release|x64.ActiveCfg = Release|Any CPU
		{33011B49-D82E-4943-AB71-FB925B422105}.Release|x64.Build.0 = Release|Any CPU
		{33011B49-D82E-4943-AB71-FB925B422105}.Release|x86.ActiveCfg = Release|Any CPU
		{33011B49-D82E-4943-AB71-FB925B422105}.Release|x86.Build.0 = Release|Any CPU
		{33011B49-D82E-4943-AB71-FB925B422105}.Test|Any CPU.ActiveCfg = Debug|Any CPU
		{33011B49-D82E-4943-AB71-FB925B422105}.Test|Any CPU.Build.0 = Debug|Any CPU
		{33011B49-D82E-4943-AB71-FB925B422105}.Test|x64.ActiveCfg = Release|Any CPU
		{33011B49-D82E-4943-AB71-FB925B422105}.Test|x64.Build.0 = Release|Any CPU
		{33011B49-D82E-4943-AB71-FB925B422105}.Test|x86.ActiveCfg = Release|Any CPU
		{33011B49-D82E-4943-AB71-FB925B422105}.Test|x86.Build.0 = Release|Any CPU
		{4FE3117E-F860-4603-A79B-7463531F9AE2}.Debug|Any CPU.ActiveCfg = Debug|Any CPU
		{4FE3117E-F860-4603-A79B-7463531F9AE2}.Debug|Any CPU.Build.0 = Debug|Any CPU
		{4FE3117E-F860-4603-A79B-7463531F9AE2}.Debug|x64.ActiveCfg = Debug|Any CPU
		{4FE3117E-F860-4603-A79B-7463531F9AE2}.Debug|x64.Build.0 = Debug|Any CPU
		{4FE3117E-F860-4603-A79B-7463531F9AE2}.Debug|x86.ActiveCfg = Debug|Any CPU
		{4FE3117E-F860-4603-A79B-7463531F9AE2}.Debug|x86.Build.0 = Debug|Any CPU
		{4FE3117E-F860-4603-A79B-7463531F9AE2}.Release|Any CPU.ActiveCfg = Release|Any CPU
		{4FE3117E-F860-4603-A79B-7463531F9AE2}.Release|Any CPU.Build.0 = Release|Any CPU
		{4FE3117E-F860-4603-A79B-7463531F9AE2}.Release|x64.ActiveCfg = Release|Any CPU
		{4FE3117E-F860-4603-A79B-7463531F9AE2}.Release|x64.Build.0 = Release|Any CPU
		{4FE3117E-F860-4603-A79B-7463531F9AE2}.Release|x86.ActiveCfg = Release|Any CPU
		{4FE3117E-F860-4603-A79B-7463531F9AE2}.Release|x86.Build.0 = Release|Any CPU
		{4FE3117E-F860-4603-A79B-7463531F9AE2}.Test|Any CPU.ActiveCfg = Debug|Any CPU
		{4FE3117E-F860-4603-A79B-7463531F9AE2}.Test|Any CPU.Build.0 = Debug|Any CPU
		{4FE3117E-F860-4603-A79B-7463531F9AE2}.Test|x64.ActiveCfg = Release|Any CPU
		{4FE3117E-F860-4603-A79B-7463531F9AE2}.Test|x64.Build.0 = Release|Any CPU
		{4FE3117E-F860-4603-A79B-7463531F9AE2}.Test|x86.ActiveCfg = Release|Any CPU
		{4FE3117E-F860-4603-A79B-7463531F9AE2}.Test|x86.Build.0 = Release|Any CPU
		{DCB4B78A-E92F-4246-818F-53C98A23783C}.Debug|Any CPU.ActiveCfg = Debug|Any CPU
		{DCB4B78A-E92F-4246-818F-53C98A23783C}.Debug|Any CPU.Build.0 = Debug|Any CPU
		{DCB4B78A-E92F-4246-818F-53C98A23783C}.Debug|x64.ActiveCfg = Debug|Any CPU
		{DCB4B78A-E92F-4246-818F-53C98A23783C}.Debug|x64.Build.0 = Debug|Any CPU
		{DCB4B78A-E92F-4246-818F-53C98A23783C}.Debug|x86.ActiveCfg = Debug|Any CPU
		{DCB4B78A-E92F-4246-818F-53C98A23783C}.Debug|x86.Build.0 = Debug|Any CPU
		{DCB4B78A-E92F-4246-818F-53C98A23783C}.Release|Any CPU.ActiveCfg = Release|Any CPU
		{DCB4B78A-E92F-4246-818F-53C98A23783C}.Release|Any CPU.Build.0 = Release|Any CPU
		{DCB4B78A-E92F-4246-818F-53C98A23783C}.Release|x64.ActiveCfg = Release|Any CPU
		{DCB4B78A-E92F-4246-818F-53C98A23783C}.Release|x64.Build.0 = Release|Any CPU
		{DCB4B78A-E92F-4246-818F-53C98A23783C}.Release|x86.ActiveCfg = Release|Any CPU
		{DCB4B78A-E92F-4246-818F-53C98A23783C}.Release|x86.Build.0 = Release|Any CPU
		{DCB4B78A-E92F-4246-818F-53C98A23783C}.Test|Any CPU.ActiveCfg = Debug|Any CPU
		{DCB4B78A-E92F-4246-818F-53C98A23783C}.Test|Any CPU.Build.0 = Debug|Any CPU
		{DCB4B78A-E92F-4246-818F-53C98A23783C}.Test|x64.ActiveCfg = Release|Any CPU
		{DCB4B78A-E92F-4246-818F-53C98A23783C}.Test|x64.Build.0 = Release|Any CPU
		{DCB4B78A-E92F-4246-818F-53C98A23783C}.Test|x86.ActiveCfg = Release|Any CPU
		{DCB4B78A-E92F-4246-818F-53C98A23783C}.Test|x86.Build.0 = Release|Any CPU
		{11DDFA44-4964-4276-88D3-49977CCB2FB0}.Debug|Any CPU.ActiveCfg = Debug|Any CPU
		{11DDFA44-4964-4276-88D3-49977CCB2FB0}.Debug|Any CPU.Build.0 = Debug|Any CPU
		{11DDFA44-4964-4276-88D3-49977CCB2FB0}.Debug|x64.ActiveCfg = Debug|Any CPU
		{11DDFA44-4964-4276-88D3-49977CCB2FB0}.Debug|x64.Build.0 = Debug|Any CPU
		{11DDFA44-4964-4276-88D3-49977CCB2FB0}.Debug|x86.ActiveCfg = Debug|Any CPU
		{11DDFA44-4964-4276-88D3-49977CCB2FB0}.Debug|x86.Build.0 = Debug|Any CPU
		{11DDFA44-4964-4276-88D3-49977CCB2FB0}.Release|Any CPU.ActiveCfg = Release|Any CPU
		{11DDFA44-4964-4276-88D3-49977CCB2FB0}.Release|Any CPU.Build.0 = Release|Any CPU
		{11DDFA44-4964-4276-88D3-49977CCB2FB0}.Release|x64.ActiveCfg = Release|Any CPU
		{11DDFA44-4964-4276-88D3-49977CCB2FB0}.Release|x64.Build.0 = Release|Any CPU
		{11DDFA44-4964-4276-88D3-49977CCB2FB0}.Release|x86.ActiveCfg = Release|Any CPU
		{11DDFA44-4964-4276-88D3-49977CCB2FB0}.Release|x86.Build.0 = Release|Any CPU
		{11DDFA44-4964-4276-88D3-49977CCB2FB0}.Test|Any CPU.ActiveCfg = Debug|Any CPU
		{11DDFA44-4964-4276-88D3-49977CCB2FB0}.Test|Any CPU.Build.0 = Debug|Any CPU
		{11DDFA44-4964-4276-88D3-49977CCB2FB0}.Test|x64.ActiveCfg = Release|Any CPU
		{11DDFA44-4964-4276-88D3-49977CCB2FB0}.Test|x64.Build.0 = Release|Any CPU
		{11DDFA44-4964-4276-88D3-49977CCB2FB0}.Test|x86.ActiveCfg = Release|Any CPU
		{11DDFA44-4964-4276-88D3-49977CCB2FB0}.Test|x86.Build.0 = Release|Any CPU
		{86D40C28-971C-4510-AA09-19BB97F034E0}.Debug|Any CPU.ActiveCfg = Debug|Any CPU
		{86D40C28-971C-4510-AA09-19BB97F034E0}.Debug|Any CPU.Build.0 = Debug|Any CPU
		{86D40C28-971C-4510-AA09-19BB97F034E0}.Debug|x64.ActiveCfg = Debug|Any CPU
		{86D40C28-971C-4510-AA09-19BB97F034E0}.Debug|x64.Build.0 = Debug|Any CPU
		{86D40C28-971C-4510-AA09-19BB97F034E0}.Debug|x86.ActiveCfg = Debug|Any CPU
		{86D40C28-971C-4510-AA09-19BB97F034E0}.Debug|x86.Build.0 = Debug|Any CPU
		{86D40C28-971C-4510-AA09-19BB97F034E0}.Release|Any CPU.ActiveCfg = Release|Any CPU
		{86D40C28-971C-4510-AA09-19BB97F034E0}.Release|Any CPU.Build.0 = Release|Any CPU
		{86D40C28-971C-4510-AA09-19BB97F034E0}.Release|x64.ActiveCfg = Release|Any CPU
		{86D40C28-971C-4510-AA09-19BB97F034E0}.Release|x64.Build.0 = Release|Any CPU
		{86D40C28-971C-4510-AA09-19BB97F034E0}.Release|x86.ActiveCfg = Release|Any CPU
		{86D40C28-971C-4510-AA09-19BB97F034E0}.Release|x86.Build.0 = Release|Any CPU
		{86D40C28-971C-4510-AA09-19BB97F034E0}.Test|Any CPU.ActiveCfg = Debug|Any CPU
		{86D40C28-971C-4510-AA09-19BB97F034E0}.Test|Any CPU.Build.0 = Debug|Any CPU
		{86D40C28-971C-4510-AA09-19BB97F034E0}.Test|x64.ActiveCfg = Release|Any CPU
		{86D40C28-971C-4510-AA09-19BB97F034E0}.Test|x64.Build.0 = Release|Any CPU
		{86D40C28-971C-4510-AA09-19BB97F034E0}.Test|x86.ActiveCfg = Release|Any CPU
		{86D40C28-971C-4510-AA09-19BB97F034E0}.Test|x86.Build.0 = Release|Any CPU
		{6B3C8ED0-A3C5-4F46-92B8-90C5965D8B7A}.Debug|Any CPU.ActiveCfg = Debug|Any CPU
		{6B3C8ED0-A3C5-4F46-92B8-90C5965D8B7A}.Debug|Any CPU.Build.0 = Debug|Any CPU
		{6B3C8ED0-A3C5-4F46-92B8-90C5965D8B7A}.Debug|x64.ActiveCfg = Debug|Any CPU
		{6B3C8ED0-A3C5-4F46-92B8-90C5965D8B7A}.Debug|x64.Build.0 = Debug|Any CPU
		{6B3C8ED0-A3C5-4F46-92B8-90C5965D8B7A}.Debug|x86.ActiveCfg = Debug|x86
		{6B3C8ED0-A3C5-4F46-92B8-90C5965D8B7A}.Debug|x86.Build.0 = Debug|x86
		{6B3C8ED0-A3C5-4F46-92B8-90C5965D8B7A}.Release|Any CPU.ActiveCfg = Release|Any CPU
		{6B3C8ED0-A3C5-4F46-92B8-90C5965D8B7A}.Release|Any CPU.Build.0 = Release|Any CPU
		{6B3C8ED0-A3C5-4F46-92B8-90C5965D8B7A}.Release|x64.ActiveCfg = Release|Any CPU
		{6B3C8ED0-A3C5-4F46-92B8-90C5965D8B7A}.Release|x64.Build.0 = Release|Any CPU
		{6B3C8ED0-A3C5-4F46-92B8-90C5965D8B7A}.Release|x86.ActiveCfg = Release|x86
		{6B3C8ED0-A3C5-4F46-92B8-90C5965D8B7A}.Release|x86.Build.0 = Release|x86
		{6B3C8ED0-A3C5-4F46-92B8-90C5965D8B7A}.Test|Any CPU.ActiveCfg = Debug|Any CPU
		{6B3C8ED0-A3C5-4F46-92B8-90C5965D8B7A}.Test|Any CPU.Build.0 = Debug|Any CPU
		{6B3C8ED0-A3C5-4F46-92B8-90C5965D8B7A}.Test|x64.ActiveCfg = Release|Any CPU
		{6B3C8ED0-A3C5-4F46-92B8-90C5965D8B7A}.Test|x64.Build.0 = Release|Any CPU
		{6B3C8ED0-A3C5-4F46-92B8-90C5965D8B7A}.Test|x86.ActiveCfg = Release|x86
		{6B3C8ED0-A3C5-4F46-92B8-90C5965D8B7A}.Test|x86.Build.0 = Release|x86
	EndGlobalSection
	GlobalSection(SolutionProperties) = preSolution
		HideSolutionNode = FALSE
	EndGlobalSection
	GlobalSection(NestedProjects) = preSolution
		{780626AD-ABF2-488A-8183-FAD28A5F6383} = {35139CB3-610E-4922-98AD-08A5D12BFC35}
		{790BEE0B-6DBB-4CDD-8090-6C29E463886D} = {DCF86D54-CF96-4C69-9385-7AA62B399104}
		{FF847696-F8DF-4D2A-BFDF-D29529A36D21} = {E72ACEC5-2011-41C7-9A48-34F073D1AEE2}
		{33011B49-D82E-4943-AB71-FB925B422105} = {35139CB3-610E-4922-98AD-08A5D12BFC35}
		{4FE3117E-F860-4603-A79B-7463531F9AE2} = {35139CB3-610E-4922-98AD-08A5D12BFC35}
		{DCB4B78A-E92F-4246-818F-53C98A23783C} = {E72ACEC5-2011-41C7-9A48-34F073D1AEE2}
		{FDC9A3F1-A2EC-4E44-9093-BE0EE1C17093} = {E72ACEC5-2011-41C7-9A48-34F073D1AEE2}
		{11DDFA44-4964-4276-88D3-49977CCB2FB0} = {FDC9A3F1-A2EC-4E44-9093-BE0EE1C17093}
		{86D40C28-971C-4510-AA09-19BB97F034E0} = {E72ACEC5-2011-41C7-9A48-34F073D1AEE2}
		{6B3C8ED0-A3C5-4F46-92B8-90C5965D8B7A} = {E72ACEC5-2011-41C7-9A48-34F073D1AEE2}
	EndGlobalSection
EndGlobal
