
Microsoft Visual Studio Solution File, Format Version 12.00
# Visual Studio 15
VisualStudioVersion = 15.0.26206.0
MinimumVisualStudioVersion = 10.0.40219.1
Project("{9A19103F-16F7-4668-BE54-9A1E7A4F7556}") = "Senparc.Weixin.MP.Sample", "Senparc.Weixin.MP.Sample\Senparc.Weixin.MP.Sample.csproj", "{780626AD-ABF2-488A-8183-FAD28A5F6383}"
EndProject
Project("{E53339B2-1760-4266-BCC7-CA923CBCF16C}") = "docker-compose", "docker-compose.dcproj", "{790BEE0B-6DBB-4CDD-8090-6C29E463886D}"
EndProject
Project("{2150E333-8FDC-42A3-9474-1A3956D46DE8}") = "Libraires", "Libraires", "{E72ACEC5-2011-41C7-9A48-34F073D1AEE2}"
EndProject
Project("{2150E333-8FDC-42A3-9474-1A3956D46DE8}") = "Sample", "Sample", "{35139CB3-610E-4922-98AD-08A5D12BFC35}"
EndProject
Project("{2150E333-8FDC-42A3-9474-1A3956D46DE8}") = "Tests", "Tests", "{FC72CA5A-5DE9-4902-A5AA-00344FA68B37}"
EndProject
Project("{2150E333-8FDC-42A3-9474-1A3956D46DE8}") = "Docker", "Docker", "{DCF86D54-CF96-4C69-9385-7AA62B399104}"
EndProject
Project("{9A19103F-16F7-4668-BE54-9A1E7A4F7556}") = "Senparc.Weixin", "..\Senparc.Weixin\Senparc.Weixin\Senparc.Weixin.csproj", "{FF847696-F8DF-4D2A-BFDF-D29529A36D21}"
EndProject
Global
	GlobalSection(SolutionConfigurationPlatforms) = preSolution
		Debug|Any CPU = Debug|Any CPU
		Debug|x64 = Debug|x64
		Debug|x86 = Debug|x86
		Release|Any CPU = Release|Any CPU
		Release|x64 = Release|x64
		Release|x86 = Release|x86
		Test|Any CPU = Test|Any CPU
		Test|x64 = Test|x64
		Test|x86 = Test|x86
	EndGlobalSection
	GlobalSection(ProjectConfigurationPlatforms) = postSolution
		{780626AD-ABF2-488A-8183-FAD28A5F6383}.Debug|Any CPU.ActiveCfg = Debug|Any CPU
		{780626AD-ABF2-488A-8183-FAD28A5F6383}.Debug|Any CPU.Build.0 = Debug|Any CPU
		{780626AD-ABF2-488A-8183-FAD28A5F6383}.Debug|x64.ActiveCfg = Debug|x64
		{780626AD-ABF2-488A-8183-FAD28A5F6383}.Debug|x64.Build.0 = Debug|x64
		{780626AD-ABF2-488A-8183-FAD28A5F6383}.Debug|x86.ActiveCfg = Debug|x86
		{780626AD-ABF2-488A-8183-FAD28A5F6383}.Debug|x86.Build.0 = Debug|x86
		{780626AD-ABF2-488A-8183-FAD28A5F6383}.Release|Any CPU.ActiveCfg = Release|Any CPU
		{780626AD-ABF2-488A-8183-FAD28A5F6383}.Release|Any CPU.Build.0 = Release|Any CPU
		{780626AD-ABF2-488A-8183-FAD28A5F6383}.Release|x64.ActiveCfg = Release|x64
		{780626AD-ABF2-488A-8183-FAD28A5F6383}.Release|x64.Build.0 = Release|x64
		{780626AD-ABF2-488A-8183-FAD28A5F6383}.Release|x86.ActiveCfg = Release|x86
		{780626AD-ABF2-488A-8183-FAD28A5F6383}.Release|x86.Build.0 = Release|x86
		{780626AD-ABF2-488A-8183-FAD28A5F6383}.Test|Any CPU.ActiveCfg = Release|Any CPU
		{780626AD-ABF2-488A-8183-FAD28A5F6383}.Test|Any CPU.Build.0 = Release|Any CPU
		{780626AD-ABF2-488A-8183-FAD28A5F6383}.Test|x64.ActiveCfg = Release|x64
		{780626AD-ABF2-488A-8183-FAD28A5F6383}.Test|x64.Build.0 = Release|x64
		{780626AD-ABF2-488A-8183-FAD28A5F6383}.Test|x86.ActiveCfg = Release|x86
		{780626AD-ABF2-488A-8183-FAD28A5F6383}.Test|x86.Build.0 = Release|x86
		{790BEE0B-6DBB-4CDD-8090-6C29E463886D}.Debug|Any CPU.ActiveCfg = Debug|Any CPU
		{790BEE0B-6DBB-4CDD-8090-6C29E463886D}.Debug|Any CPU.Build.0 = Debug|Any CPU
		{790BEE0B-6DBB-4CDD-8090-6C29E463886D}.Debug|x64.ActiveCfg = Debug|Any CPU
		{790BEE0B-6DBB-4CDD-8090-6C29E463886D}.Debug|x64.Build.0 = Debug|Any CPU
		{790BEE0B-6DBB-4CDD-8090-6C29E463886D}.Debug|x86.ActiveCfg = Debug|Any CPU
		{790BEE0B-6DBB-4CDD-8090-6C29E463886D}.Debug|x86.Build.0 = Debug|Any CPU
		{790BEE0B-6DBB-4CDD-8090-6C29E463886D}.Release|Any CPU.ActiveCfg = Release|Any CPU
		{790BEE0B-6DBB-4CDD-8090-6C29E463886D}.Release|Any CPU.Build.0 = Release|Any CPU
		{790BEE0B-6DBB-4CDD-8090-6C29E463886D}.Release|x64.ActiveCfg = Release|Any CPU
		{790BEE0B-6DBB-4CDD-8090-6C29E463886D}.Release|x64.Build.0 = Release|Any CPU
		{790BEE0B-6DBB-4CDD-8090-6C29E463886D}.Release|x86.ActiveCfg = Release|Any CPU
		{790BEE0B-6DBB-4CDD-8090-6C29E463886D}.Release|x86.Build.0 = Release|Any CPU
		{790BEE0B-6DBB-4CDD-8090-6C29E463886D}.Test|Any CPU.ActiveCfg = Release|Any CPU
		{790BEE0B-6DBB-4CDD-8090-6C29E463886D}.Test|Any CPU.Build.0 = Release|Any CPU
		{790BEE0B-6DBB-4CDD-8090-6C29E463886D}.Test|x64.ActiveCfg = Release|Any CPU
		{790BEE0B-6DBB-4CDD-8090-6C29E463886D}.Test|x64.Build.0 = Release|Any CPU
		{790BEE0B-6DBB-4CDD-8090-6C29E463886D}.Test|x86.ActiveCfg = Release|Any CPU
		{790BEE0B-6DBB-4CDD-8090-6C29E463886D}.Test|x86.Build.0 = Release|Any CPU
		{FF847696-F8DF-4D2A-BFDF-D29529A36D21}.Debug|Any CPU.ActiveCfg = Debug|Any CPU
		{FF847696-F8DF-4D2A-BFDF-D29529A36D21}.Debug|Any CPU.Build.0 = Debug|Any CPU
		{FF847696-F8DF-4D2A-BFDF-D29529A36D21}.Debug|x64.ActiveCfg = Debug|x64
		{FF847696-F8DF-4D2A-BFDF-D29529A36D21}.Debug|x64.Build.0 = Debug|x64
		{FF847696-F8DF-4D2A-BFDF-D29529A36D21}.Debug|x86.ActiveCfg = Debug|x86
		{FF847696-F8DF-4D2A-BFDF-D29529A36D21}.Debug|x86.Build.0 = Debug|x86
		{FF847696-F8DF-4D2A-BFDF-D29529A36D21}.Release|Any CPU.ActiveCfg = Release|Any CPU
		{FF847696-F8DF-4D2A-BFDF-D29529A36D21}.Release|Any CPU.Build.0 = Release|Any CPU
		{FF847696-F8DF-4D2A-BFDF-D29529A36D21}.Release|x64.ActiveCfg = Release|x64
		{FF847696-F8DF-4D2A-BFDF-D29529A36D21}.Release|x64.Build.0 = Release|x64
		{FF847696-F8DF-4D2A-BFDF-D29529A36D21}.Release|x86.ActiveCfg = Release|x86
		{FF847696-F8DF-4D2A-BFDF-D29529A36D21}.Release|x86.Build.0 = Release|x86
		{FF847696-F8DF-4D2A-BFDF-D29529A36D21}.Test|Any CPU.ActiveCfg = Debug|Any CPU
		{FF847696-F8DF-4D2A-BFDF-D29529A36D21}.Test|Any CPU.Build.0 = Debug|Any CPU
		{FF847696-F8DF-4D2A-BFDF-D29529A36D21}.Test|x64.ActiveCfg = Release|x64
		{FF847696-F8DF-4D2A-BFDF-D29529A36D21}.Test|x64.Build.0 = Release|x64
		{FF847696-F8DF-4D2A-BFDF-D29529A36D21}.Test|x86.ActiveCfg = Release|x86
		{FF847696-F8DF-4D2A-BFDF-D29529A36D21}.Test|x86.Build.0 = Release|x86
	EndGlobalSection
	GlobalSection(SolutionProperties) = preSolution
		HideSolutionNode = FALSE
	EndGlobalSection
	GlobalSection(NestedProjects) = preSolution
		{780626AD-ABF2-488A-8183-FAD28A5F6383} = {35139CB3-610E-4922-98AD-08A5D12BFC35}
		{790BEE0B-6DBB-4CDD-8090-6C29E463886D} = {DCF86D54-CF96-4C69-9385-7AA62B399104}
		{FF847696-F8DF-4D2A-BFDF-D29529A36D21} = {E72ACEC5-2011-41C7-9A48-34F073D1AEE2}
	EndGlobalSection
EndGlobal
