
Microsoft Visual Studio Solution File, Format Version 12.00
# Visual Studio 15
VisualStudioVersion = 15.0.28307.168
MinimumVisualStudioVersion = 10.0.40219.1
Project("{FAE04EC0-301F-11D3-BF4B-00C04F79EFBC}") = "Senparc.Weixin.MP.Sample.Console", "Senparc.Weixin.MP.Sample.Console\Senparc.Weixin.MP.Sample.Console.csproj", "{43ADBD23-DAA1-4559-A596-5B136532D233}"
EndProject
Project("{2150E333-8FDC-42A3-9474-1A3956D46DE8}") = "Libraires", "Libraires", "{A59D9232-4FCA-4326-8161-A9EF14245790}"
EndProject
Global
	GlobalSection(SolutionConfigurationPlatforms) = preSolution
		Debug|Any CPU = Debug|Any CPU
		Release|Any CPU = Release|Any CPU
	EndGlobalSection
	GlobalSection(ProjectConfigurationPlatforms) = postSolution
		{43ADBD23-DAA1-4559-A596-5B136532D233}.Debug|Any CPU.ActiveCfg = Debug|Any CPU
		{43ADBD23-DAA1-4559-A596-5B136532D233}.Debug|Any CPU.Build.0 = Debug|Any CPU
		{43ADBD23-DAA1-4559-A596-5B136532D233}.Release|Any CPU.ActiveCfg = Release|Any CPU
		{43ADBD23-DAA1-4559-A596-5B136532D233}.Release|Any CPU.Build.0 = Release|Any CPU
	EndGlobalSection
	GlobalSection(SolutionProperties) = preSolution
		HideSolutionNode = FALSE
	EndGlobalSection
	GlobalSection(ExtensibilityGlobals) = postSolution
		SolutionGuid = {6FF5C7E7-6490-4ADC-8338-3B629DC4E816}
	EndGlobalSection
EndGlobal
