
Microsoft Visual Studio Solution File, Format Version 12.00
# Visual Studio 15
VisualStudioVersion = 15.0.26114.2
MinimumVisualStudioVersion = 10.0.40219.1
Project("{FAE04EC0-301F-11D3-BF4B-00C04F79EFBC}") = "Senparc.Weixin.MP", "Senparc.Weixin.MP.csproj", "{62AB77CB-2FC2-4C9D-BAD6-608F19DE7D11}"
EndProject
Project("{8BB2217D-0F2D-49D1-97BC-3654ED321F3B}") = "Senparc.Weixin", "..\..\Senparc.Weixin\Senparc.Weixin\Senparc.Weixin.xproj", "{D44A38D5-6CDE-4E29-8848-235733261CF2}"
EndProject
Global
	GlobalSection(SolutionConfigurationPlatforms) = preSolution
		Debug|Any CPU = Debug|Any CPU
		Release|Any CPU = Release|Any CPU
	EndGlobalSection
	GlobalSection(ProjectConfigurationPlatforms) = postSolution
		{62AB77CB-2FC2-4C9D-BAD6-608F19DE7D11}.Debug|Any CPU.ActiveCfg = Debug|Any CPU
		{62AB77CB-2FC2-4C9D-BAD6-608F19DE7D11}.Debug|Any CPU.Build.0 = Debug|Any CPU
		{62AB77CB-2FC2-4C9D-BAD6-608F19DE7D11}.Release|Any CPU.ActiveCfg = Release|Any CPU
		{62AB77CB-2FC2-4C9D-BAD6-608F19DE7D11}.Release|Any CPU.Build.0 = Release|Any CPU
		{D44A38D5-6CDE-4E29-8848-235733261CF2}.Debug|Any CPU.ActiveCfg = Debug|Any CPU
		{D44A38D5-6CDE-4E29-8848-235733261CF2}.Debug|Any CPU.Build.0 = Debug|Any CPU
		{D44A38D5-6CDE-4E29-8848-235733261CF2}.Release|Any CPU.ActiveCfg = Release|Any CPU
		{D44A38D5-6CDE-4E29-8848-235733261CF2}.Release|Any CPU.Build.0 = Release|Any CPU
	EndGlobalSection
	GlobalSection(SolutionProperties) = preSolution
		HideSolutionNode = FALSE
	EndGlobalSection
EndGlobal
