
Microsoft Visual Studio Solution File, Format Version 12.00
# Visual Studio Version 17
VisualStudioVersion = 17.0.31521.260
MinimumVisualStudioVersion = 10.0.40219.1
Project("{2150E333-8FDC-42A3-9474-1A3956D46DE8}") = "Libraries", "Libraries", "{E72ACEC5-2011-41C7-9A48-34F073D1AEE2}"
EndProject
Project("{2150E333-8FDC-42A3-9474-1A3956D46DE8}") = "Samples.net6", "Samples.net6", "{35139CB3-610E-4922-98AD-08A5D12BFC35}"
EndProject
Project("{2150E333-8FDC-42A3-9474-1A3956D46DE8}") = "Tests", "Tests", "{FC72CA5A-5DE9-4902-A5AA-00344FA68B37}"
EndProject
Project("{2150E333-8FDC-42A3-9474-1A3956D46DE8}") = "Docker", "Docker", "{DCF86D54-CF96-4C69-9385-7AA62B399104}"
EndProject
Project("{2150E333-8FDC-42A3-9474-1A3956D46DE8}") = "Cache", "Cache", "{FDC9A3F1-A2EC-4E44-9093-BE0EE1C17093}"
EndProject
Project("{9A19103F-16F7-4668-BE54-9A1E7A4F7556}") = "Senparc.Weixin.Work.net6", "..\..\..\src\Senparc.Weixin.Work\Senparc.Weixin.Work\Senparc.Weixin.Work.net6.csproj", "{0F0FC7C9-E9DF-4814-BFC3-9F781A6E12FE}"
	ProjectSection(ProjectDependencies) = postProject
		{A514FE17-476F-4D10-B28E-A7597CB93F9A} = {A514FE17-476F-4D10-B28E-A7597CB93F9A}
	EndProjectSection
EndProject
Project("{9A19103F-16F7-4668-BE54-9A1E7A4F7556}") = "Senparc.Weixin.net6", "..\..\..\src\Senparc.Weixin\Senparc.Weixin\Senparc.Weixin.net6.csproj", "{85FEFE9E-1418-48D1-9D72-9F95C7D82EA2}"
EndProject
Project("{9A19103F-16F7-4668-BE54-9A1E7A4F7556}") = "Senparc.WebSocket.net6", "..\..\..\src\Senparc.WebSocket\src\Senparc.WebSocket\Senparc.WebSocket\Senparc.WebSocket.net6.csproj", "{18AACD60-9851-46DD-ACAA-98D44B543C08}"
EndProject
Project("{9A19103F-16F7-4668-BE54-9A1E7A4F7556}") = "Senparc.Weixin.MP.net6", "..\..\..\src\Senparc.Weixin.MP\Senparc.Weixin.MP\Senparc.Weixin.MP.net6.csproj", "{6FE907A7-B306-48C6-9239-D3AABEC39B0C}"
EndProject
Project("{9A19103F-16F7-4668-BE54-9A1E7A4F7556}") = "Senparc.Weixin.MP.MvcExtension.net6", "..\..\..\src\Senparc.Weixin.MP.MvcExtension\Senparc.Weixin.MP.MvcExtension\Senparc.Weixin.MP.MvcExtension.net6.csproj", "{BB8F6709-811B-44FB-B35B-2F3401367C3E}"
EndProject
Project("{9A19103F-16F7-4668-BE54-9A1E7A4F7556}") = "Senparc.Weixin.Open.net6", "..\..\..\src\Senparc.Weixin.Open\Senparc.Weixin.Open\Senparc.Weixin.Open.net6.csproj", "{7C2BBAAE-1005-43F4-A6E9-BAD81C692AB5}"
EndProject
Project("{9A19103F-16F7-4668-BE54-9A1E7A4F7556}") = "Senparc.Weixin.WxOpen.net6", "..\..\..\src\Senparc.Weixin.WxOpen\src\Senparc.Weixin.WxOpen\Senparc.Weixin.WxOpen\Senparc.Weixin.WxOpen.net6.csproj", "{949AB111-1EB7-4805-8A11-5A4D7D416B6C}"
EndProject
Project("{9A19103F-16F7-4668-BE54-9A1E7A4F7556}") = "Senparc.Weixin.Cache.Memcached.net6", "..\..\..\src\Senparc.Weixin.Cache\Senparc.Weixin.Cache.Memcached\Senparc.Weixin.Cache.Memcached.net6.csproj", "{7B0FBF2E-47DF-4B97-B3CF-80700AB7EE11}"
EndProject
Project("{9A19103F-16F7-4668-BE54-9A1E7A4F7556}") = "Senparc.Weixin.Cache.Redis.net6", "..\..\..\src\Senparc.Weixin.Cache\Senparc.Weixin.Cache.Redis\Senparc.Weixin.Cache.Redis.net6.csproj", "{A085F16B-9455-4CC5-9B6A-1DF054D174EB}"
EndProject
Project("{9A19103F-16F7-4668-BE54-9A1E7A4F7556}") = "Senparc.Weixin.TenPay.net6", "..\..\..\src\Senparc.Weixin.TenPay\Senparc.Weixin.TenPay\Senparc.Weixin.TenPay.net6.csproj", "{1FE2AFF6-E651-441F-8F2D-6ABEE141040C}"
EndProject
Project("{9A19103F-16F7-4668-BE54-9A1E7A4F7556}") = "Senparc.Weixin.Sample.Net6", "Senparc.Weixin.Sample.Net6\Senparc.Weixin.Sample.Net6.csproj", "{EB4FCB9F-9670-4B03-9E9E-724AFF737FD4}"
EndProject
Project("{9A19103F-16F7-4668-BE54-9A1E7A4F7556}") = "Senparc.Weixin.Net6Sample.CommonService", "..\Senparc.Weixin.Sample.CommonService\Senparc.Weixin.Net6Sample.CommonService.csproj", "{EF4E5DE8-CEF7-4A3F-9686-193FF9E51A01}"
EndProject
Project("{9A19103F-16F7-4668-BE54-9A1E7A4F7556}") = "Senparc.Weixin.Cache.Redis.Tests.net6", "..\..\..\src\Senparc.Weixin.Cache\Senparc.Weixin.Cache.Redis.Tests\Senparc.Weixin.Cache.Redis.Tests.net6.csproj", "{18F88E40-DAC0-4ECC-BF09-379B197FBFCF}"
EndProject
Project("{9A19103F-16F7-4668-BE54-9A1E7A4F7556}") = "Senparc.Weixin.WxOpen.Tests.net6", "..\..\..\src\Senparc.Weixin.WxOpen\src\Senparc.Weixin.WxOpen.Tests\Senparc.Weixin.WxOpen.Tests.net6.csproj", "{6649BABD-9FFD-4C6A-AA85-50C16107FBA2}"
EndProject
Project("{9A19103F-16F7-4668-BE54-9A1E7A4F7556}") = "Senparc.Weixin.Open.Test.net6", "..\..\..\src\Senparc.Weixin.Open\Senparc.Weixin.Open.Test\Senparc.Weixin.Open.Test.net6.csproj", "{1050C2D3-7796-4C4C-ADAA-D607EE5ADBF2}"
EndProject
Project("{9A19103F-16F7-4668-BE54-9A1E7A4F7556}") = "Senparc.Weixin.TenPay.Test.net6", "..\..\..\src\Senparc.Weixin.TenPay\Senparc.Weixin.TenPay.Test\Senparc.Weixin.TenPay.Test.net6.csproj", "{FAA805A2-0FB0-4699-944B-C3246A6BC0F3}"
EndProject
Project("{9A19103F-16F7-4668-BE54-9A1E7A4F7556}") = "Senparc.Weixin.Work.Test.net6", "..\..\..\src\Senparc.Weixin.Work\Senparc.Weixin.Work.Test\Senparc.Weixin.Work.Test.net6.csproj", "{202F81F6-4B72-4B51-BCE8-7ECFF38788DC}"
EndProject
Project("{9A19103F-16F7-4668-BE54-9A1E7A4F7556}") = "Senparc.Weixin.MP.Test.net6", "..\..\..\src\Senparc.Weixin.MP\Senparc.Weixin.MP.Test\Senparc.Weixin.MP.Test.net6.csproj", "{B1165EE3-2DBB-474B-AFCA-ECAB096DAAAC}"
EndProject
Project("{9A19103F-16F7-4668-BE54-9A1E7A4F7556}") = "Senparc.WeixinTests.net6", "..\..\..\src\Senparc.Weixin.MP\Senparc.WeixinTests\Senparc.WeixinTests.net6.csproj", "{A514FE17-476F-4D10-B28E-A7597CB93F9A}"
EndProject
Project("{2150E333-8FDC-42A3-9474-1A3956D46DE8}") = "AspNet", "AspNet", "{6DDD51DD-6029-4F4B-994A-4CD3231BC5B7}"
EndProject
Project("{9A19103F-16F7-4668-BE54-9A1E7A4F7556}") = "Senparc.Weixin.AspNet.net6", "..\..\..\src\Senparc.Weixin.AspNet\Senparc.Weixin.AspNet.net6.csproj", "{DA28BAFC-D91B-4134-ABAD-946FE3A819F6}"
EndProject
Project("{9A19103F-16F7-4668-BE54-9A1E7A4F7556}") = "Senparc.Weixin.MP.Middleware.net6", "..\..\..\src\Senparc.Weixin.MP.Middleware\Senparc.Weixin.MP.Middleware.net6.csproj", "{5807522D-941B-46FA-BB1C-724AB1BD5C60}"
EndProject
Project("{9A19103F-16F7-4668-BE54-9A1E7A4F7556}") = "Senparc.Weixin.WxOpen.Middleware.net6", "..\..\..\src\Senparc.Weixin.WxOpen.Middleware\Senparc.Weixin.WxOpen.Middleware.net6.csproj", "{2AAE0D31-A5A9-4DB1-8F8D-ED1E9CEA348E}"
EndProject
Project("{9A19103F-16F7-4668-BE54-9A1E7A4F7556}") = "Senparc.Weixin.Work.Middleware.net6", "..\..\..\src\Senparc.Weixin.Work.Middleware\Senparc.Weixin.Work.Middleware.net6.csproj", "{450805AF-0AB6-4C21-9B55-2E97ABF1AA5E}"
EndProject
Project("{9A19103F-16F7-4668-BE54-9A1E7A4F7556}") = "Senparc.Weixin.Cache.CsRedis.net6", "..\..\..\src\Senparc.Weixin.Cache\Senparc.Weixin.Cache.CsRedis\Senparc.Weixin.Cache.CsRedis.net6.csproj", "{8D70DF1D-4304-401B-8C31-67A196E42020}"
EndProject
Project("{2150E333-8FDC-42A3-9474-1A3956D46DE8}") = "TenPay", "TenPay", "{334B3098-A802-4698-A145-BC6B902F31DE}"
EndProject
Project("{2150E333-8FDC-42A3-9474-1A3956D46DE8}") = "TenPayTests", "TenPayTests", "{F2B9B8FC-0D7A-4BC5-855B-D91799B311FF}"
EndProject
Project("{9A19103F-16F7-4668-BE54-9A1E7A4F7556}") = "Senparc.Weixin.TenPayV3.net6", "..\..\..\src\Senparc.Weixin.TenPay\Senparc.Weixin.TenPayV3\Senparc.Weixin.TenPayV3.net6.csproj", "{C40691EE-ECCC-4BE0-B2D3-005066B4D7D5}"
EndProject
Project("{9A19103F-16F7-4668-BE54-9A1E7A4F7556}") = "Senparc.Weixin.TenPayV3.Test.net6", "..\..\..\src\Senparc.Weixin.TenPay\Senparc.Weixin.TenPayV3.Test\Senparc.Weixin.TenPayV3.Test.net6.csproj", "{757A2C42-8B3F-4F7F-B948-7453A80267C8}"
EndProject
Project("{9A19103F-16F7-4668-BE54-9A1E7A4F7556}") = "Senparc.Weixin.Sample.MP", "..\..\MP\Senparc.Weixin.Sample.MP\Senparc.Weixin.Sample.MP.csproj", "{81A078A9-97D1-446D-88ED-87F4BB484D91}"
EndProject
Project("{2150E333-8FDC-42A3-9474-1A3956D46DE8}") = "不同模块 Samples", "不同模块 Samples", "{34CFB1D8-6025-4E93-A67F-D94DD3B9198F}"
EndProject
Project("{2150E333-8FDC-42A3-9474-1A3956D46DE8}") = "完整 Sample（进阶）", "完整 Sample（进阶）", "{1B168C93-E3E3-4939-8EDC-19CE4E041874}"
EndProject
Project("{D954291E-2A0B-460D-934E-DC6B0785DB48}") = "Senparc.Weixin.Sample.Shared", "..\..\Shared\Senparc.Weixin.Sample.Shared\Senparc.Weixin.Sample.Shared.shproj", "{9FE36012-8B32-488E-96AD-BA7CEDAEEAB8}"
EndProject
Project("{2150E333-8FDC-42A3-9474-1A3956D46DE8}") = "Common Files", "Common Files", "{20CDE085-A7B1-447E-8875-981D8C3DF535}"
	ProjectSection(SolutionItems) = preProject
		Common Files\site.css = Common Files\site.css
	EndProjectSection
EndProject
Project("{9A19103F-16F7-4668-BE54-9A1E7A4F7556}") = "Senparc.Weixin.Sample.Work", "..\..\Work\Senparc.Weixin.Sample.Work\Senparc.Weixin.Sample.Work.csproj", "{DEFD229C-0482-4924-8746-73D21B9DAB02}"
EndProject
Project("{9A19103F-16F7-4668-BE54-9A1E7A4F7556}") = "Senparc.Weixin.Sample.WxOpen", "..\..\WxOpen\Senparc.Weixin.Sample.WxOpen\Senparc.Weixin.Sample.WxOpen.csproj", "{5CDE163E-A083-418F-B70A-63F25A957666}"
EndProject
Project("{9A19103F-16F7-4668-BE54-9A1E7A4F7556}") = "Senparc.Weixin.Sample.TenPayV2", "..\..\TenPayV2\Senparc.Weixin.Sample.TenPayV2\Senparc.Weixin.Sample.TenPayV2.csproj", "{94C58964-01E0-4AA0-AF98-5851208D9755}"
EndProject
Project("{9A19103F-16F7-4668-BE54-9A1E7A4F7556}") = "Senparc.Weixin.Sample.TenPayV3", "..\..\TenPayV3\Senparc.Weixin.Sample.TenPayV3\Senparc.Weixin.Sample.TenPayV3.csproj", "{D70B89B9-27BC-45DD-A908-4282F101B409}"
EndProject
Project("{D954291E-2A0B-460D-934E-DC6B0785DB48}") = "Senparc.Weixin.Sample.Shared", "..\Senparc.Weixin.Sample.Shared\Senparc.Weixin.Sample.Shared.shproj", "{81A03BCD-B887-4A40-8867-FF6B8D61CFC3}"
EndProject
Global
	GlobalSection(SolutionConfigurationPlatforms) = preSolution
		Debug|Any CPU = Debug|Any CPU
		Debug|x64 = Debug|x64
		Debug|x86 = Debug|x86
		Release|Any CPU = Release|Any CPU
		Release|x64 = Release|x64
		Release|x86 = Release|x86
		Test|Any CPU = Test|Any CPU
		Test|x64 = Test|x64
		Test|x86 = Test|x86
	EndGlobalSection
	GlobalSection(ProjectConfigurationPlatforms) = postSolution
		{0F0FC7C9-E9DF-4814-BFC3-9F781A6E12FE}.Debug|Any CPU.ActiveCfg = Debug|Any CPU
		{0F0FC7C9-E9DF-4814-BFC3-9F781A6E12FE}.Debug|Any CPU.Build.0 = Debug|Any CPU
		{0F0FC7C9-E9DF-4814-BFC3-9F781A6E12FE}.Debug|x64.ActiveCfg = Debug|Any CPU
		{0F0FC7C9-E9DF-4814-BFC3-9F781A6E12FE}.Debug|x64.Build.0 = Debug|Any CPU
		{0F0FC7C9-E9DF-4814-BFC3-9F781A6E12FE}.Debug|x86.ActiveCfg = Debug|Any CPU
		{0F0FC7C9-E9DF-4814-BFC3-9F781A6E12FE}.Debug|x86.Build.0 = Debug|Any CPU
		{0F0FC7C9-E9DF-4814-BFC3-9F781A6E12FE}.Release|Any CPU.ActiveCfg = Release|Any CPU
		{0F0FC7C9-E9DF-4814-BFC3-9F781A6E12FE}.Release|Any CPU.Build.0 = Release|Any CPU
		{0F0FC7C9-E9DF-4814-BFC3-9F781A6E12FE}.Release|x64.ActiveCfg = Release|Any CPU
		{0F0FC7C9-E9DF-4814-BFC3-9F781A6E12FE}.Release|x64.Build.0 = Release|Any CPU
		{0F0FC7C9-E9DF-4814-BFC3-9F781A6E12FE}.Release|x86.ActiveCfg = Release|Any CPU
		{0F0FC7C9-E9DF-4814-BFC3-9F781A6E12FE}.Release|x86.Build.0 = Release|Any CPU
		{0F0FC7C9-E9DF-4814-BFC3-9F781A6E12FE}.Test|Any CPU.ActiveCfg = Debug|Any CPU
		{0F0FC7C9-E9DF-4814-BFC3-9F781A6E12FE}.Test|Any CPU.Build.0 = Debug|Any CPU
		{0F0FC7C9-E9DF-4814-BFC3-9F781A6E12FE}.Test|x64.ActiveCfg = Release|Any CPU
		{0F0FC7C9-E9DF-4814-BFC3-9F781A6E12FE}.Test|x64.Build.0 = Release|Any CPU
		{0F0FC7C9-E9DF-4814-BFC3-9F781A6E12FE}.Test|x86.ActiveCfg = Release|Any CPU
		{0F0FC7C9-E9DF-4814-BFC3-9F781A6E12FE}.Test|x86.Build.0 = Release|Any CPU
		{85FEFE9E-1418-48D1-9D72-9F95C7D82EA2}.Debug|Any CPU.ActiveCfg = Debug|Any CPU
		{85FEFE9E-1418-48D1-9D72-9F95C7D82EA2}.Debug|Any CPU.Build.0 = Debug|Any CPU
		{85FEFE9E-1418-48D1-9D72-9F95C7D82EA2}.Debug|x64.ActiveCfg = Debug|Any CPU
		{85FEFE9E-1418-48D1-9D72-9F95C7D82EA2}.Debug|x64.Build.0 = Debug|Any CPU
		{85FEFE9E-1418-48D1-9D72-9F95C7D82EA2}.Debug|x86.ActiveCfg = Debug|Any CPU
		{85FEFE9E-1418-48D1-9D72-9F95C7D82EA2}.Debug|x86.Build.0 = Debug|Any CPU
		{85FEFE9E-1418-48D1-9D72-9F95C7D82EA2}.Release|Any CPU.ActiveCfg = Release|Any CPU
		{85FEFE9E-1418-48D1-9D72-9F95C7D82EA2}.Release|Any CPU.Build.0 = Release|Any CPU
		{85FEFE9E-1418-48D1-9D72-9F95C7D82EA2}.Release|x64.ActiveCfg = Release|Any CPU
		{85FEFE9E-1418-48D1-9D72-9F95C7D82EA2}.Release|x64.Build.0 = Release|Any CPU
		{85FEFE9E-1418-48D1-9D72-9F95C7D82EA2}.Release|x86.ActiveCfg = Release|Any CPU
		{85FEFE9E-1418-48D1-9D72-9F95C7D82EA2}.Release|x86.Build.0 = Release|Any CPU
		{85FEFE9E-1418-48D1-9D72-9F95C7D82EA2}.Test|Any CPU.ActiveCfg = Debug|Any CPU
		{85FEFE9E-1418-48D1-9D72-9F95C7D82EA2}.Test|Any CPU.Build.0 = Debug|Any CPU
		{85FEFE9E-1418-48D1-9D72-9F95C7D82EA2}.Test|x64.ActiveCfg = Release|Any CPU
		{85FEFE9E-1418-48D1-9D72-9F95C7D82EA2}.Test|x64.Build.0 = Release|Any CPU
		{85FEFE9E-1418-48D1-9D72-9F95C7D82EA2}.Test|x86.ActiveCfg = Release|Any CPU
		{85FEFE9E-1418-48D1-9D72-9F95C7D82EA2}.Test|x86.Build.0 = Release|Any CPU
		{18AACD60-9851-46DD-ACAA-98D44B543C08}.Debug|Any CPU.ActiveCfg = Debug|Any CPU
		{18AACD60-9851-46DD-ACAA-98D44B543C08}.Debug|Any CPU.Build.0 = Debug|Any CPU
		{18AACD60-9851-46DD-ACAA-98D44B543C08}.Debug|x64.ActiveCfg = Debug|Any CPU
		{18AACD60-9851-46DD-ACAA-98D44B543C08}.Debug|x64.Build.0 = Debug|Any CPU
		{18AACD60-9851-46DD-ACAA-98D44B543C08}.Debug|x86.ActiveCfg = Debug|Any CPU
		{18AACD60-9851-46DD-ACAA-98D44B543C08}.Debug|x86.Build.0 = Debug|Any CPU
		{18AACD60-9851-46DD-ACAA-98D44B543C08}.Release|Any CPU.ActiveCfg = Release|Any CPU
		{18AACD60-9851-46DD-ACAA-98D44B543C08}.Release|Any CPU.Build.0 = Release|Any CPU
		{18AACD60-9851-46DD-ACAA-98D44B543C08}.Release|x64.ActiveCfg = Release|Any CPU
		{18AACD60-9851-46DD-ACAA-98D44B543C08}.Release|x64.Build.0 = Release|Any CPU
		{18AACD60-9851-46DD-ACAA-98D44B543C08}.Release|x86.ActiveCfg = Release|Any CPU
		{18AACD60-9851-46DD-ACAA-98D44B543C08}.Release|x86.Build.0 = Release|Any CPU
		{18AACD60-9851-46DD-ACAA-98D44B543C08}.Test|Any CPU.ActiveCfg = Debug|Any CPU
		{18AACD60-9851-46DD-ACAA-98D44B543C08}.Test|Any CPU.Build.0 = Debug|Any CPU
		{18AACD60-9851-46DD-ACAA-98D44B543C08}.Test|x64.ActiveCfg = Release|Any CPU
		{18AACD60-9851-46DD-ACAA-98D44B543C08}.Test|x64.Build.0 = Release|Any CPU
		{18AACD60-9851-46DD-ACAA-98D44B543C08}.Test|x86.ActiveCfg = Release|Any CPU
		{18AACD60-9851-46DD-ACAA-98D44B543C08}.Test|x86.Build.0 = Release|Any CPU
		{6FE907A7-B306-48C6-9239-D3AABEC39B0C}.Debug|Any CPU.ActiveCfg = Debug|Any CPU
		{6FE907A7-B306-48C6-9239-D3AABEC39B0C}.Debug|Any CPU.Build.0 = Debug|Any CPU
		{6FE907A7-B306-48C6-9239-D3AABEC39B0C}.Debug|x64.ActiveCfg = Debug|Any CPU
		{6FE907A7-B306-48C6-9239-D3AABEC39B0C}.Debug|x64.Build.0 = Debug|Any CPU
		{6FE907A7-B306-48C6-9239-D3AABEC39B0C}.Debug|x86.ActiveCfg = Debug|Any CPU
		{6FE907A7-B306-48C6-9239-D3AABEC39B0C}.Debug|x86.Build.0 = Debug|Any CPU
		{6FE907A7-B306-48C6-9239-D3AABEC39B0C}.Release|Any CPU.ActiveCfg = Release|Any CPU
		{6FE907A7-B306-48C6-9239-D3AABEC39B0C}.Release|Any CPU.Build.0 = Release|Any CPU
		{6FE907A7-B306-48C6-9239-D3AABEC39B0C}.Release|x64.ActiveCfg = Release|Any CPU
		{6FE907A7-B306-48C6-9239-D3AABEC39B0C}.Release|x64.Build.0 = Release|Any CPU
		{6FE907A7-B306-48C6-9239-D3AABEC39B0C}.Release|x86.ActiveCfg = Release|Any CPU
		{6FE907A7-B306-48C6-9239-D3AABEC39B0C}.Release|x86.Build.0 = Release|Any CPU
		{6FE907A7-B306-48C6-9239-D3AABEC39B0C}.Test|Any CPU.ActiveCfg = Debug|Any CPU
		{6FE907A7-B306-48C6-9239-D3AABEC39B0C}.Test|Any CPU.Build.0 = Debug|Any CPU
		{6FE907A7-B306-48C6-9239-D3AABEC39B0C}.Test|x64.ActiveCfg = Release|Any CPU
		{6FE907A7-B306-48C6-9239-D3AABEC39B0C}.Test|x64.Build.0 = Release|Any CPU
		{6FE907A7-B306-48C6-9239-D3AABEC39B0C}.Test|x86.ActiveCfg = Release|Any CPU
		{6FE907A7-B306-48C6-9239-D3AABEC39B0C}.Test|x86.Build.0 = Release|Any CPU
		{BB8F6709-811B-44FB-B35B-2F3401367C3E}.Debug|Any CPU.ActiveCfg = Debug|Any CPU
		{BB8F6709-811B-44FB-B35B-2F3401367C3E}.Debug|Any CPU.Build.0 = Debug|Any CPU
		{BB8F6709-811B-44FB-B35B-2F3401367C3E}.Debug|x64.ActiveCfg = Debug|Any CPU
		{BB8F6709-811B-44FB-B35B-2F3401367C3E}.Debug|x64.Build.0 = Debug|Any CPU
		{BB8F6709-811B-44FB-B35B-2F3401367C3E}.Debug|x86.ActiveCfg = Debug|Any CPU
		{BB8F6709-811B-44FB-B35B-2F3401367C3E}.Debug|x86.Build.0 = Debug|Any CPU
		{BB8F6709-811B-44FB-B35B-2F3401367C3E}.Release|Any CPU.ActiveCfg = Release|Any CPU
		{BB8F6709-811B-44FB-B35B-2F3401367C3E}.Release|Any CPU.Build.0 = Release|Any CPU
		{BB8F6709-811B-44FB-B35B-2F3401367C3E}.Release|x64.ActiveCfg = Release|Any CPU
		{BB8F6709-811B-44FB-B35B-2F3401367C3E}.Release|x64.Build.0 = Release|Any CPU
		{BB8F6709-811B-44FB-B35B-2F3401367C3E}.Release|x86.ActiveCfg = Release|Any CPU
		{BB8F6709-811B-44FB-B35B-2F3401367C3E}.Release|x86.Build.0 = Release|Any CPU
		{BB8F6709-811B-44FB-B35B-2F3401367C3E}.Test|Any CPU.ActiveCfg = Debug|Any CPU
		{BB8F6709-811B-44FB-B35B-2F3401367C3E}.Test|Any CPU.Build.0 = Debug|Any CPU
		{BB8F6709-811B-44FB-B35B-2F3401367C3E}.Test|x64.ActiveCfg = Release|Any CPU
		{BB8F6709-811B-44FB-B35B-2F3401367C3E}.Test|x64.Build.0 = Release|Any CPU
		{BB8F6709-811B-44FB-B35B-2F3401367C3E}.Test|x86.ActiveCfg = Release|Any CPU
		{BB8F6709-811B-44FB-B35B-2F3401367C3E}.Test|x86.Build.0 = Release|Any CPU
		{7C2BBAAE-1005-43F4-A6E9-BAD81C692AB5}.Debug|Any CPU.ActiveCfg = Debug|Any CPU
		{7C2BBAAE-1005-43F4-A6E9-BAD81C692AB5}.Debug|Any CPU.Build.0 = Debug|Any CPU
		{7C2BBAAE-1005-43F4-A6E9-BAD81C692AB5}.Debug|x64.ActiveCfg = Debug|Any CPU
		{7C2BBAAE-1005-43F4-A6E9-BAD81C692AB5}.Debug|x64.Build.0 = Debug|Any CPU
		{7C2BBAAE-1005-43F4-A6E9-BAD81C692AB5}.Debug|x86.ActiveCfg = Debug|Any CPU
		{7C2BBAAE-1005-43F4-A6E9-BAD81C692AB5}.Debug|x86.Build.0 = Debug|Any CPU
		{7C2BBAAE-1005-43F4-A6E9-BAD81C692AB5}.Release|Any CPU.ActiveCfg = Release|Any CPU
		{7C2BBAAE-1005-43F4-A6E9-BAD81C692AB5}.Release|Any CPU.Build.0 = Release|Any CPU
		{7C2BBAAE-1005-43F4-A6E9-BAD81C692AB5}.Release|x64.ActiveCfg = Release|Any CPU
		{7C2BBAAE-1005-43F4-A6E9-BAD81C692AB5}.Release|x64.Build.0 = Release|Any CPU
		{7C2BBAAE-1005-43F4-A6E9-BAD81C692AB5}.Release|x86.ActiveCfg = Release|Any CPU
		{7C2BBAAE-1005-43F4-A6E9-BAD81C692AB5}.Release|x86.Build.0 = Release|Any CPU
		{7C2BBAAE-1005-43F4-A6E9-BAD81C692AB5}.Test|Any CPU.ActiveCfg = Debug|Any CPU
		{7C2BBAAE-1005-43F4-A6E9-BAD81C692AB5}.Test|Any CPU.Build.0 = Debug|Any CPU
		{7C2BBAAE-1005-43F4-A6E9-BAD81C692AB5}.Test|x64.ActiveCfg = Release|Any CPU
		{7C2BBAAE-1005-43F4-A6E9-BAD81C692AB5}.Test|x64.Build.0 = Release|Any CPU
		{7C2BBAAE-1005-43F4-A6E9-BAD81C692AB5}.Test|x86.ActiveCfg = Release|Any CPU
		{7C2BBAAE-1005-43F4-A6E9-BAD81C692AB5}.Test|x86.Build.0 = Release|Any CPU
		{949AB111-1EB7-4805-8A11-5A4D7D416B6C}.Debug|Any CPU.ActiveCfg = Debug|Any CPU
		{949AB111-1EB7-4805-8A11-5A4D7D416B6C}.Debug|Any CPU.Build.0 = Debug|Any CPU
		{949AB111-1EB7-4805-8A11-5A4D7D416B6C}.Debug|x64.ActiveCfg = Debug|Any CPU
		{949AB111-1EB7-4805-8A11-5A4D7D416B6C}.Debug|x64.Build.0 = Debug|Any CPU
		{949AB111-1EB7-4805-8A11-5A4D7D416B6C}.Debug|x86.ActiveCfg = Debug|Any CPU
		{949AB111-1EB7-4805-8A11-5A4D7D416B6C}.Debug|x86.Build.0 = Debug|Any CPU
		{949AB111-1EB7-4805-8A11-5A4D7D416B6C}.Release|Any CPU.ActiveCfg = Release|Any CPU
		{949AB111-1EB7-4805-8A11-5A4D7D416B6C}.Release|Any CPU.Build.0 = Release|Any CPU
		{949AB111-1EB7-4805-8A11-5A4D7D416B6C}.Release|x64.ActiveCfg = Release|Any CPU
		{949AB111-1EB7-4805-8A11-5A4D7D416B6C}.Release|x64.Build.0 = Release|Any CPU
		{949AB111-1EB7-4805-8A11-5A4D7D416B6C}.Release|x86.ActiveCfg = Release|Any CPU
		{949AB111-1EB7-4805-8A11-5A4D7D416B6C}.Release|x86.Build.0 = Release|Any CPU
		{949AB111-1EB7-4805-8A11-5A4D7D416B6C}.Test|Any CPU.ActiveCfg = Debug|Any CPU
		{949AB111-1EB7-4805-8A11-5A4D7D416B6C}.Test|Any CPU.Build.0 = Debug|Any CPU
		{949AB111-1EB7-4805-8A11-5A4D7D416B6C}.Test|x64.ActiveCfg = Release|Any CPU
		{949AB111-1EB7-4805-8A11-5A4D7D416B6C}.Test|x64.Build.0 = Release|Any CPU
		{949AB111-1EB7-4805-8A11-5A4D7D416B6C}.Test|x86.ActiveCfg = Release|Any CPU
		{949AB111-1EB7-4805-8A11-5A4D7D416B6C}.Test|x86.Build.0 = Release|Any CPU
		{7B0FBF2E-47DF-4B97-B3CF-80700AB7EE11}.Debug|Any CPU.ActiveCfg = Debug|Any CPU
		{7B0FBF2E-47DF-4B97-B3CF-80700AB7EE11}.Debug|Any CPU.Build.0 = Debug|Any CPU
		{7B0FBF2E-47DF-4B97-B3CF-80700AB7EE11}.Debug|x64.ActiveCfg = Debug|Any CPU
		{7B0FBF2E-47DF-4B97-B3CF-80700AB7EE11}.Debug|x64.Build.0 = Debug|Any CPU
		{7B0FBF2E-47DF-4B97-B3CF-80700AB7EE11}.Debug|x86.ActiveCfg = Debug|Any CPU
		{7B0FBF2E-47DF-4B97-B3CF-80700AB7EE11}.Debug|x86.Build.0 = Debug|Any CPU
		{7B0FBF2E-47DF-4B97-B3CF-80700AB7EE11}.Release|Any CPU.ActiveCfg = Release|Any CPU
		{7B0FBF2E-47DF-4B97-B3CF-80700AB7EE11}.Release|Any CPU.Build.0 = Release|Any CPU
		{7B0FBF2E-47DF-4B97-B3CF-80700AB7EE11}.Release|x64.ActiveCfg = Release|Any CPU
		{7B0FBF2E-47DF-4B97-B3CF-80700AB7EE11}.Release|x64.Build.0 = Release|Any CPU
		{7B0FBF2E-47DF-4B97-B3CF-80700AB7EE11}.Release|x86.ActiveCfg = Release|Any CPU
		{7B0FBF2E-47DF-4B97-B3CF-80700AB7EE11}.Release|x86.Build.0 = Release|Any CPU
		{7B0FBF2E-47DF-4B97-B3CF-80700AB7EE11}.Test|Any CPU.ActiveCfg = Debug|Any CPU
		{7B0FBF2E-47DF-4B97-B3CF-80700AB7EE11}.Test|Any CPU.Build.0 = Debug|Any CPU
		{7B0FBF2E-47DF-4B97-B3CF-80700AB7EE11}.Test|x64.ActiveCfg = Release|Any CPU
		{7B0FBF2E-47DF-4B97-B3CF-80700AB7EE11}.Test|x64.Build.0 = Release|Any CPU
		{7B0FBF2E-47DF-4B97-B3CF-80700AB7EE11}.Test|x86.ActiveCfg = Release|Any CPU
		{7B0FBF2E-47DF-4B97-B3CF-80700AB7EE11}.Test|x86.Build.0 = Release|Any CPU
		{A085F16B-9455-4CC5-9B6A-1DF054D174EB}.Debug|Any CPU.ActiveCfg = Debug|Any CPU
		{A085F16B-9455-4CC5-9B6A-1DF054D174EB}.Debug|Any CPU.Build.0 = Debug|Any CPU
		{A085F16B-9455-4CC5-9B6A-1DF054D174EB}.Debug|x64.ActiveCfg = Debug|Any CPU
		{A085F16B-9455-4CC5-9B6A-1DF054D174EB}.Debug|x64.Build.0 = Debug|Any CPU
		{A085F16B-9455-4CC5-9B6A-1DF054D174EB}.Debug|x86.ActiveCfg = Debug|Any CPU
		{A085F16B-9455-4CC5-9B6A-1DF054D174EB}.Debug|x86.Build.0 = Debug|Any CPU
		{A085F16B-9455-4CC5-9B6A-1DF054D174EB}.Release|Any CPU.ActiveCfg = Release|Any CPU
		{A085F16B-9455-4CC5-9B6A-1DF054D174EB}.Release|Any CPU.Build.0 = Release|Any CPU
		{A085F16B-9455-4CC5-9B6A-1DF054D174EB}.Release|x64.ActiveCfg = Release|Any CPU
		{A085F16B-9455-4CC5-9B6A-1DF054D174EB}.Release|x64.Build.0 = Release|Any CPU
		{A085F16B-9455-4CC5-9B6A-1DF054D174EB}.Release|x86.ActiveCfg = Release|Any CPU
		{A085F16B-9455-4CC5-9B6A-1DF054D174EB}.Release|x86.Build.0 = Release|Any CPU
		{A085F16B-9455-4CC5-9B6A-1DF054D174EB}.Test|Any CPU.ActiveCfg = Debug|Any CPU
		{A085F16B-9455-4CC5-9B6A-1DF054D174EB}.Test|Any CPU.Build.0 = Debug|Any CPU
		{A085F16B-9455-4CC5-9B6A-1DF054D174EB}.Test|x64.ActiveCfg = Release|Any CPU
		{A085F16B-9455-4CC5-9B6A-1DF054D174EB}.Test|x64.Build.0 = Release|Any CPU
		{A085F16B-9455-4CC5-9B6A-1DF054D174EB}.Test|x86.ActiveCfg = Release|Any CPU
		{A085F16B-9455-4CC5-9B6A-1DF054D174EB}.Test|x86.Build.0 = Release|Any CPU
		{1FE2AFF6-E651-441F-8F2D-6ABEE141040C}.Debug|Any CPU.ActiveCfg = Debug|Any CPU
		{1FE2AFF6-E651-441F-8F2D-6ABEE141040C}.Debug|Any CPU.Build.0 = Debug|Any CPU
		{1FE2AFF6-E651-441F-8F2D-6ABEE141040C}.Debug|x64.ActiveCfg = Debug|Any CPU
		{1FE2AFF6-E651-441F-8F2D-6ABEE141040C}.Debug|x64.Build.0 = Debug|Any CPU
		{1FE2AFF6-E651-441F-8F2D-6ABEE141040C}.Debug|x86.ActiveCfg = Debug|Any CPU
		{1FE2AFF6-E651-441F-8F2D-6ABEE141040C}.Debug|x86.Build.0 = Debug|Any CPU
		{1FE2AFF6-E651-441F-8F2D-6ABEE141040C}.Release|Any CPU.ActiveCfg = Release|Any CPU
		{1FE2AFF6-E651-441F-8F2D-6ABEE141040C}.Release|Any CPU.Build.0 = Release|Any CPU
		{1FE2AFF6-E651-441F-8F2D-6ABEE141040C}.Release|x64.ActiveCfg = Release|Any CPU
		{1FE2AFF6-E651-441F-8F2D-6ABEE141040C}.Release|x64.Build.0 = Release|Any CPU
		{1FE2AFF6-E651-441F-8F2D-6ABEE141040C}.Release|x86.ActiveCfg = Release|Any CPU
		{1FE2AFF6-E651-441F-8F2D-6ABEE141040C}.Release|x86.Build.0 = Release|Any CPU
		{1FE2AFF6-E651-441F-8F2D-6ABEE141040C}.Test|Any CPU.ActiveCfg = Release|Any CPU
		{1FE2AFF6-E651-441F-8F2D-6ABEE141040C}.Test|Any CPU.Build.0 = Release|Any CPU
		{1FE2AFF6-E651-441F-8F2D-6ABEE141040C}.Test|x64.ActiveCfg = Release|Any CPU
		{1FE2AFF6-E651-441F-8F2D-6ABEE141040C}.Test|x64.Build.0 = Release|Any CPU
		{1FE2AFF6-E651-441F-8F2D-6ABEE141040C}.Test|x86.ActiveCfg = Release|Any CPU
		{1FE2AFF6-E651-441F-8F2D-6ABEE141040C}.Test|x86.Build.0 = Release|Any CPU
		{EB4FCB9F-9670-4B03-9E9E-724AFF737FD4}.Debug|Any CPU.ActiveCfg = Debug|Any CPU
		{EB4FCB9F-9670-4B03-9E9E-724AFF737FD4}.Debug|Any CPU.Build.0 = Debug|Any CPU
		{EB4FCB9F-9670-4B03-9E9E-724AFF737FD4}.Debug|x64.ActiveCfg = Debug|Any CPU
		{EB4FCB9F-9670-4B03-9E9E-724AFF737FD4}.Debug|x64.Build.0 = Debug|Any CPU
		{EB4FCB9F-9670-4B03-9E9E-724AFF737FD4}.Debug|x86.ActiveCfg = Debug|Any CPU
		{EB4FCB9F-9670-4B03-9E9E-724AFF737FD4}.Debug|x86.Build.0 = Debug|Any CPU
		{EB4FCB9F-9670-4B03-9E9E-724AFF737FD4}.Release|Any CPU.ActiveCfg = Release|Any CPU
		{EB4FCB9F-9670-4B03-9E9E-724AFF737FD4}.Release|Any CPU.Build.0 = Release|Any CPU
		{EB4FCB9F-9670-4B03-9E9E-724AFF737FD4}.Release|x64.ActiveCfg = Release|Any CPU
		{EB4FCB9F-9670-4B03-9E9E-724AFF737FD4}.Release|x64.Build.0 = Release|Any CPU
		{EB4FCB9F-9670-4B03-9E9E-724AFF737FD4}.Release|x86.ActiveCfg = Release|Any CPU
		{EB4FCB9F-9670-4B03-9E9E-724AFF737FD4}.Release|x86.Build.0 = Release|Any CPU
		{EB4FCB9F-9670-4B03-9E9E-724AFF737FD4}.Test|Any CPU.ActiveCfg = Debug|Any CPU
		{EB4FCB9F-9670-4B03-9E9E-724AFF737FD4}.Test|Any CPU.Build.0 = Debug|Any CPU
		{EB4FCB9F-9670-4B03-9E9E-724AFF737FD4}.Test|x64.ActiveCfg = Debug|Any CPU
		{EB4FCB9F-9670-4B03-9E9E-724AFF737FD4}.Test|x64.Build.0 = Debug|Any CPU
		{EB4FCB9F-9670-4B03-9E9E-724AFF737FD4}.Test|x86.ActiveCfg = Debug|Any CPU
		{EB4FCB9F-9670-4B03-9E9E-724AFF737FD4}.Test|x86.Build.0 = Debug|Any CPU
		{EF4E5DE8-CEF7-4A3F-9686-193FF9E51A01}.Debug|Any CPU.ActiveCfg = Debug|Any CPU
		{EF4E5DE8-CEF7-4A3F-9686-193FF9E51A01}.Debug|Any CPU.Build.0 = Debug|Any CPU
		{EF4E5DE8-CEF7-4A3F-9686-193FF9E51A01}.Debug|x64.ActiveCfg = Debug|Any CPU
		{EF4E5DE8-CEF7-4A3F-9686-193FF9E51A01}.Debug|x64.Build.0 = Debug|Any CPU
		{EF4E5DE8-CEF7-4A3F-9686-193FF9E51A01}.Debug|x86.ActiveCfg = Debug|Any CPU
		{EF4E5DE8-CEF7-4A3F-9686-193FF9E51A01}.Debug|x86.Build.0 = Debug|Any CPU
		{EF4E5DE8-CEF7-4A3F-9686-193FF9E51A01}.Release|Any CPU.ActiveCfg = Release|Any CPU
		{EF4E5DE8-CEF7-4A3F-9686-193FF9E51A01}.Release|Any CPU.Build.0 = Release|Any CPU
		{EF4E5DE8-CEF7-4A3F-9686-193FF9E51A01}.Release|x64.ActiveCfg = Release|Any CPU
		{EF4E5DE8-CEF7-4A3F-9686-193FF9E51A01}.Release|x64.Build.0 = Release|Any CPU
		{EF4E5DE8-CEF7-4A3F-9686-193FF9E51A01}.Release|x86.ActiveCfg = Release|Any CPU
		{EF4E5DE8-CEF7-4A3F-9686-193FF9E51A01}.Release|x86.Build.0 = Release|Any CPU
		{EF4E5DE8-CEF7-4A3F-9686-193FF9E51A01}.Test|Any CPU.ActiveCfg = Debug|Any CPU
		{EF4E5DE8-CEF7-4A3F-9686-193FF9E51A01}.Test|Any CPU.Build.0 = Debug|Any CPU
		{EF4E5DE8-CEF7-4A3F-9686-193FF9E51A01}.Test|x64.ActiveCfg = Debug|Any CPU
		{EF4E5DE8-CEF7-4A3F-9686-193FF9E51A01}.Test|x64.Build.0 = Debug|Any CPU
		{EF4E5DE8-CEF7-4A3F-9686-193FF9E51A01}.Test|x86.ActiveCfg = Debug|Any CPU
		{EF4E5DE8-CEF7-4A3F-9686-193FF9E51A01}.Test|x86.Build.0 = Debug|Any CPU
		{18F88E40-DAC0-4ECC-BF09-379B197FBFCF}.Debug|Any CPU.ActiveCfg = Debug|Any CPU
		{18F88E40-DAC0-4ECC-BF09-379B197FBFCF}.Debug|x64.ActiveCfg = Debug|Any CPU
		{18F88E40-DAC0-4ECC-BF09-379B197FBFCF}.Debug|x64.Build.0 = Debug|Any CPU
		{18F88E40-DAC0-4ECC-BF09-379B197FBFCF}.Debug|x86.ActiveCfg = Debug|Any CPU
		{18F88E40-DAC0-4ECC-BF09-379B197FBFCF}.Debug|x86.Build.0 = Debug|Any CPU
		{18F88E40-DAC0-4ECC-BF09-379B197FBFCF}.Release|Any CPU.ActiveCfg = Release|Any CPU
		{18F88E40-DAC0-4ECC-BF09-379B197FBFCF}.Release|x64.ActiveCfg = Release|Any CPU
		{18F88E40-DAC0-4ECC-BF09-379B197FBFCF}.Release|x64.Build.0 = Release|Any CPU
		{18F88E40-DAC0-4ECC-BF09-379B197FBFCF}.Release|x86.ActiveCfg = Release|Any CPU
		{18F88E40-DAC0-4ECC-BF09-379B197FBFCF}.Release|x86.Build.0 = Release|Any CPU
		{18F88E40-DAC0-4ECC-BF09-379B197FBFCF}.Test|Any CPU.ActiveCfg = Debug|Any CPU
		{18F88E40-DAC0-4ECC-BF09-379B197FBFCF}.Test|Any CPU.Build.0 = Debug|Any CPU
		{18F88E40-DAC0-4ECC-BF09-379B197FBFCF}.Test|x64.ActiveCfg = Debug|Any CPU
		{18F88E40-DAC0-4ECC-BF09-379B197FBFCF}.Test|x64.Build.0 = Debug|Any CPU
		{18F88E40-DAC0-4ECC-BF09-379B197FBFCF}.Test|x86.ActiveCfg = Debug|Any CPU
		{18F88E40-DAC0-4ECC-BF09-379B197FBFCF}.Test|x86.Build.0 = Debug|Any CPU
		{6649BABD-9FFD-4C6A-AA85-50C16107FBA2}.Debug|Any CPU.ActiveCfg = Debug|Any CPU
		{6649BABD-9FFD-4C6A-AA85-50C16107FBA2}.Debug|x64.ActiveCfg = Debug|Any CPU
		{6649BABD-9FFD-4C6A-AA85-50C16107FBA2}.Debug|x64.Build.0 = Debug|Any CPU
		{6649BABD-9FFD-4C6A-AA85-50C16107FBA2}.Debug|x86.ActiveCfg = Debug|Any CPU
		{6649BABD-9FFD-4C6A-AA85-50C16107FBA2}.Debug|x86.Build.0 = Debug|Any CPU
		{6649BABD-9FFD-4C6A-AA85-50C16107FBA2}.Release|Any CPU.ActiveCfg = Release|Any CPU
		{6649BABD-9FFD-4C6A-AA85-50C16107FBA2}.Release|x64.ActiveCfg = Release|Any CPU
		{6649BABD-9FFD-4C6A-AA85-50C16107FBA2}.Release|x64.Build.0 = Release|Any CPU
		{6649BABD-9FFD-4C6A-AA85-50C16107FBA2}.Release|x86.ActiveCfg = Release|Any CPU
		{6649BABD-9FFD-4C6A-AA85-50C16107FBA2}.Release|x86.Build.0 = Release|Any CPU
		{6649BABD-9FFD-4C6A-AA85-50C16107FBA2}.Test|Any CPU.ActiveCfg = Debug|Any CPU
		{6649BABD-9FFD-4C6A-AA85-50C16107FBA2}.Test|Any CPU.Build.0 = Debug|Any CPU
		{6649BABD-9FFD-4C6A-AA85-50C16107FBA2}.Test|x64.ActiveCfg = Debug|Any CPU
		{6649BABD-9FFD-4C6A-AA85-50C16107FBA2}.Test|x64.Build.0 = Debug|Any CPU
		{6649BABD-9FFD-4C6A-AA85-50C16107FBA2}.Test|x86.ActiveCfg = Debug|Any CPU
		{6649BABD-9FFD-4C6A-AA85-50C16107FBA2}.Test|x86.Build.0 = Debug|Any CPU
		{1050C2D3-7796-4C4C-ADAA-D607EE5ADBF2}.Debug|Any CPU.ActiveCfg = Debug|Any CPU
		{1050C2D3-7796-4C4C-ADAA-D607EE5ADBF2}.Debug|x64.ActiveCfg = Debug|Any CPU
		{1050C2D3-7796-4C4C-ADAA-D607EE5ADBF2}.Debug|x64.Build.0 = Debug|Any CPU
		{1050C2D3-7796-4C4C-ADAA-D607EE5ADBF2}.Debug|x86.ActiveCfg = Debug|Any CPU
		{1050C2D3-7796-4C4C-ADAA-D607EE5ADBF2}.Debug|x86.Build.0 = Debug|Any CPU
		{1050C2D3-7796-4C4C-ADAA-D607EE5ADBF2}.Release|Any CPU.ActiveCfg = Release|Any CPU
		{1050C2D3-7796-4C4C-ADAA-D607EE5ADBF2}.Release|x64.ActiveCfg = Release|Any CPU
		{1050C2D3-7796-4C4C-ADAA-D607EE5ADBF2}.Release|x64.Build.0 = Release|Any CPU
		{1050C2D3-7796-4C4C-ADAA-D607EE5ADBF2}.Release|x86.ActiveCfg = Release|Any CPU
		{1050C2D3-7796-4C4C-ADAA-D607EE5ADBF2}.Release|x86.Build.0 = Release|Any CPU
		{1050C2D3-7796-4C4C-ADAA-D607EE5ADBF2}.Test|Any CPU.ActiveCfg = Debug|Any CPU
		{1050C2D3-7796-4C4C-ADAA-D607EE5ADBF2}.Test|Any CPU.Build.0 = Debug|Any CPU
		{1050C2D3-7796-4C4C-ADAA-D607EE5ADBF2}.Test|x64.ActiveCfg = Debug|Any CPU
		{1050C2D3-7796-4C4C-ADAA-D607EE5ADBF2}.Test|x64.Build.0 = Debug|Any CPU
		{1050C2D3-7796-4C4C-ADAA-D607EE5ADBF2}.Test|x86.ActiveCfg = Debug|Any CPU
		{1050C2D3-7796-4C4C-ADAA-D607EE5ADBF2}.Test|x86.Build.0 = Debug|Any CPU
		{FAA805A2-0FB0-4699-944B-C3246A6BC0F3}.Debug|Any CPU.ActiveCfg = Debug|Any CPU
		{FAA805A2-0FB0-4699-944B-C3246A6BC0F3}.Debug|x64.ActiveCfg = Debug|Any CPU
		{FAA805A2-0FB0-4699-944B-C3246A6BC0F3}.Debug|x64.Build.0 = Debug|Any CPU
		{FAA805A2-0FB0-4699-944B-C3246A6BC0F3}.Debug|x86.ActiveCfg = Debug|Any CPU
		{FAA805A2-0FB0-4699-944B-C3246A6BC0F3}.Debug|x86.Build.0 = Debug|Any CPU
		{FAA805A2-0FB0-4699-944B-C3246A6BC0F3}.Release|Any CPU.ActiveCfg = Release|Any CPU
		{FAA805A2-0FB0-4699-944B-C3246A6BC0F3}.Release|x64.ActiveCfg = Release|Any CPU
		{FAA805A2-0FB0-4699-944B-C3246A6BC0F3}.Release|x64.Build.0 = Release|Any CPU
		{FAA805A2-0FB0-4699-944B-C3246A6BC0F3}.Release|x86.ActiveCfg = Release|Any CPU
		{FAA805A2-0FB0-4699-944B-C3246A6BC0F3}.Release|x86.Build.0 = Release|Any CPU
		{FAA805A2-0FB0-4699-944B-C3246A6BC0F3}.Test|Any CPU.ActiveCfg = Debug|Any CPU
		{FAA805A2-0FB0-4699-944B-C3246A6BC0F3}.Test|Any CPU.Build.0 = Debug|Any CPU
		{FAA805A2-0FB0-4699-944B-C3246A6BC0F3}.Test|x64.ActiveCfg = Debug|Any CPU
		{FAA805A2-0FB0-4699-944B-C3246A6BC0F3}.Test|x64.Build.0 = Debug|Any CPU
		{FAA805A2-0FB0-4699-944B-C3246A6BC0F3}.Test|x86.ActiveCfg = Debug|Any CPU
		{FAA805A2-0FB0-4699-944B-C3246A6BC0F3}.Test|x86.Build.0 = Debug|Any CPU
		{202F81F6-4B72-4B51-BCE8-7ECFF38788DC}.Debug|Any CPU.ActiveCfg = Debug|Any CPU
		{202F81F6-4B72-4B51-BCE8-7ECFF38788DC}.Debug|x64.ActiveCfg = Debug|Any CPU
		{202F81F6-4B72-4B51-BCE8-7ECFF38788DC}.Debug|x64.Build.0 = Debug|Any CPU
		{202F81F6-4B72-4B51-BCE8-7ECFF38788DC}.Debug|x86.ActiveCfg = Debug|Any CPU
		{202F81F6-4B72-4B51-BCE8-7ECFF38788DC}.Debug|x86.Build.0 = Debug|Any CPU
		{202F81F6-4B72-4B51-BCE8-7ECFF38788DC}.Release|Any CPU.ActiveCfg = Release|Any CPU
		{202F81F6-4B72-4B51-BCE8-7ECFF38788DC}.Release|x64.ActiveCfg = Release|Any CPU
		{202F81F6-4B72-4B51-BCE8-7ECFF38788DC}.Release|x64.Build.0 = Release|Any CPU
		{202F81F6-4B72-4B51-BCE8-7ECFF38788DC}.Release|x86.ActiveCfg = Release|Any CPU
		{202F81F6-4B72-4B51-BCE8-7ECFF38788DC}.Release|x86.Build.0 = Release|Any CPU
		{202F81F6-4B72-4B51-BCE8-7ECFF38788DC}.Test|Any CPU.ActiveCfg = Debug|Any CPU
		{202F81F6-4B72-4B51-BCE8-7ECFF38788DC}.Test|Any CPU.Build.0 = Debug|Any CPU
		{202F81F6-4B72-4B51-BCE8-7ECFF38788DC}.Test|x64.ActiveCfg = Debug|Any CPU
		{202F81F6-4B72-4B51-BCE8-7ECFF38788DC}.Test|x64.Build.0 = Debug|Any CPU
		{202F81F6-4B72-4B51-BCE8-7ECFF38788DC}.Test|x86.ActiveCfg = Debug|Any CPU
		{202F81F6-4B72-4B51-BCE8-7ECFF38788DC}.Test|x86.Build.0 = Debug|Any CPU
		{B1165EE3-2DBB-474B-AFCA-ECAB096DAAAC}.Debug|Any CPU.ActiveCfg = Debug|Any CPU
		{B1165EE3-2DBB-474B-AFCA-ECAB096DAAAC}.Debug|x64.ActiveCfg = Debug|Any CPU
		{B1165EE3-2DBB-474B-AFCA-ECAB096DAAAC}.Debug|x64.Build.0 = Debug|Any CPU
		{B1165EE3-2DBB-474B-AFCA-ECAB096DAAAC}.Debug|x86.ActiveCfg = Debug|Any CPU
		{B1165EE3-2DBB-474B-AFCA-ECAB096DAAAC}.Debug|x86.Build.0 = Debug|Any CPU
		{B1165EE3-2DBB-474B-AFCA-ECAB096DAAAC}.Release|Any CPU.ActiveCfg = Release|Any CPU
		{B1165EE3-2DBB-474B-AFCA-ECAB096DAAAC}.Release|x64.ActiveCfg = Release|Any CPU
		{B1165EE3-2DBB-474B-AFCA-ECAB096DAAAC}.Release|x64.Build.0 = Release|Any CPU
		{B1165EE3-2DBB-474B-AFCA-ECAB096DAAAC}.Release|x86.ActiveCfg = Release|Any CPU
		{B1165EE3-2DBB-474B-AFCA-ECAB096DAAAC}.Release|x86.Build.0 = Release|Any CPU
		{B1165EE3-2DBB-474B-AFCA-ECAB096DAAAC}.Test|Any CPU.ActiveCfg = Debug|Any CPU
		{B1165EE3-2DBB-474B-AFCA-ECAB096DAAAC}.Test|Any CPU.Build.0 = Debug|Any CPU
		{B1165EE3-2DBB-474B-AFCA-ECAB096DAAAC}.Test|x64.ActiveCfg = Debug|Any CPU
		{B1165EE3-2DBB-474B-AFCA-ECAB096DAAAC}.Test|x64.Build.0 = Debug|Any CPU
		{B1165EE3-2DBB-474B-AFCA-ECAB096DAAAC}.Test|x86.ActiveCfg = Debug|Any CPU
		{B1165EE3-2DBB-474B-AFCA-ECAB096DAAAC}.Test|x86.Build.0 = Debug|Any CPU
		{A514FE17-476F-4D10-B28E-A7597CB93F9A}.Debug|Any CPU.ActiveCfg = Debug|Any CPU
		{A514FE17-476F-4D10-B28E-A7597CB93F9A}.Debug|x64.ActiveCfg = Debug|Any CPU
		{A514FE17-476F-4D10-B28E-A7597CB93F9A}.Debug|x64.Build.0 = Debug|Any CPU
		{A514FE17-476F-4D10-B28E-A7597CB93F9A}.Debug|x86.ActiveCfg = Debug|Any CPU
		{A514FE17-476F-4D10-B28E-A7597CB93F9A}.Debug|x86.Build.0 = Debug|Any CPU
		{A514FE17-476F-4D10-B28E-A7597CB93F9A}.Release|Any CPU.ActiveCfg = Release|Any CPU
		{A514FE17-476F-4D10-B28E-A7597CB93F9A}.Release|x64.ActiveCfg = Release|Any CPU
		{A514FE17-476F-4D10-B28E-A7597CB93F9A}.Release|x64.Build.0 = Release|Any CPU
		{A514FE17-476F-4D10-B28E-A7597CB93F9A}.Release|x86.ActiveCfg = Release|Any CPU
		{A514FE17-476F-4D10-B28E-A7597CB93F9A}.Release|x86.Build.0 = Release|Any CPU
		{A514FE17-476F-4D10-B28E-A7597CB93F9A}.Test|Any CPU.ActiveCfg = Debug|Any CPU
		{A514FE17-476F-4D10-B28E-A7597CB93F9A}.Test|Any CPU.Build.0 = Debug|Any CPU
		{A514FE17-476F-4D10-B28E-A7597CB93F9A}.Test|x64.ActiveCfg = Debug|Any CPU
		{A514FE17-476F-4D10-B28E-A7597CB93F9A}.Test|x64.Build.0 = Debug|Any CPU
		{A514FE17-476F-4D10-B28E-A7597CB93F9A}.Test|x86.ActiveCfg = Debug|Any CPU
		{A514FE17-476F-4D10-B28E-A7597CB93F9A}.Test|x86.Build.0 = Debug|Any CPU
		{DA28BAFC-D91B-4134-ABAD-946FE3A819F6}.Debug|Any CPU.ActiveCfg = Debug|Any CPU
		{DA28BAFC-D91B-4134-ABAD-946FE3A819F6}.Debug|Any CPU.Build.0 = Debug|Any CPU
		{DA28BAFC-D91B-4134-ABAD-946FE3A819F6}.Debug|x64.ActiveCfg = Debug|Any CPU
		{DA28BAFC-D91B-4134-ABAD-946FE3A819F6}.Debug|x64.Build.0 = Debug|Any CPU
		{DA28BAFC-D91B-4134-ABAD-946FE3A819F6}.Debug|x86.ActiveCfg = Debug|Any CPU
		{DA28BAFC-D91B-4134-ABAD-946FE3A819F6}.Debug|x86.Build.0 = Debug|Any CPU
		{DA28BAFC-D91B-4134-ABAD-946FE3A819F6}.Release|Any CPU.ActiveCfg = Release|Any CPU
		{DA28BAFC-D91B-4134-ABAD-946FE3A819F6}.Release|Any CPU.Build.0 = Release|Any CPU
		{DA28BAFC-D91B-4134-ABAD-946FE3A819F6}.Release|x64.ActiveCfg = Release|Any CPU
		{DA28BAFC-D91B-4134-ABAD-946FE3A819F6}.Release|x64.Build.0 = Release|Any CPU
		{DA28BAFC-D91B-4134-ABAD-946FE3A819F6}.Release|x86.ActiveCfg = Release|Any CPU
		{DA28BAFC-D91B-4134-ABAD-946FE3A819F6}.Release|x86.Build.0 = Release|Any CPU
		{DA28BAFC-D91B-4134-ABAD-946FE3A819F6}.Test|Any CPU.ActiveCfg = Release|Any CPU
		{DA28BAFC-D91B-4134-ABAD-946FE3A819F6}.Test|Any CPU.Build.0 = Release|Any CPU
		{DA28BAFC-D91B-4134-ABAD-946FE3A819F6}.Test|x64.ActiveCfg = Release|Any CPU
		{DA28BAFC-D91B-4134-ABAD-946FE3A819F6}.Test|x64.Build.0 = Release|Any CPU
		{DA28BAFC-D91B-4134-ABAD-946FE3A819F6}.Test|x86.ActiveCfg = Release|Any CPU
		{DA28BAFC-D91B-4134-ABAD-946FE3A819F6}.Test|x86.Build.0 = Release|Any CPU
		{5807522D-941B-46FA-BB1C-724AB1BD5C60}.Debug|Any CPU.ActiveCfg = Debug|Any CPU
		{5807522D-941B-46FA-BB1C-724AB1BD5C60}.Debug|Any CPU.Build.0 = Debug|Any CPU
		{5807522D-941B-46FA-BB1C-724AB1BD5C60}.Debug|x64.ActiveCfg = Debug|Any CPU
		{5807522D-941B-46FA-BB1C-724AB1BD5C60}.Debug|x64.Build.0 = Debug|Any CPU
		{5807522D-941B-46FA-BB1C-724AB1BD5C60}.Debug|x86.ActiveCfg = Debug|Any CPU
		{5807522D-941B-46FA-BB1C-724AB1BD5C60}.Debug|x86.Build.0 = Debug|Any CPU
		{5807522D-941B-46FA-BB1C-724AB1BD5C60}.Release|Any CPU.ActiveCfg = Release|Any CPU
		{5807522D-941B-46FA-BB1C-724AB1BD5C60}.Release|Any CPU.Build.0 = Release|Any CPU
		{5807522D-941B-46FA-BB1C-724AB1BD5C60}.Release|x64.ActiveCfg = Release|Any CPU
		{5807522D-941B-46FA-BB1C-724AB1BD5C60}.Release|x64.Build.0 = Release|Any CPU
		{5807522D-941B-46FA-BB1C-724AB1BD5C60}.Release|x86.ActiveCfg = Release|Any CPU
		{5807522D-941B-46FA-BB1C-724AB1BD5C60}.Release|x86.Build.0 = Release|Any CPU
		{5807522D-941B-46FA-BB1C-724AB1BD5C60}.Test|Any CPU.ActiveCfg = Release|Any CPU
		{5807522D-941B-46FA-BB1C-724AB1BD5C60}.Test|Any CPU.Build.0 = Release|Any CPU
		{5807522D-941B-46FA-BB1C-724AB1BD5C60}.Test|x64.ActiveCfg = Release|Any CPU
		{5807522D-941B-46FA-BB1C-724AB1BD5C60}.Test|x64.Build.0 = Release|Any CPU
		{5807522D-941B-46FA-BB1C-724AB1BD5C60}.Test|x86.ActiveCfg = Release|Any CPU
		{5807522D-941B-46FA-BB1C-724AB1BD5C60}.Test|x86.Build.0 = Release|Any CPU
		{2AAE0D31-A5A9-4DB1-8F8D-ED1E9CEA348E}.Debug|Any CPU.ActiveCfg = Debug|Any CPU
		{2AAE0D31-A5A9-4DB1-8F8D-ED1E9CEA348E}.Debug|Any CPU.Build.0 = Debug|Any CPU
		{2AAE0D31-A5A9-4DB1-8F8D-ED1E9CEA348E}.Debug|x64.ActiveCfg = Debug|Any CPU
		{2AAE0D31-A5A9-4DB1-8F8D-ED1E9CEA348E}.Debug|x64.Build.0 = Debug|Any CPU
		{2AAE0D31-A5A9-4DB1-8F8D-ED1E9CEA348E}.Debug|x86.ActiveCfg = Debug|Any CPU
		{2AAE0D31-A5A9-4DB1-8F8D-ED1E9CEA348E}.Debug|x86.Build.0 = Debug|Any CPU
		{2AAE0D31-A5A9-4DB1-8F8D-ED1E9CEA348E}.Release|Any CPU.ActiveCfg = Release|Any CPU
		{2AAE0D31-A5A9-4DB1-8F8D-ED1E9CEA348E}.Release|Any CPU.Build.0 = Release|Any CPU
		{2AAE0D31-A5A9-4DB1-8F8D-ED1E9CEA348E}.Release|x64.ActiveCfg = Release|Any CPU
		{2AAE0D31-A5A9-4DB1-8F8D-ED1E9CEA348E}.Release|x64.Build.0 = Release|Any CPU
		{2AAE0D31-A5A9-4DB1-8F8D-ED1E9CEA348E}.Release|x86.ActiveCfg = Release|Any CPU
		{2AAE0D31-A5A9-4DB1-8F8D-ED1E9CEA348E}.Release|x86.Build.0 = Release|Any CPU
		{2AAE0D31-A5A9-4DB1-8F8D-ED1E9CEA348E}.Test|Any CPU.ActiveCfg = Release|Any CPU
		{2AAE0D31-A5A9-4DB1-8F8D-ED1E9CEA348E}.Test|Any CPU.Build.0 = Release|Any CPU
		{2AAE0D31-A5A9-4DB1-8F8D-ED1E9CEA348E}.Test|x64.ActiveCfg = Release|Any CPU
		{2AAE0D31-A5A9-4DB1-8F8D-ED1E9CEA348E}.Test|x64.Build.0 = Release|Any CPU
		{2AAE0D31-A5A9-4DB1-8F8D-ED1E9CEA348E}.Test|x86.ActiveCfg = Release|Any CPU
		{2AAE0D31-A5A9-4DB1-8F8D-ED1E9CEA348E}.Test|x86.Build.0 = Release|Any CPU
		{450805AF-0AB6-4C21-9B55-2E97ABF1AA5E}.Debug|Any CPU.ActiveCfg = Debug|Any CPU
		{450805AF-0AB6-4C21-9B55-2E97ABF1AA5E}.Debug|Any CPU.Build.0 = Debug|Any CPU
		{450805AF-0AB6-4C21-9B55-2E97ABF1AA5E}.Debug|x64.ActiveCfg = Debug|Any CPU
		{450805AF-0AB6-4C21-9B55-2E97ABF1AA5E}.Debug|x64.Build.0 = Debug|Any CPU
		{450805AF-0AB6-4C21-9B55-2E97ABF1AA5E}.Debug|x86.ActiveCfg = Debug|Any CPU
		{450805AF-0AB6-4C21-9B55-2E97ABF1AA5E}.Debug|x86.Build.0 = Debug|Any CPU
		{450805AF-0AB6-4C21-9B55-2E97ABF1AA5E}.Release|Any CPU.ActiveCfg = Release|Any CPU
		{450805AF-0AB6-4C21-9B55-2E97ABF1AA5E}.Release|Any CPU.Build.0 = Release|Any CPU
		{450805AF-0AB6-4C21-9B55-2E97ABF1AA5E}.Release|x64.ActiveCfg = Release|Any CPU
		{450805AF-0AB6-4C21-9B55-2E97ABF1AA5E}.Release|x64.Build.0 = Release|Any CPU
		{450805AF-0AB6-4C21-9B55-2E97ABF1AA5E}.Release|x86.ActiveCfg = Release|Any CPU
		{450805AF-0AB6-4C21-9B55-2E97ABF1AA5E}.Release|x86.Build.0 = Release|Any CPU
		{450805AF-0AB6-4C21-9B55-2E97ABF1AA5E}.Test|Any CPU.ActiveCfg = Release|Any CPU
		{450805AF-0AB6-4C21-9B55-2E97ABF1AA5E}.Test|Any CPU.Build.0 = Release|Any CPU
		{450805AF-0AB6-4C21-9B55-2E97ABF1AA5E}.Test|x64.ActiveCfg = Release|Any CPU
		{450805AF-0AB6-4C21-9B55-2E97ABF1AA5E}.Test|x64.Build.0 = Release|Any CPU
		{450805AF-0AB6-4C21-9B55-2E97ABF1AA5E}.Test|x86.ActiveCfg = Release|Any CPU
		{450805AF-0AB6-4C21-9B55-2E97ABF1AA5E}.Test|x86.Build.0 = Release|Any CPU
		{8D70DF1D-4304-401B-8C31-67A196E42020}.Debug|Any CPU.ActiveCfg = Debug|Any CPU
		{8D70DF1D-4304-401B-8C31-67A196E42020}.Debug|Any CPU.Build.0 = Debug|Any CPU
		{8D70DF1D-4304-401B-8C31-67A196E42020}.Debug|x64.ActiveCfg = Debug|Any CPU
		{8D70DF1D-4304-401B-8C31-67A196E42020}.Debug|x64.Build.0 = Debug|Any CPU
		{8D70DF1D-4304-401B-8C31-67A196E42020}.Debug|x86.ActiveCfg = Debug|Any CPU
		{8D70DF1D-4304-401B-8C31-67A196E42020}.Debug|x86.Build.0 = Debug|Any CPU
		{8D70DF1D-4304-401B-8C31-67A196E42020}.Release|Any CPU.ActiveCfg = Release|Any CPU
		{8D70DF1D-4304-401B-8C31-67A196E42020}.Release|Any CPU.Build.0 = Release|Any CPU
		{8D70DF1D-4304-401B-8C31-67A196E42020}.Release|x64.ActiveCfg = Release|Any CPU
		{8D70DF1D-4304-401B-8C31-67A196E42020}.Release|x64.Build.0 = Release|Any CPU
		{8D70DF1D-4304-401B-8C31-67A196E42020}.Release|x86.ActiveCfg = Release|Any CPU
		{8D70DF1D-4304-401B-8C31-67A196E42020}.Release|x86.Build.0 = Release|Any CPU
		{8D70DF1D-4304-401B-8C31-67A196E42020}.Test|Any CPU.ActiveCfg = Release|Any CPU
		{8D70DF1D-4304-401B-8C31-67A196E42020}.Test|Any CPU.Build.0 = Release|Any CPU
		{8D70DF1D-4304-401B-8C31-67A196E42020}.Test|x64.ActiveCfg = Release|Any CPU
		{8D70DF1D-4304-401B-8C31-67A196E42020}.Test|x64.Build.0 = Release|Any CPU
		{8D70DF1D-4304-401B-8C31-67A196E42020}.Test|x86.ActiveCfg = Release|Any CPU
		{8D70DF1D-4304-401B-8C31-67A196E42020}.Test|x86.Build.0 = Release|Any CPU
		{C40691EE-ECCC-4BE0-B2D3-005066B4D7D5}.Debug|Any CPU.ActiveCfg = Debug|Any CPU
		{C40691EE-ECCC-4BE0-B2D3-005066B4D7D5}.Debug|Any CPU.Build.0 = Debug|Any CPU
		{C40691EE-ECCC-4BE0-B2D3-005066B4D7D5}.Debug|x64.ActiveCfg = Debug|Any CPU
		{C40691EE-ECCC-4BE0-B2D3-005066B4D7D5}.Debug|x64.Build.0 = Debug|Any CPU
		{C40691EE-ECCC-4BE0-B2D3-005066B4D7D5}.Debug|x86.ActiveCfg = Debug|Any CPU
		{C40691EE-ECCC-4BE0-B2D3-005066B4D7D5}.Debug|x86.Build.0 = Debug|Any CPU
		{C40691EE-ECCC-4BE0-B2D3-005066B4D7D5}.Release|Any CPU.ActiveCfg = Release|Any CPU
		{C40691EE-ECCC-4BE0-B2D3-005066B4D7D5}.Release|Any CPU.Build.0 = Release|Any CPU
		{C40691EE-ECCC-4BE0-B2D3-005066B4D7D5}.Release|x64.ActiveCfg = Release|Any CPU
		{C40691EE-ECCC-4BE0-B2D3-005066B4D7D5}.Release|x64.Build.0 = Release|Any CPU
		{C40691EE-ECCC-4BE0-B2D3-005066B4D7D5}.Release|x86.ActiveCfg = Release|Any CPU
		{C40691EE-ECCC-4BE0-B2D3-005066B4D7D5}.Release|x86.Build.0 = Release|Any CPU
		{C40691EE-ECCC-4BE0-B2D3-005066B4D7D5}.Test|Any CPU.ActiveCfg = Debug|Any CPU
		{C40691EE-ECCC-4BE0-B2D3-005066B4D7D5}.Test|Any CPU.Build.0 = Debug|Any CPU
		{C40691EE-ECCC-4BE0-B2D3-005066B4D7D5}.Test|x64.ActiveCfg = Debug|Any CPU
		{C40691EE-ECCC-4BE0-B2D3-005066B4D7D5}.Test|x64.Build.0 = Debug|Any CPU
		{C40691EE-ECCC-4BE0-B2D3-005066B4D7D5}.Test|x86.ActiveCfg = Debug|Any CPU
		{C40691EE-ECCC-4BE0-B2D3-005066B4D7D5}.Test|x86.Build.0 = Debug|Any CPU
		{757A2C42-8B3F-4F7F-B948-7453A80267C8}.Debug|Any CPU.ActiveCfg = Debug|Any CPU
		{757A2C42-8B3F-4F7F-B948-7453A80267C8}.Debug|x64.ActiveCfg = Debug|Any CPU
		{757A2C42-8B3F-4F7F-B948-7453A80267C8}.Debug|x64.Build.0 = Debug|Any CPU
		{757A2C42-8B3F-4F7F-B948-7453A80267C8}.Debug|x86.ActiveCfg = Debug|Any CPU
		{757A2C42-8B3F-4F7F-B948-7453A80267C8}.Debug|x86.Build.0 = Debug|Any CPU
		{757A2C42-8B3F-4F7F-B948-7453A80267C8}.Release|Any CPU.ActiveCfg = Release|Any CPU
		{757A2C42-8B3F-4F7F-B948-7453A80267C8}.Release|x64.ActiveCfg = Release|Any CPU
		{757A2C42-8B3F-4F7F-B948-7453A80267C8}.Release|x64.Build.0 = Release|Any CPU
		{757A2C42-8B3F-4F7F-B948-7453A80267C8}.Release|x86.ActiveCfg = Release|Any CPU
		{757A2C42-8B3F-4F7F-B948-7453A80267C8}.Release|x86.Build.0 = Release|Any CPU
		{757A2C42-8B3F-4F7F-B948-7453A80267C8}.Test|Any CPU.ActiveCfg = Debug|Any CPU
		{757A2C42-8B3F-4F7F-B948-7453A80267C8}.Test|Any CPU.Build.0 = Debug|Any CPU
		{757A2C42-8B3F-4F7F-B948-7453A80267C8}.Test|x64.ActiveCfg = Debug|Any CPU
		{757A2C42-8B3F-4F7F-B948-7453A80267C8}.Test|x64.Build.0 = Debug|Any CPU
		{757A2C42-8B3F-4F7F-B948-7453A80267C8}.Test|x86.ActiveCfg = Debug|Any CPU
		{757A2C42-8B3F-4F7F-B948-7453A80267C8}.Test|x86.Build.0 = Debug|Any CPU
		{81A078A9-97D1-446D-88ED-87F4BB484D91}.Debug|Any CPU.ActiveCfg = Debug|Any CPU
		{81A078A9-97D1-446D-88ED-87F4BB484D91}.Debug|Any CPU.Build.0 = Debug|Any CPU
		{81A078A9-97D1-446D-88ED-87F4BB484D91}.Debug|x64.ActiveCfg = Debug|Any CPU
		{81A078A9-97D1-446D-88ED-87F4BB484D91}.Debug|x64.Build.0 = Debug|Any CPU
		{81A078A9-97D1-446D-88ED-87F4BB484D91}.Debug|x86.ActiveCfg = Debug|Any CPU
		{81A078A9-97D1-446D-88ED-87F4BB484D91}.Debug|x86.Build.0 = Debug|Any CPU
		{81A078A9-97D1-446D-88ED-87F4BB484D91}.Release|Any CPU.ActiveCfg = Release|Any CPU
		{81A078A9-97D1-446D-88ED-87F4BB484D91}.Release|Any CPU.Build.0 = Release|Any CPU
		{81A078A9-97D1-446D-88ED-87F4BB484D91}.Release|x64.ActiveCfg = Release|Any CPU
		{81A078A9-97D1-446D-88ED-87F4BB484D91}.Release|x64.Build.0 = Release|Any CPU
		{81A078A9-97D1-446D-88ED-87F4BB484D91}.Release|x86.ActiveCfg = Release|Any CPU
		{81A078A9-97D1-446D-88ED-87F4BB484D91}.Release|x86.Build.0 = Release|Any CPU
		{81A078A9-97D1-446D-88ED-87F4BB484D91}.Test|Any CPU.ActiveCfg = Debug|Any CPU
		{81A078A9-97D1-446D-88ED-87F4BB484D91}.Test|Any CPU.Build.0 = Debug|Any CPU
		{81A078A9-97D1-446D-88ED-87F4BB484D91}.Test|x64.ActiveCfg = Debug|Any CPU
		{81A078A9-97D1-446D-88ED-87F4BB484D91}.Test|x64.Build.0 = Debug|Any CPU
		{81A078A9-97D1-446D-88ED-87F4BB484D91}.Test|x86.ActiveCfg = Debug|Any CPU
		{81A078A9-97D1-446D-88ED-87F4BB484D91}.Test|x86.Build.0 = Debug|Any CPU
		{DEFD229C-0482-4924-8746-73D21B9DAB02}.Debug|Any CPU.ActiveCfg = Debug|Any CPU
		{DEFD229C-0482-4924-8746-73D21B9DAB02}.Debug|Any CPU.Build.0 = Debug|Any CPU
		{DEFD229C-0482-4924-8746-73D21B9DAB02}.Debug|x64.ActiveCfg = Debug|Any CPU
		{DEFD229C-0482-4924-8746-73D21B9DAB02}.Debug|x64.Build.0 = Debug|Any CPU
		{DEFD229C-0482-4924-8746-73D21B9DAB02}.Debug|x86.ActiveCfg = Debug|Any CPU
		{DEFD229C-0482-4924-8746-73D21B9DAB02}.Debug|x86.Build.0 = Debug|Any CPU
		{DEFD229C-0482-4924-8746-73D21B9DAB02}.Release|Any CPU.ActiveCfg = Release|Any CPU
		{DEFD229C-0482-4924-8746-73D21B9DAB02}.Release|Any CPU.Build.0 = Release|Any CPU
		{DEFD229C-0482-4924-8746-73D21B9DAB02}.Release|x64.ActiveCfg = Release|Any CPU
		{DEFD229C-0482-4924-8746-73D21B9DAB02}.Release|x64.Build.0 = Release|Any CPU
		{DEFD229C-0482-4924-8746-73D21B9DAB02}.Release|x86.ActiveCfg = Release|Any CPU
		{DEFD229C-0482-4924-8746-73D21B9DAB02}.Release|x86.Build.0 = Release|Any CPU
		{DEFD229C-0482-4924-8746-73D21B9DAB02}.Test|Any CPU.ActiveCfg = Debug|Any CPU
		{DEFD229C-0482-4924-8746-73D21B9DAB02}.Test|Any CPU.Build.0 = Debug|Any CPU
		{DEFD229C-0482-4924-8746-73D21B9DAB02}.Test|x64.ActiveCfg = Debug|Any CPU
		{DEFD229C-0482-4924-8746-73D21B9DAB02}.Test|x64.Build.0 = Debug|Any CPU
		{DEFD229C-0482-4924-8746-73D21B9DAB02}.Test|x86.ActiveCfg = Debug|Any CPU
		{DEFD229C-0482-4924-8746-73D21B9DAB02}.Test|x86.Build.0 = Debug|Any CPU
		{5CDE163E-A083-418F-B70A-63F25A957666}.Debug|Any CPU.ActiveCfg = Debug|Any CPU
		{5CDE163E-A083-418F-B70A-63F25A957666}.Debug|Any CPU.Build.0 = Debug|Any CPU
		{5CDE163E-A083-418F-B70A-63F25A957666}.Debug|x64.ActiveCfg = Debug|Any CPU
		{5CDE163E-A083-418F-B70A-63F25A957666}.Debug|x64.Build.0 = Debug|Any CPU
		{5CDE163E-A083-418F-B70A-63F25A957666}.Debug|x86.ActiveCfg = Debug|Any CPU
		{5CDE163E-A083-418F-B70A-63F25A957666}.Debug|x86.Build.0 = Debug|Any CPU
		{5CDE163E-A083-418F-B70A-63F25A957666}.Release|Any CPU.ActiveCfg = Release|Any CPU
		{5CDE163E-A083-418F-B70A-63F25A957666}.Release|Any CPU.Build.0 = Release|Any CPU
		{5CDE163E-A083-418F-B70A-63F25A957666}.Release|x64.ActiveCfg = Release|Any CPU
		{5CDE163E-A083-418F-B70A-63F25A957666}.Release|x64.Build.0 = Release|Any CPU
		{5CDE163E-A083-418F-B70A-63F25A957666}.Release|x86.ActiveCfg = Release|Any CPU
		{5CDE163E-A083-418F-B70A-63F25A957666}.Release|x86.Build.0 = Release|Any CPU
		{5CDE163E-A083-418F-B70A-63F25A957666}.Test|Any CPU.ActiveCfg = Debug|Any CPU
		{5CDE163E-A083-418F-B70A-63F25A957666}.Test|Any CPU.Build.0 = Debug|Any CPU
		{5CDE163E-A083-418F-B70A-63F25A957666}.Test|x64.ActiveCfg = Debug|Any CPU
		{5CDE163E-A083-418F-B70A-63F25A957666}.Test|x64.Build.0 = Debug|Any CPU
		{5CDE163E-A083-418F-B70A-63F25A957666}.Test|x86.ActiveCfg = Debug|Any CPU
		{5CDE163E-A083-418F-B70A-63F25A957666}.Test|x86.Build.0 = Debug|Any CPU
		{94C58964-01E0-4AA0-AF98-5851208D9755}.Debug|Any CPU.ActiveCfg = Debug|Any CPU
		{94C58964-01E0-4AA0-AF98-5851208D9755}.Debug|Any CPU.Build.0 = Debug|Any CPU
		{94C58964-01E0-4AA0-AF98-5851208D9755}.Debug|x64.ActiveCfg = Debug|Any CPU
		{94C58964-01E0-4AA0-AF98-5851208D9755}.Debug|x64.Build.0 = Debug|Any CPU
		{94C58964-01E0-4AA0-AF98-5851208D9755}.Debug|x86.ActiveCfg = Debug|Any CPU
		{94C58964-01E0-4AA0-AF98-5851208D9755}.Debug|x86.Build.0 = Debug|Any CPU
		{94C58964-01E0-4AA0-AF98-5851208D9755}.Release|Any CPU.ActiveCfg = Release|Any CPU
		{94C58964-01E0-4AA0-AF98-5851208D9755}.Release|Any CPU.Build.0 = Release|Any CPU
		{94C58964-01E0-4AA0-AF98-5851208D9755}.Release|x64.ActiveCfg = Release|Any CPU
		{94C58964-01E0-4AA0-AF98-5851208D9755}.Release|x64.Build.0 = Release|Any CPU
		{94C58964-01E0-4AA0-AF98-5851208D9755}.Release|x86.ActiveCfg = Release|Any CPU
		{94C58964-01E0-4AA0-AF98-5851208D9755}.Release|x86.Build.0 = Release|Any CPU
		{94C58964-01E0-4AA0-AF98-5851208D9755}.Test|Any CPU.ActiveCfg = Debug|Any CPU
		{94C58964-01E0-4AA0-AF98-5851208D9755}.Test|Any CPU.Build.0 = Debug|Any CPU
		{94C58964-01E0-4AA0-AF98-5851208D9755}.Test|x64.ActiveCfg = Debug|Any CPU
		{94C58964-01E0-4AA0-AF98-5851208D9755}.Test|x64.Build.0 = Debug|Any CPU
		{94C58964-01E0-4AA0-AF98-5851208D9755}.Test|x86.ActiveCfg = Debug|Any CPU
		{94C58964-01E0-4AA0-AF98-5851208D9755}.Test|x86.Build.0 = Debug|Any CPU
		{D70B89B9-27BC-45DD-A908-4282F101B409}.Debug|Any CPU.ActiveCfg = Debug|Any CPU
		{D70B89B9-27BC-45DD-A908-4282F101B409}.Debug|Any CPU.Build.0 = Debug|Any CPU
		{D70B89B9-27BC-45DD-A908-4282F101B409}.Debug|x64.ActiveCfg = Debug|Any CPU
		{D70B89B9-27BC-45DD-A908-4282F101B409}.Debug|x64.Build.0 = Debug|Any CPU
		{D70B89B9-27BC-45DD-A908-4282F101B409}.Debug|x86.ActiveCfg = Debug|Any CPU
		{D70B89B9-27BC-45DD-A908-4282F101B409}.Debug|x86.Build.0 = Debug|Any CPU
		{D70B89B9-27BC-45DD-A908-4282F101B409}.Release|Any CPU.ActiveCfg = Release|Any CPU
		{D70B89B9-27BC-45DD-A908-4282F101B409}.Release|Any CPU.Build.0 = Release|Any CPU
		{D70B89B9-27BC-45DD-A908-4282F101B409}.Release|x64.ActiveCfg = Release|Any CPU
		{D70B89B9-27BC-45DD-A908-4282F101B409}.Release|x64.Build.0 = Release|Any CPU
		{D70B89B9-27BC-45DD-A908-4282F101B409}.Release|x86.ActiveCfg = Release|Any CPU
		{D70B89B9-27BC-45DD-A908-4282F101B409}.Release|x86.Build.0 = Release|Any CPU
		{D70B89B9-27BC-45DD-A908-4282F101B409}.Test|Any CPU.ActiveCfg = Debug|Any CPU
		{D70B89B9-27BC-45DD-A908-4282F101B409}.Test|Any CPU.Build.0 = Debug|Any CPU
		{D70B89B9-27BC-45DD-A908-4282F101B409}.Test|x64.ActiveCfg = Debug|Any CPU
		{D70B89B9-27BC-45DD-A908-4282F101B409}.Test|x64.Build.0 = Debug|Any CPU
		{D70B89B9-27BC-45DD-A908-4282F101B409}.Test|x86.ActiveCfg = Debug|Any CPU
		{D70B89B9-27BC-45DD-A908-4282F101B409}.Test|x86.Build.0 = Debug|Any CPU
	EndGlobalSection
	GlobalSection(SolutionProperties) = preSolution
		HideSolutionNode = FALSE
	EndGlobalSection
	GlobalSection(NestedProjects) = preSolution
		{FDC9A3F1-A2EC-4E44-9093-BE0EE1C17093} = {E72ACEC5-2011-41C7-9A48-34F073D1AEE2}
		{0F0FC7C9-E9DF-4814-BFC3-9F781A6E12FE} = {E72ACEC5-2011-41C7-9A48-34F073D1AEE2}
		{85FEFE9E-1418-48D1-9D72-9F95C7D82EA2} = {E72ACEC5-2011-41C7-9A48-34F073D1AEE2}
		{18AACD60-9851-46DD-ACAA-98D44B543C08} = {E72ACEC5-2011-41C7-9A48-34F073D1AEE2}
		{6FE907A7-B306-48C6-9239-D3AABEC39B0C} = {E72ACEC5-2011-41C7-9A48-34F073D1AEE2}
		{BB8F6709-811B-44FB-B35B-2F3401367C3E} = {E72ACEC5-2011-41C7-9A48-34F073D1AEE2}
		{7C2BBAAE-1005-43F4-A6E9-BAD81C692AB5} = {E72ACEC5-2011-41C7-9A48-34F073D1AEE2}
		{949AB111-1EB7-4805-8A11-5A4D7D416B6C} = {E72ACEC5-2011-41C7-9A48-34F073D1AEE2}
		{7B0FBF2E-47DF-4B97-B3CF-80700AB7EE11} = {FDC9A3F1-A2EC-4E44-9093-BE0EE1C17093}
		{A085F16B-9455-4CC5-9B6A-1DF054D174EB} = {FDC9A3F1-A2EC-4E44-9093-BE0EE1C17093}
		{1FE2AFF6-E651-441F-8F2D-6ABEE141040C} = {334B3098-A802-4698-A145-BC6B902F31DE}
		{EB4FCB9F-9670-4B03-9E9E-724AFF737FD4} = {1B168C93-E3E3-4939-8EDC-19CE4E041874}
		{EF4E5DE8-CEF7-4A3F-9686-193FF9E51A01} = {1B168C93-E3E3-4939-8EDC-19CE4E041874}
		{18F88E40-DAC0-4ECC-BF09-379B197FBFCF} = {FC72CA5A-5DE9-4902-A5AA-00344FA68B37}
		{6649BABD-9FFD-4C6A-AA85-50C16107FBA2} = {FC72CA5A-5DE9-4902-A5AA-00344FA68B37}
		{1050C2D3-7796-4C4C-ADAA-D607EE5ADBF2} = {FC72CA5A-5DE9-4902-A5AA-00344FA68B37}
		{FAA805A2-0FB0-4699-944B-C3246A6BC0F3} = {F2B9B8FC-0D7A-4BC5-855B-D91799B311FF}
		{202F81F6-4B72-4B51-BCE8-7ECFF38788DC} = {FC72CA5A-5DE9-4902-A5AA-00344FA68B37}
		{B1165EE3-2DBB-474B-AFCA-ECAB096DAAAC} = {FC72CA5A-5DE9-4902-A5AA-00344FA68B37}
		{A514FE17-476F-4D10-B28E-A7597CB93F9A} = {FC72CA5A-5DE9-4902-A5AA-00344FA68B37}
		{6DDD51DD-6029-4F4B-994A-4CD3231BC5B7} = {E72ACEC5-2011-41C7-9A48-34F073D1AEE2}
		{DA28BAFC-D91B-4134-ABAD-946FE3A819F6} = {6DDD51DD-6029-4F4B-994A-4CD3231BC5B7}
		{5807522D-941B-46FA-BB1C-724AB1BD5C60} = {6DDD51DD-6029-4F4B-994A-4CD3231BC5B7}
		{2AAE0D31-A5A9-4DB1-8F8D-ED1E9CEA348E} = {6DDD51DD-6029-4F4B-994A-4CD3231BC5B7}
		{450805AF-0AB6-4C21-9B55-2E97ABF1AA5E} = {6DDD51DD-6029-4F4B-994A-4CD3231BC5B7}
		{8D70DF1D-4304-401B-8C31-67A196E42020} = {FDC9A3F1-A2EC-4E44-9093-BE0EE1C17093}
		{334B3098-A802-4698-A145-BC6B902F31DE} = {E72ACEC5-2011-41C7-9A48-34F073D1AEE2}
		{F2B9B8FC-0D7A-4BC5-855B-D91799B311FF} = {FC72CA5A-5DE9-4902-A5AA-00344FA68B37}
		{C40691EE-ECCC-4BE0-B2D3-005066B4D7D5} = {334B3098-A802-4698-A145-BC6B902F31DE}
		{757A2C42-8B3F-4F7F-B948-7453A80267C8} = {F2B9B8FC-0D7A-4BC5-855B-D91799B311FF}
		{81A078A9-97D1-446D-88ED-87F4BB484D91} = {34CFB1D8-6025-4E93-A67F-D94DD3B9198F}
		{34CFB1D8-6025-4E93-A67F-D94DD3B9198F} = {35139CB3-610E-4922-98AD-08A5D12BFC35}
		{1B168C93-E3E3-4939-8EDC-19CE4E041874} = {35139CB3-610E-4922-98AD-08A5D12BFC35}
		{9FE36012-8B32-488E-96AD-BA7CEDAEEAB8} = {34CFB1D8-6025-4E93-A67F-D94DD3B9198F}
		{DEFD229C-0482-4924-8746-73D21B9DAB02} = {34CFB1D8-6025-4E93-A67F-D94DD3B9198F}
		{5CDE163E-A083-418F-B70A-63F25A957666} = {34CFB1D8-6025-4E93-A67F-D94DD3B9198F}
		{94C58964-01E0-4AA0-AF98-5851208D9755} = {34CFB1D8-6025-4E93-A67F-D94DD3B9198F}
		{D70B89B9-27BC-45DD-A908-4282F101B409} = {34CFB1D8-6025-4E93-A67F-D94DD3B9198F}
		{81A03BCD-B887-4A40-8867-FF6B8D61CFC3} = {1B168C93-E3E3-4939-8EDC-19CE4E041874}
	EndGlobalSection
	GlobalSection(ExtensibilityGlobals) = postSolution
		SolutionGuid = {DC7AD3EC-AB37-497E-925B-DCD5129FE6D3}
	EndGlobalSection
	GlobalSection(SharedMSBuildProjectFiles) = preSolution
		..\..\Shared\Senparc.Weixin.Sample.Shared\Senparc.Weixin.Sample.Shared.projitems*{5cde163e-a083-418f-b70a-63f25a957666}*SharedItemsImports = 5
		..\Senparc.Weixin.Sample.Shared\Senparc.Weixin.Sample.Shared.projitems*{81a03bcd-b887-4a40-8867-ff6b8d61cfc3}*SharedItemsImports = 13
		..\..\Shared\Senparc.Weixin.Sample.Shared\Senparc.Weixin.Sample.Shared.projitems*{81a078a9-97d1-446d-88ed-87f4bb484d91}*SharedItemsImports = 5
		..\..\Shared\Senparc.Weixin.Sample.Shared\Senparc.Weixin.Sample.Shared.projitems*{94c58964-01e0-4aa0-af98-5851208d9755}*SharedItemsImports = 5
		..\..\Shared\Senparc.Weixin.Sample.Shared\Senparc.Weixin.Sample.Shared.projitems*{9fe36012-8b32-488e-96ad-ba7cedaeeab8}*SharedItemsImports = 13
		..\..\Shared\Senparc.Weixin.Sample.Shared\Senparc.Weixin.Sample.Shared.projitems*{d70b89b9-27bc-45dd-a908-4282f101b409}*SharedItemsImports = 5
		..\..\Shared\Senparc.Weixin.Sample.Shared\Senparc.Weixin.Sample.Shared.projitems*{defd229c-0482-4924-8746-73d21b9dab02}*SharedItemsImports = 5
		..\Senparc.Weixin.Sample.Shared\Senparc.Weixin.Sample.Shared.projitems*{eb4fcb9f-9670-4b03-9e9e-724aff737fd4}*SharedItemsImports = 5
	EndGlobalSection
EndGlobal
