
Microsoft Visual Studio Solution File, Format Version 12.00
# Visual Studio 15
VisualStudioVersion = 15.0.26730.12
MinimumVisualStudioVersion = 10.0.40219.1
Project("{9A19103F-16F7-4668-BE54-9A1E7A4F7556}") = "Senparc.Weixin.Cache.Redis.RedLock", "src\Senparc.Weixin.Cache.Redis.RedLock.csproj", "{EE3E4714-B671-4C07-A40F-C322B1716821}"
EndProject
Global
	GlobalSection(SolutionConfigurationPlatforms) = preSolution
		Debug|Any CPU = Debug|Any CPU
		Release|Any CPU = Release|Any CPU
	EndGlobalSection
	GlobalSection(ProjectConfigurationPlatforms) = postSolution
		{EE3E4714-B671-4C07-A40F-C322B1716821}.Debug|Any CPU.ActiveCfg = Debug|Any CPU
		{EE3E4714-B671-4C07-A40F-C322B1716821}.Debug|Any CPU.Build.0 = Debug|Any CPU
		{EE3E4714-B671-4C07-A40F-C322B1716821}.Release|Any CPU.ActiveCfg = Release|Any CPU
		{EE3E4714-B671-4C07-A40F-C322B1716821}.Release|Any CPU.Build.0 = Release|Any CPU
	EndGlobalSection
	GlobalSection(SolutionProperties) = preSolution
		HideSolutionNode = FALSE
	EndGlobalSection
	GlobalSection(ExtensibilityGlobals) = postSolution
		SolutionGuid = {991F8F0F-2097-4C56-B217-C96394703A88}
	EndGlobalSection
EndGlobal
